// !$*UTF8*$!
{
	archiveVersion = 1;
	classes = {
	};
	objectVersion = 52;
	objects = {

/* Begin PBXBuildFile section */
		1B374DDB2701D5F300DFE639 /* GoogleService-Info.plist in Resources */ = {isa = PBXBuildFile; fileRef = 1B374DDA2701D5F300DFE639 /* GoogleService-Info.plist */; };
		1B374DE027020BB700DFE639 /* FirebaseServices.swift in Sources */ = {isa = PBXBuildFile; fileRef = 1B374DDF27020BB700DFE639 /* FirebaseServices.swift */; };
		1B4ED878270F345E00290FFF /* CardPassions.swift in Sources */ = {isa = PBXBuildFile; fileRef = 1B4ED871270F345E00290FFF /* CardPassions.swift */; };
		1B4ED87D270F345E00290FFF /* LikeDislikeSuperLike.swift in Sources */ = {isa = PBXBuildFile; fileRef = 1B4ED876270F345E00290FFF /* LikeDislikeSuperLike.swift */; };
		1B58A44F27144FA800565429 /* UIImageExtension.swift in Sources */ = {isa = PBXBuildFile; fileRef = 1B58A44E27144FA800565429 /* UIImageExtension.swift */; };
		1B58A4512715E35300565429 /* ImageServices.swift in Sources */ = {isa = PBXBuildFile; fileRef = 1B58A4502715E35300565429 /* ImageServices.swift */; };
		1B72A54E270724F10074F144 /* FirestoreServices.swift in Sources */ = {isa = PBXBuildFile; fileRef = 1B72A54D270724F10074F144 /* FirestoreServices.swift */; };
		1B72A5502707274A0074F144 /* ProfileViewModel.swift in Sources */ = {isa = PBXBuildFile; fileRef = 1B72A54F2707274A0074F144 /* ProfileViewModel.swift */; };
		1B9848B7270C96DA00C2F98D /* ProfileCore+CoreDataClass.swift in Sources */ = {isa = PBXBuildFile; fileRef = 1B9848B5270C96DA00C2F98D /* ProfileCore+CoreDataClass.swift */; };
		1B9848B8270C96DA00C2F98D /* ProfileCore+CoreDataProperties.swift in Sources */ = {isa = PBXBuildFile; fileRef = 1B9848B6270C96DA00C2F98D /* ProfileCore+CoreDataProperties.swift */; };
		1BBB485427035B2F004D42A3 /* HomeView.swift in Sources */ = {isa = PBXBuildFile; fileRef = 1BBB485327035B2F004D42A3 /* HomeView.swift */; };
		1BC8BE072705CC5E00F0137E /* AddSchool.swift in Sources */ = {isa = PBXBuildFile; fileRef = 1BC8BE012705CC5D00F0137E /* AddSchool.swift */; };
		1BC8BE082705CC5E00F0137E /* SexualOrientation.swift in Sources */ = {isa = PBXBuildFile; fileRef = 1BC8BE022705CC5E00F0137E /* SexualOrientation.swift */; };
		1BC8BE092705CC5E00F0137E /* ShowMe.swift in Sources */ = {isa = PBXBuildFile; fileRef = 1BC8BE032705CC5E00F0137E /* ShowMe.swift */; };
		1BC8BE0A2705CC5E00F0137E /* IAmA.swift in Sources */ = {isa = PBXBuildFile; fileRef = 1BC8BE042705CC5E00F0137E /* IAmA.swift */; };
		1BC8BE0B2705CC5E00F0137E /* AddWork.swift in Sources */ = {isa = PBXBuildFile; fileRef = 1BC8BE052705CC5E00F0137E /* AddWork.swift */; };
		1BC8BE0C2705CC5E00F0137E /* Passions.swift in Sources */ = {isa = PBXBuildFile; fileRef = 1BC8BE062705CC5E00F0137E /* Passions.swift */; };
		1BC8BE0E2705CD7C00F0137E /* Profile.swift in Sources */ = {isa = PBXBuildFile; fileRef = 1BC8BE0D2705CD7C00F0137E /* Profile.swift */; };
		684BD1B7C189E0EEDBA471A8 /* Pods_Amore.framework in Frameworks */ = {isa = PBXBuildFile; fileRef = 5C14CAF4D2E16E20C370CD03 /* Pods_Amore.framework */; };
		E221EAAB2714F79A00769234 /* ViewRouter.swift in Sources */ = {isa = PBXBuildFile; fileRef = E221EAAA2714F79A00769234 /* ViewRouter.swift */; };
		E221EAAD2714F84F00769234 /* Helper.swift in Sources */ = {isa = PBXBuildFile; fileRef = E221EAAC2714F84F00769234 /* Helper.swift */; };
		E221EAAF2714FBDA00769234 /* UserSettings.swift in Sources */ = {isa = PBXBuildFile; fileRef = E221EAAE2714FBDA00769234 /* UserSettings.swift */; };
		E221EAB12714FD0700769234 /* LikesTopPicksHome.swift in Sources */ = {isa = PBXBuildFile; fileRef = E221EAB02714FD0700769234 /* LikesTopPicksHome.swift */; };
		E221EAB32715066000769234 /* FilterSettings.swift in Sources */ = {isa = PBXBuildFile; fileRef = E221EAB22715066000769234 /* FilterSettings.swift */; };
		E221EAB52715068800769234 /* ChannelView.swift in Sources */ = {isa = PBXBuildFile; fileRef = E221EAB42715068800769234 /* ChannelView.swift */; };
		E226CF3F2707B19800FC5129 /* LocationModel.swift in Sources */ = {isa = PBXBuildFile; fileRef = E226CF3D2707B19800FC5129 /* LocationModel.swift */; };
		E226CF402707B19800FC5129 /* LocationView.swift in Sources */ = {isa = PBXBuildFile; fileRef = E226CF3E2707B19800FC5129 /* LocationView.swift */; };
		E226CF422707D78C00FC5129 /* LocationHomeView.swift in Sources */ = {isa = PBXBuildFile; fileRef = E226CF412707D78C00FC5129 /* LocationHomeView.swift */; };
		E226CF442708ADAE00FC5129 /* LocationDenied.swift in Sources */ = {isa = PBXBuildFile; fileRef = E226CF432708ADAE00FC5129 /* LocationDenied.swift */; };
		E226CF472708C8D500FC5129 /* EnableNotifications.swift in Sources */ = {isa = PBXBuildFile; fileRef = E226CF462708C8D500FC5129 /* EnableNotifications.swift */; };
		E226CF4A2709F76800FC5129 /* AddPhotosView.swift in Sources */ = {isa = PBXBuildFile; fileRef = E226CF492709F76800FC5129 /* AddPhotosView.swift */; };
		E226CF4E2709FD9A00FC5129 /* ImagePicker.swift in Sources */ = {isa = PBXBuildFile; fileRef = E226CF4D2709FD9A00FC5129 /* ImagePicker.swift */; };
		E226CF50270A178600FC5129 /* UploadPhotoWindow.swift in Sources */ = {isa = PBXBuildFile; fileRef = E226CF4F270A178600FC5129 /* UploadPhotoWindow.swift */; };
		E226CF77270B3FEA00FC5129 /* Persistence.swift in Sources */ = {isa = PBXBuildFile; fileRef = E226CF76270B3FEA00FC5129 /* Persistence.swift */; };
		E226CF93270B910900FC5129 /* AmoreCoreDataModel.xcdatamodeld in Sources */ = {isa = PBXBuildFile; fileRef = E226CF7C270B596F00FC5129 /* AmoreCoreDataModel.xcdatamodeld */; };
		E226CF96270BA7C700FC5129 /* Item+CoreDataClass.swift in Sources */ = {isa = PBXBuildFile; fileRef = E226CF94270BA7C700FC5129 /* Item+CoreDataClass.swift */; };
		E226CF97270BA7C700FC5129 /* Item+CoreDataProperties.swift in Sources */ = {isa = PBXBuildFile; fileRef = E226CF95270BA7C700FC5129 /* Item+CoreDataProperties.swift */; };
		E234711E271BDA020006F336 /* StreamChat in Frameworks */ = {isa = PBXBuildFile; productRef = E234711D271BDA020006F336 /* StreamChat */; };
		E2347120271BE0030006F336 /* StreamViewModel.swift in Sources */ = {isa = PBXBuildFile; fileRef = E234711F271BE0030006F336 /* StreamViewModel.swift */; };
		E2347122271BE10E0006F336 /* Credentials.swift in Sources */ = {isa = PBXBuildFile; fileRef = E2347121271BE10E0006F336 /* Credentials.swift */; };
		E2347124271BFDDA0006F336 /* ChatView.swift in Sources */ = {isa = PBXBuildFile; fileRef = E2347123271BFDDA0006F336 /* ChatView.swift */; };
		E2347126271BFE390006F336 /* MessageRowView.swift in Sources */ = {isa = PBXBuildFile; fileRef = E2347125271BFE390006F336 /* MessageRowView.swift */; };
		E2347128271BFE6F0006F336 /* ChatBubble.swift in Sources */ = {isa = PBXBuildFile; fileRef = E2347127271BFE6F0006F336 /* ChatBubble.swift */; };
		E234712A271BFEDF0006F336 /* ChannelRowView.swift in Sources */ = {isa = PBXBuildFile; fileRef = E2347129271BFEDF0006F336 /* ChannelRowView.swift */; };
		E234712C271BFF360006F336 /* ChatModifiersView.swift in Sources */ = {isa = PBXBuildFile; fileRef = E234712B271BFF360006F336 /* ChatModifiersView.swift */; };
		E234712E271C967F0006F336 /* CreateNewChannel.swift in Sources */ = {isa = PBXBuildFile; fileRef = E234712D271C967F0006F336 /* CreateNewChannel.swift */; };
		E2347130271C972F0006F336 /* LoadingScreen.swift in Sources */ = {isa = PBXBuildFile; fileRef = E234712F271C972F0006F336 /* LoadingScreen.swift */; };
		E2347132271DC3A00006F336 /* TabButton.swift in Sources */ = {isa = PBXBuildFile; fileRef = E2347131271DC3A00006F336 /* TabButton.swift */; };
		E2347134271DC4C30006F336 /* Detail.swift in Sources */ = {isa = PBXBuildFile; fileRef = E2347133271DC4C30006F336 /* Detail.swift */; };
		E2347136271DC4E50006F336 /* CardView.swift in Sources */ = {isa = PBXBuildFile; fileRef = E2347135271DC4E50006F336 /* CardView.swift */; };
		E2347138271DC5320006F336 /* CustomShape.swift in Sources */ = {isa = PBXBuildFile; fileRef = E2347137271DC5320006F336 /* CustomShape.swift */; };
		E234713A271DC5640006F336 /* TopPicksProfiles.swift in Sources */ = {isa = PBXBuildFile; fileRef = E2347139271DC5640006F336 /* TopPicksProfiles.swift */; };
		E234713C271E8BDF0006F336 /* PlayGround.swift in Sources */ = {isa = PBXBuildFile; fileRef = E234713B271E8BDE0006F336 /* PlayGround.swift */; };
		E2347140271F4B5E0006F336 /* CommonContainer.swift in Sources */ = {isa = PBXBuildFile; fileRef = E234713F271F4B5D0006F336 /* CommonContainer.swift */; };
		E2347142271F4B970006F336 /* GenderSettings.swift in Sources */ = {isa = PBXBuildFile; fileRef = E2347141271F4B970006F336 /* GenderSettings.swift */; };
		E2347144271F4C090006F336 /* AgeSettings.swift in Sources */ = {isa = PBXBuildFile; fileRef = E2347143271F4C090006F336 /* AgeSettings.swift */; };
		E237CED926FD391D004F20AB /* SignUp.swift in Sources */ = {isa = PBXBuildFile; fileRef = E237CED826FD391D004F20AB /* SignUp.swift */; };
		E24A0F16271256C4001640CA /* AllCardsView.swift in Sources */ = {isa = PBXBuildFile; fileRef = E24A0F15271256C4001640CA /* AllCardsView.swift */; };
		E24A0F1827125727001640CA /* SingleCardView.swift in Sources */ = {isa = PBXBuildFile; fileRef = E24A0F1727125727001640CA /* SingleCardView.swift */; };
		E283677526F9534200EEA049 /* Sk-Modernist-Bold.otf in Resources */ = {isa = PBXBuildFile; fileRef = E283677226F9534200EEA049 /* Sk-Modernist-Bold.otf */; };
		E283677626F9534200EEA049 /* Sk-Modernist-Mono.otf in Resources */ = {isa = PBXBuildFile; fileRef = E283677326F9534200EEA049 /* Sk-Modernist-Mono.otf */; };
		E283677726F9534200EEA049 /* Sk-Modernist-Regular.otf in Resources */ = {isa = PBXBuildFile; fileRef = E283677426F9534200EEA049 /* Sk-Modernist-Regular.otf */; };
		E283677926FAA08B00EEA049 /* OnboardingCards.swift in Sources */ = {isa = PBXBuildFile; fileRef = E283677826FAA08B00EEA049 /* OnboardingCards.swift */; };
		E283677C26FAA7B700EEA049 /* Onboarding.json in Resources */ = {isa = PBXBuildFile; fileRef = E283677B26FAA7B700EEA049 /* Onboarding.json */; };
		E283677F26FAB79800EEA049 /* Onboarding.swift in Sources */ = {isa = PBXBuildFile; fileRef = E283677E26FAB79800EEA049 /* Onboarding.swift */; };
		E283678126FAB85400EEA049 /* OnboardingModel.swift in Sources */ = {isa = PBXBuildFile; fileRef = E283678026FAB85400EEA049 /* OnboardingModel.swift */; };
		E283678426FAB8C800EEA049 /* DataService.swift in Sources */ = {isa = PBXBuildFile; fileRef = E283678326FAB8C800EEA049 /* DataService.swift */; };
		E291A1E326FE3664000D8A2C /* iPhoneNumberField in Frameworks */ = {isa = PBXBuildFile; productRef = E291A1E226FE3664000D8A2C /* iPhoneNumberField */; };
		E291A1E526FE3711000D8A2C /* LoginPhoneNumber.swift in Sources */ = {isa = PBXBuildFile; fileRef = E291A1E426FE3711000D8A2C /* LoginPhoneNumber.swift */; };
		E291A1E726FE8FE6000D8A2C /* LoginOTPKeyCodeParent.swift in Sources */ = {isa = PBXBuildFile; fileRef = E291A1E626FE8FE6000D8A2C /* LoginOTPKeyCodeParent.swift */; };
		E291A1EC26FF5BF8000D8A2C /* OTPViewModel.swift in Sources */ = {isa = PBXBuildFile; fileRef = E291A1EB26FF5BF8000D8A2C /* OTPViewModel.swift */; };
		E291A1EE26FF5C06000D8A2C /* LoginOTPKeyCodeChild.swift in Sources */ = {isa = PBXBuildFile; fileRef = E291A1ED26FF5C06000D8A2C /* LoginOTPKeyCodeChild.swift */; };
		E291A1F226FF98B3000D8A2C /* BasicUserInfoForm.swift in Sources */ = {isa = PBXBuildFile; fileRef = E291A1F126FF98B3000D8A2C /* BasicUserInfoForm.swift */; };
		E298BA0E2713350900C82174 /* CardBasicInfo.swift in Sources */ = {isa = PBXBuildFile; fileRef = E298BA0D2713350900C82174 /* CardBasicInfo.swift */; };
		E298BA102713534200C82174 /* CardGalleryImages.swift in Sources */ = {isa = PBXBuildFile; fileRef = E298BA0F2713534200C82174 /* CardGalleryImages.swift */; };
		E298BA142713A85500C82174 /* ControlCenter.swift in Sources */ = {isa = PBXBuildFile; fileRef = E298BA132713A85500C82174 /* ControlCenter.swift */; };
		E2C59093270CA225001F78E7 /* ImageCropper.swift in Sources */ = {isa = PBXBuildFile; fileRef = E2C59092270CA225001F78E7 /* ImageCropper.swift */; };
		E2F8AA5126F9427F00CC7A72 /* AmoreApp.swift in Sources */ = {isa = PBXBuildFile; fileRef = E2F8AA5026F9427F00CC7A72 /* AmoreApp.swift */; };
		E2F8AA5326F9427F00CC7A72 /* ContentView.swift in Sources */ = {isa = PBXBuildFile; fileRef = E2F8AA5226F9427F00CC7A72 /* ContentView.swift */; };
		E2F8AA5526F9428100CC7A72 /* Assets.xcassets in Resources */ = {isa = PBXBuildFile; fileRef = E2F8AA5426F9428100CC7A72 /* Assets.xcassets */; };
		E2F8AA5826F9428100CC7A72 /* Preview Assets.xcassets in Resources */ = {isa = PBXBuildFile; fileRef = E2F8AA5726F9428100CC7A72 /* Preview Assets.xcassets */; };
		E2F8AA6626F948BD00CC7A72 /* Fonts.swift in Sources */ = {isa = PBXBuildFile; fileRef = E2F8AA6526F948BD00CC7A72 /* Fonts.swift */; };
		E2FE1391271A3E8A005E2BB9 /* JWTKit in Frameworks */ = {isa = PBXBuildFile; productRef = E2FE1390271A3E8A005E2BB9 /* JWTKit */; };
		E2FE1395271B661C005E2BB9 /* OnboardingAllCards.swift in Sources */ = {isa = PBXBuildFile; fileRef = E2FE1394271B661C005E2BB9 /* OnboardingAllCards.swift */; };
		E2FE1398271B67E4005E2BB9 /* LogInButtonSheet.swift in Sources */ = {isa = PBXBuildFile; fileRef = E2FE1397271B67E4005E2BB9 /* LogInButtonSheet.swift */; };
/* End PBXBuildFile section */

/* Begin PBXCopyFilesBuildPhase section */
		E237CEE626FD531F004F20AB /* Embed Frameworks */ = {
			isa = PBXCopyFilesBuildPhase;
			buildActionMask = 2147483647;
			dstPath = "";
			dstSubfolderSpec = 10;
			files = (
			);
			name = "Embed Frameworks";
			runOnlyForDeploymentPostprocessing = 0;
		};
/* End PBXCopyFilesBuildPhase section */

/* Begin PBXFileReference section */
		1B374DDA2701D5F300DFE639 /* GoogleService-Info.plist */ = {isa = PBXFileReference; fileEncoding = 4; lastKnownFileType = text.plist.xml; path = "GoogleService-Info.plist"; sourceTree = "<group>"; };
		1B374DDF27020BB700DFE639 /* FirebaseServices.swift */ = {isa = PBXFileReference; lastKnownFileType = sourcecode.swift; path = FirebaseServices.swift; sourceTree = "<group>"; };
		1B4ED871270F345E00290FFF /* CardPassions.swift */ = {isa = PBXFileReference; fileEncoding = 4; lastKnownFileType = sourcecode.swift; path = CardPassions.swift; sourceTree = "<group>"; };
		1B4ED876270F345E00290FFF /* LikeDislikeSuperLike.swift */ = {isa = PBXFileReference; fileEncoding = 4; lastKnownFileType = sourcecode.swift; path = LikeDislikeSuperLike.swift; sourceTree = "<group>"; };
		1B58A44E27144FA800565429 /* UIImageExtension.swift */ = {isa = PBXFileReference; lastKnownFileType = sourcecode.swift; path = UIImageExtension.swift; sourceTree = "<group>"; };
		1B58A4502715E35300565429 /* ImageServices.swift */ = {isa = PBXFileReference; lastKnownFileType = sourcecode.swift; path = ImageServices.swift; sourceTree = "<group>"; };
		1B72A54D270724F10074F144 /* FirestoreServices.swift */ = {isa = PBXFileReference; lastKnownFileType = sourcecode.swift; path = FirestoreServices.swift; sourceTree = "<group>"; };
		1B72A54F2707274A0074F144 /* ProfileViewModel.swift */ = {isa = PBXFileReference; lastKnownFileType = sourcecode.swift; path = ProfileViewModel.swift; sourceTree = "<group>"; };
		1B9848B5270C96DA00C2F98D /* ProfileCore+CoreDataClass.swift */ = {isa = PBXFileReference; lastKnownFileType = sourcecode.swift; path = "ProfileCore+CoreDataClass.swift"; sourceTree = "<group>"; };
		1B9848B6270C96DA00C2F98D /* ProfileCore+CoreDataProperties.swift */ = {isa = PBXFileReference; lastKnownFileType = sourcecode.swift; path = "ProfileCore+CoreDataProperties.swift"; sourceTree = "<group>"; };
		1BBB485027022DE2004D42A3 /* AmoreDebug.entitlements */ = {isa = PBXFileReference; lastKnownFileType = text.plist.entitlements; path = AmoreDebug.entitlements; sourceTree = "<group>"; };
		1BBB485127031F65004D42A3 /* Amore.entitlements */ = {isa = PBXFileReference; lastKnownFileType = text.plist.entitlements; path = Amore.entitlements; sourceTree = "<group>"; };
		1BBB485327035B2F004D42A3 /* HomeView.swift */ = {isa = PBXFileReference; lastKnownFileType = sourcecode.swift; path = HomeView.swift; sourceTree = "<group>"; };
		1BC8BE012705CC5D00F0137E /* AddSchool.swift */ = {isa = PBXFileReference; fileEncoding = 4; lastKnownFileType = sourcecode.swift; path = AddSchool.swift; sourceTree = "<group>"; };
		1BC8BE022705CC5E00F0137E /* SexualOrientation.swift */ = {isa = PBXFileReference; fileEncoding = 4; lastKnownFileType = sourcecode.swift; path = SexualOrientation.swift; sourceTree = "<group>"; };
		1BC8BE032705CC5E00F0137E /* ShowMe.swift */ = {isa = PBXFileReference; fileEncoding = 4; lastKnownFileType = sourcecode.swift; path = ShowMe.swift; sourceTree = "<group>"; };
		1BC8BE042705CC5E00F0137E /* IAmA.swift */ = {isa = PBXFileReference; fileEncoding = 4; lastKnownFileType = sourcecode.swift; path = IAmA.swift; sourceTree = "<group>"; };
		1BC8BE052705CC5E00F0137E /* AddWork.swift */ = {isa = PBXFileReference; fileEncoding = 4; lastKnownFileType = sourcecode.swift; path = AddWork.swift; sourceTree = "<group>"; };
		1BC8BE062705CC5E00F0137E /* Passions.swift */ = {isa = PBXFileReference; fileEncoding = 4; lastKnownFileType = sourcecode.swift; path = Passions.swift; sourceTree = "<group>"; };
		1BC8BE0D2705CD7C00F0137E /* Profile.swift */ = {isa = PBXFileReference; lastKnownFileType = sourcecode.swift; path = Profile.swift; sourceTree = "<group>"; };
		5C14CAF4D2E16E20C370CD03 /* Pods_Amore.framework */ = {isa = PBXFileReference; explicitFileType = wrapper.framework; includeInIndex = 0; path = Pods_Amore.framework; sourceTree = BUILT_PRODUCTS_DIR; };
		70E3F776CBF90AA220142739 /* Pods-Amore.release.xcconfig */ = {isa = PBXFileReference; includeInIndex = 1; lastKnownFileType = text.xcconfig; name = "Pods-Amore.release.xcconfig"; path = "Target Support Files/Pods-Amore/Pods-Amore.release.xcconfig"; sourceTree = "<group>"; };
		D57268028368768172EC4C62 /* Pods-Amore.debug.xcconfig */ = {isa = PBXFileReference; includeInIndex = 1; lastKnownFileType = text.xcconfig; name = "Pods-Amore.debug.xcconfig"; path = "Target Support Files/Pods-Amore/Pods-Amore.debug.xcconfig"; sourceTree = "<group>"; };
		E221EAAA2714F79A00769234 /* ViewRouter.swift */ = {isa = PBXFileReference; lastKnownFileType = sourcecode.swift; path = ViewRouter.swift; sourceTree = "<group>"; };
		E221EAAC2714F84F00769234 /* Helper.swift */ = {isa = PBXFileReference; lastKnownFileType = sourcecode.swift; path = Helper.swift; sourceTree = "<group>"; };
		E221EAAE2714FBDA00769234 /* UserSettings.swift */ = {isa = PBXFileReference; lastKnownFileType = sourcecode.swift; path = UserSettings.swift; sourceTree = "<group>"; };
		E221EAB02714FD0700769234 /* LikesTopPicksHome.swift */ = {isa = PBXFileReference; lastKnownFileType = sourcecode.swift; path = LikesTopPicksHome.swift; sourceTree = "<group>"; };
		E221EAB22715066000769234 /* FilterSettings.swift */ = {isa = PBXFileReference; lastKnownFileType = sourcecode.swift; path = FilterSettings.swift; sourceTree = "<group>"; };
		E221EAB42715068800769234 /* ChannelView.swift */ = {isa = PBXFileReference; lastKnownFileType = sourcecode.swift; path = ChannelView.swift; sourceTree = "<group>"; };
		E226CF3D2707B19800FC5129 /* LocationModel.swift */ = {isa = PBXFileReference; fileEncoding = 4; lastKnownFileType = sourcecode.swift; path = LocationModel.swift; sourceTree = "<group>"; };
		E226CF3E2707B19800FC5129 /* LocationView.swift */ = {isa = PBXFileReference; fileEncoding = 4; lastKnownFileType = sourcecode.swift; path = LocationView.swift; sourceTree = "<group>"; };
		E226CF412707D78C00FC5129 /* LocationHomeView.swift */ = {isa = PBXFileReference; lastKnownFileType = sourcecode.swift; path = LocationHomeView.swift; sourceTree = "<group>"; };
		E226CF432708ADAE00FC5129 /* LocationDenied.swift */ = {isa = PBXFileReference; lastKnownFileType = sourcecode.swift; path = LocationDenied.swift; sourceTree = "<group>"; };
		E226CF462708C8D500FC5129 /* EnableNotifications.swift */ = {isa = PBXFileReference; lastKnownFileType = sourcecode.swift; path = EnableNotifications.swift; sourceTree = "<group>"; };
		E226CF492709F76800FC5129 /* AddPhotosView.swift */ = {isa = PBXFileReference; lastKnownFileType = sourcecode.swift; path = AddPhotosView.swift; sourceTree = "<group>"; };
		E226CF4D2709FD9A00FC5129 /* ImagePicker.swift */ = {isa = PBXFileReference; lastKnownFileType = sourcecode.swift; path = ImagePicker.swift; sourceTree = "<group>"; };
		E226CF4F270A178600FC5129 /* UploadPhotoWindow.swift */ = {isa = PBXFileReference; lastKnownFileType = sourcecode.swift; path = UploadPhotoWindow.swift; sourceTree = "<group>"; };
		E226CF76270B3FEA00FC5129 /* Persistence.swift */ = {isa = PBXFileReference; lastKnownFileType = sourcecode.swift; path = Persistence.swift; sourceTree = "<group>"; };
		E226CF7D270B596F00FC5129 /* AmoreCoreDataModel.xcdatamodel */ = {isa = PBXFileReference; lastKnownFileType = wrapper.xcdatamodel; path = AmoreCoreDataModel.xcdatamodel; sourceTree = "<group>"; };
		E226CF94270BA7C700FC5129 /* Item+CoreDataClass.swift */ = {isa = PBXFileReference; lastKnownFileType = sourcecode.swift; path = "Item+CoreDataClass.swift"; sourceTree = "<group>"; };
		E226CF95270BA7C700FC5129 /* Item+CoreDataProperties.swift */ = {isa = PBXFileReference; lastKnownFileType = sourcecode.swift; path = "Item+CoreDataProperties.swift"; sourceTree = "<group>"; };
		E234711F271BE0030006F336 /* StreamViewModel.swift */ = {isa = PBXFileReference; lastKnownFileType = sourcecode.swift; path = StreamViewModel.swift; sourceTree = "<group>"; };
		E2347121271BE10E0006F336 /* Credentials.swift */ = {isa = PBXFileReference; lastKnownFileType = sourcecode.swift; path = Credentials.swift; sourceTree = "<group>"; };
		E2347123271BFDDA0006F336 /* ChatView.swift */ = {isa = PBXFileReference; lastKnownFileType = sourcecode.swift; path = ChatView.swift; sourceTree = "<group>"; };
		E2347125271BFE390006F336 /* MessageRowView.swift */ = {isa = PBXFileReference; lastKnownFileType = sourcecode.swift; path = MessageRowView.swift; sourceTree = "<group>"; };
		E2347127271BFE6F0006F336 /* ChatBubble.swift */ = {isa = PBXFileReference; lastKnownFileType = sourcecode.swift; path = ChatBubble.swift; sourceTree = "<group>"; };
		E2347129271BFEDF0006F336 /* ChannelRowView.swift */ = {isa = PBXFileReference; lastKnownFileType = sourcecode.swift; path = ChannelRowView.swift; sourceTree = "<group>"; };
		E234712B271BFF360006F336 /* ChatModifiersView.swift */ = {isa = PBXFileReference; lastKnownFileType = sourcecode.swift; path = ChatModifiersView.swift; sourceTree = "<group>"; };
		E234712D271C967F0006F336 /* CreateNewChannel.swift */ = {isa = PBXFileReference; lastKnownFileType = sourcecode.swift; path = CreateNewChannel.swift; sourceTree = "<group>"; };
		E234712F271C972F0006F336 /* LoadingScreen.swift */ = {isa = PBXFileReference; lastKnownFileType = sourcecode.swift; path = LoadingScreen.swift; sourceTree = "<group>"; };
		E2347131271DC3A00006F336 /* TabButton.swift */ = {isa = PBXFileReference; lastKnownFileType = sourcecode.swift; path = TabButton.swift; sourceTree = "<group>"; };
		E2347133271DC4C30006F336 /* Detail.swift */ = {isa = PBXFileReference; lastKnownFileType = sourcecode.swift; path = Detail.swift; sourceTree = "<group>"; };
		E2347135271DC4E50006F336 /* CardView.swift */ = {isa = PBXFileReference; lastKnownFileType = sourcecode.swift; path = CardView.swift; sourceTree = "<group>"; };
		E2347137271DC5320006F336 /* CustomShape.swift */ = {isa = PBXFileReference; lastKnownFileType = sourcecode.swift; path = CustomShape.swift; sourceTree = "<group>"; };
		E2347139271DC5640006F336 /* TopPicksProfiles.swift */ = {isa = PBXFileReference; lastKnownFileType = sourcecode.swift; path = TopPicksProfiles.swift; sourceTree = "<group>"; };
		E234713B271E8BDE0006F336 /* PlayGround.swift */ = {isa = PBXFileReference; lastKnownFileType = sourcecode.swift; path = PlayGround.swift; sourceTree = "<group>"; };
		E234713F271F4B5D0006F336 /* CommonContainer.swift */ = {isa = PBXFileReference; lastKnownFileType = sourcecode.swift; path = CommonContainer.swift; sourceTree = "<group>"; };
		E2347141271F4B970006F336 /* GenderSettings.swift */ = {isa = PBXFileReference; lastKnownFileType = sourcecode.swift; path = GenderSettings.swift; sourceTree = "<group>"; };
		E2347143271F4C090006F336 /* AgeSettings.swift */ = {isa = PBXFileReference; lastKnownFileType = sourcecode.swift; path = AgeSettings.swift; sourceTree = "<group>"; };
		E237CED826FD391D004F20AB /* SignUp.swift */ = {isa = PBXFileReference; lastKnownFileType = sourcecode.swift; path = SignUp.swift; sourceTree = "<group>"; };
		E24A0F15271256C4001640CA /* AllCardsView.swift */ = {isa = PBXFileReference; lastKnownFileType = sourcecode.swift; path = AllCardsView.swift; sourceTree = "<group>"; };
		E24A0F1727125727001640CA /* SingleCardView.swift */ = {isa = PBXFileReference; lastKnownFileType = sourcecode.swift; path = SingleCardView.swift; sourceTree = "<group>"; };
		E283677226F9534200EEA049 /* Sk-Modernist-Bold.otf */ = {isa = PBXFileReference; lastKnownFileType = file; path = "Sk-Modernist-Bold.otf"; sourceTree = "<group>"; };
		E283677326F9534200EEA049 /* Sk-Modernist-Mono.otf */ = {isa = PBXFileReference; lastKnownFileType = file; path = "Sk-Modernist-Mono.otf"; sourceTree = "<group>"; };
		E283677426F9534200EEA049 /* Sk-Modernist-Regular.otf */ = {isa = PBXFileReference; lastKnownFileType = file; path = "Sk-Modernist-Regular.otf"; sourceTree = "<group>"; };
		E283677826FAA08B00EEA049 /* OnboardingCards.swift */ = {isa = PBXFileReference; lastKnownFileType = sourcecode.swift; path = OnboardingCards.swift; sourceTree = "<group>"; };
		E283677B26FAA7B700EEA049 /* Onboarding.json */ = {isa = PBXFileReference; lastKnownFileType = text.json; path = Onboarding.json; sourceTree = "<group>"; };
		E283677E26FAB79800EEA049 /* Onboarding.swift */ = {isa = PBXFileReference; lastKnownFileType = sourcecode.swift; path = Onboarding.swift; sourceTree = "<group>"; };
		E283678026FAB85400EEA049 /* OnboardingModel.swift */ = {isa = PBXFileReference; lastKnownFileType = sourcecode.swift; path = OnboardingModel.swift; sourceTree = "<group>"; };
		E283678326FAB8C800EEA049 /* DataService.swift */ = {isa = PBXFileReference; lastKnownFileType = sourcecode.swift; path = DataService.swift; sourceTree = "<group>"; };
		E291A1E426FE3711000D8A2C /* LoginPhoneNumber.swift */ = {isa = PBXFileReference; lastKnownFileType = sourcecode.swift; path = LoginPhoneNumber.swift; sourceTree = "<group>"; };
		E291A1E626FE8FE6000D8A2C /* LoginOTPKeyCodeParent.swift */ = {isa = PBXFileReference; lastKnownFileType = sourcecode.swift; path = LoginOTPKeyCodeParent.swift; sourceTree = "<group>"; };
		E291A1EB26FF5BF8000D8A2C /* OTPViewModel.swift */ = {isa = PBXFileReference; lastKnownFileType = sourcecode.swift; path = OTPViewModel.swift; sourceTree = "<group>"; };
		E291A1ED26FF5C06000D8A2C /* LoginOTPKeyCodeChild.swift */ = {isa = PBXFileReference; lastKnownFileType = sourcecode.swift; path = LoginOTPKeyCodeChild.swift; sourceTree = "<group>"; };
		E291A1F126FF98B3000D8A2C /* BasicUserInfoForm.swift */ = {isa = PBXFileReference; lastKnownFileType = sourcecode.swift; path = BasicUserInfoForm.swift; sourceTree = "<group>"; };
		E298BA0D2713350900C82174 /* CardBasicInfo.swift */ = {isa = PBXFileReference; lastKnownFileType = sourcecode.swift; path = CardBasicInfo.swift; sourceTree = "<group>"; };
		E298BA0F2713534200C82174 /* CardGalleryImages.swift */ = {isa = PBXFileReference; lastKnownFileType = sourcecode.swift; path = CardGalleryImages.swift; sourceTree = "<group>"; };
		E298BA132713A85500C82174 /* ControlCenter.swift */ = {isa = PBXFileReference; lastKnownFileType = sourcecode.swift; path = ControlCenter.swift; sourceTree = "<group>"; };
		E2C59092270CA225001F78E7 /* ImageCropper.swift */ = {isa = PBXFileReference; lastKnownFileType = sourcecode.swift; path = ImageCropper.swift; sourceTree = "<group>"; };
		E2F8AA4D26F9427F00CC7A72 /* Amore.app */ = {isa = PBXFileReference; explicitFileType = wrapper.application; includeInIndex = 0; path = Amore.app; sourceTree = BUILT_PRODUCTS_DIR; };
		E2F8AA5026F9427F00CC7A72 /* AmoreApp.swift */ = {isa = PBXFileReference; lastKnownFileType = sourcecode.swift; path = AmoreApp.swift; sourceTree = "<group>"; };
		E2F8AA5226F9427F00CC7A72 /* ContentView.swift */ = {isa = PBXFileReference; lastKnownFileType = sourcecode.swift; path = ContentView.swift; sourceTree = "<group>"; };
		E2F8AA5426F9428100CC7A72 /* Assets.xcassets */ = {isa = PBXFileReference; lastKnownFileType = folder.assetcatalog; path = Assets.xcassets; sourceTree = "<group>"; };
		E2F8AA5726F9428100CC7A72 /* Preview Assets.xcassets */ = {isa = PBXFileReference; lastKnownFileType = folder.assetcatalog; path = "Preview Assets.xcassets"; sourceTree = "<group>"; };
		E2F8AA5926F9428100CC7A72 /* Info.plist */ = {isa = PBXFileReference; lastKnownFileType = text.plist.xml; path = Info.plist; sourceTree = "<group>"; };
		E2F8AA6526F948BD00CC7A72 /* Fonts.swift */ = {isa = PBXFileReference; lastKnownFileType = sourcecode.swift; path = Fonts.swift; sourceTree = "<group>"; };
		E2FE1394271B661C005E2BB9 /* OnboardingAllCards.swift */ = {isa = PBXFileReference; lastKnownFileType = sourcecode.swift; path = OnboardingAllCards.swift; sourceTree = "<group>"; };
		E2FE1397271B67E4005E2BB9 /* LogInButtonSheet.swift */ = {isa = PBXFileReference; lastKnownFileType = sourcecode.swift; path = LogInButtonSheet.swift; sourceTree = "<group>"; };
/* End PBXFileReference section */

/* Begin PBXFrameworksBuildPhase section */
		E2F8AA4A26F9427F00CC7A72 /* Frameworks */ = {
			isa = PBXFrameworksBuildPhase;
			buildActionMask = 2147483647;
			files = (
				E2FE1391271A3E8A005E2BB9 /* JWTKit in Frameworks */,
				684BD1B7C189E0EEDBA471A8 /* Pods_Amore.framework in Frameworks */,
				E234711E271BDA020006F336 /* StreamChat in Frameworks */,
				E291A1E326FE3664000D8A2C /* iPhoneNumberField in Frameworks */,
			);
			runOnlyForDeploymentPostprocessing = 0;
		};
/* End PBXFrameworksBuildPhase section */

/* Begin PBXGroup section */
		1BBB485227035B14004D42A3 /* HomeView */ = {
			isa = PBXGroup;
			children = (
				1BBB485327035B2F004D42A3 /* HomeView.swift */,
				1B4ED876270F345E00290FFF /* LikeDislikeSuperLike.swift */,
				E298BA132713A85500C82174 /* ControlCenter.swift */,
				E221EAAA2714F79A00769234 /* ViewRouter.swift */,
				E221EAAC2714F84F00769234 /* Helper.swift */,
			);
			path = HomeView;
			sourceTree = "<group>";
		};
		8146232F1123BB8CE8350BEF /* Frameworks */ = {
			isa = PBXGroup;
			children = (
				5C14CAF4D2E16E20C370CD03 /* Pods_Amore.framework */,
			);
			name = Frameworks;
			sourceTree = "<group>";
		};
		D987353B195ECCF6216A7BEF /* Pods */ = {
			isa = PBXGroup;
			children = (
				D57268028368768172EC4C62 /* Pods-Amore.debug.xcconfig */,
				70E3F776CBF90AA220142739 /* Pods-Amore.release.xcconfig */,
			);
			path = Pods;
			sourceTree = "<group>";
		};
		E221EAA22714F36700769234 /* MessagesView */ = {
			isa = PBXGroup;
			children = (
				E221EAB42715068800769234 /* ChannelView.swift */,
				E2347123271BFDDA0006F336 /* ChatView.swift */,
				E2347129271BFEDF0006F336 /* ChannelRowView.swift */,
				E2347125271BFE390006F336 /* MessageRowView.swift */,
				E2347127271BFE6F0006F336 /* ChatBubble.swift */,
				E234712B271BFF360006F336 /* ChatModifiersView.swift */,
				E234712D271C967F0006F336 /* CreateNewChannel.swift */,
			);
			path = MessagesView;
			sourceTree = "<group>";
		};
		E221EAA32714F37400769234 /* FilterSettingsView */ = {
			isa = PBXGroup;
			children = (
				E221EAB22715066000769234 /* FilterSettings.swift */,
				E234713F271F4B5D0006F336 /* CommonContainer.swift */,
				E2347141271F4B970006F336 /* GenderSettings.swift */,
				E2347143271F4C090006F336 /* AgeSettings.swift */,
			);
			path = FilterSettingsView;
			sourceTree = "<group>";
		};
		E221EAA62714F39600769234 /* UserSettingsView */ = {
			isa = PBXGroup;
			children = (
				E221EAAE2714FBDA00769234 /* UserSettings.swift */,
			);
			path = UserSettingsView;
			sourceTree = "<group>";
		};
		E221EAA72714F3A400769234 /* LikesTopPicksView */ = {
			isa = PBXGroup;
			children = (
				E221EAB02714FD0700769234 /* LikesTopPicksHome.swift */,
				E2347131271DC3A00006F336 /* TabButton.swift */,
				E2347133271DC4C30006F336 /* Detail.swift */,
				E2347135271DC4E50006F336 /* CardView.swift */,
				E2347137271DC5320006F336 /* CustomShape.swift */,
			);
			path = LikesTopPicksView;
			sourceTree = "<group>";
		};
		E226CF3C2707B18A00FC5129 /* LocationView */ = {
			isa = PBXGroup;
			children = (
				E226CF412707D78C00FC5129 /* LocationHomeView.swift */,
				E226CF3E2707B19800FC5129 /* LocationView.swift */,
				E226CF432708ADAE00FC5129 /* LocationDenied.swift */,
			);
			path = LocationView;
			sourceTree = "<group>";
		};
		E226CF452708C8BB00FC5129 /* NotificationsView */ = {
			isa = PBXGroup;
			children = (
				E226CF462708C8D500FC5129 /* EnableNotifications.swift */,
			);
			path = NotificationsView;
			sourceTree = "<group>";
		};
		E226CF482709F75900FC5129 /* AddPhotosView */ = {
			isa = PBXGroup;
			children = (
				E226CF492709F76800FC5129 /* AddPhotosView.swift */,
				E226CF4F270A178600FC5129 /* UploadPhotoWindow.swift */,
				E226CF4D2709FD9A00FC5129 /* ImagePicker.swift */,
				E2C59092270CA225001F78E7 /* ImageCropper.swift */,
			);
			path = AddPhotosView;
			sourceTree = "<group>";
		};
		E23E416E270CFEB00065E6E4 /* ExtraViews */ = {
			isa = PBXGroup;
			children = (
				E237CED826FD391D004F20AB /* SignUp.swift */,
				E234713B271E8BDE0006F336 /* PlayGround.swift */,
			);
			path = ExtraViews;
			sourceTree = "<group>";
		};
		E24A0F14271256A7001640CA /* SwipeView */ = {
			isa = PBXGroup;
			children = (
				E24A0F15271256C4001640CA /* AllCardsView.swift */,
				E24A0F1727125727001640CA /* SingleCardView.swift */,
				E298BA0D2713350900C82174 /* CardBasicInfo.swift */,
				E298BA0F2713534200C82174 /* CardGalleryImages.swift */,
				1B4ED871270F345E00290FFF /* CardPassions.swift */,
			);
			path = SwipeView;
			sourceTree = "<group>";
		};
		E283677126F9531E00EEA049 /* Fonts */ = {
			isa = PBXGroup;
			children = (
				E283677226F9534200EEA049 /* Sk-Modernist-Bold.otf */,
				E283677326F9534200EEA049 /* Sk-Modernist-Mono.otf */,
				E283677426F9534200EEA049 /* Sk-Modernist-Regular.otf */,
			);
			path = Fonts;
			sourceTree = "<group>";
		};
		E283677A26FAA6E200EEA049 /* Data */ = {
			isa = PBXGroup;
			children = (
				1B9848B5270C96DA00C2F98D /* ProfileCore+CoreDataClass.swift */,
				1B9848B6270C96DA00C2F98D /* ProfileCore+CoreDataProperties.swift */,
				E226CF94270BA7C700FC5129 /* Item+CoreDataClass.swift */,
				E226CF95270BA7C700FC5129 /* Item+CoreDataProperties.swift */,
				E283677B26FAA7B700EEA049 /* Onboarding.json */,
			);
			path = Data;
			sourceTree = "<group>";
		};
		E283678226FAB8B800EEA049 /* Services */ = {
			isa = PBXGroup;
			children = (
				E283678326FAB8C800EEA049 /* DataService.swift */,
				1B374DDF27020BB700DFE639 /* FirebaseServices.swift */,
				1B72A54D270724F10074F144 /* FirestoreServices.swift */,
			);
			path = Services;
			sourceTree = "<group>";
		};
		E291A1F026FF98A1000D8A2C /* OnBoardingViews */ = {
			isa = PBXGroup;
			children = (
				1BC8BE012705CC5D00F0137E /* AddSchool.swift */,
				1BC8BE052705CC5E00F0137E /* AddWork.swift */,
				1BC8BE042705CC5E00F0137E /* IAmA.swift */,
				1BC8BE062705CC5E00F0137E /* Passions.swift */,
				1BC8BE022705CC5E00F0137E /* SexualOrientation.swift */,
				1BC8BE032705CC5E00F0137E /* ShowMe.swift */,
				E291A1F126FF98B3000D8A2C /* BasicUserInfoForm.swift */,
				E283677826FAA08B00EEA049 /* OnboardingCards.swift */,
				E2FE1394271B661C005E2BB9 /* OnboardingAllCards.swift */,
				E226CF482709F75900FC5129 /* AddPhotosView */,
			);
			path = OnBoardingViews;
			sourceTree = "<group>";
		};
		E2F8AA4426F9427F00CC7A72 = {
			isa = PBXGroup;
			children = (
				E2F8AA4F26F9427F00CC7A72 /* Amore */,
				E2F8AA4E26F9427F00CC7A72 /* Products */,
				D987353B195ECCF6216A7BEF /* Pods */,
				8146232F1123BB8CE8350BEF /* Frameworks */,
			);
			sourceTree = "<group>";
		};
		E2F8AA4E26F9427F00CC7A72 /* Products */ = {
			isa = PBXGroup;
			children = (
				E2F8AA4D26F9427F00CC7A72 /* Amore.app */,
			);
			name = Products;
			sourceTree = "<group>";
		};
		E2F8AA4F26F9427F00CC7A72 /* Amore */ = {
			isa = PBXGroup;
			children = (
				1BBB485127031F65004D42A3 /* Amore.entitlements */,
				1BBB485027022DE2004D42A3 /* AmoreDebug.entitlements */,
				E283678226FAB8B800EEA049 /* Services */,
				E283677A26FAA6E200EEA049 /* Data */,
				E2F8AA6026F947BD00CC7A72 /* Views */,
				E23E416E270CFEB00065E6E4 /* ExtraViews */,
				E2F8AA5F26F947B400CC7A72 /* Model */,
				E2F8AA6426F9488300CC7A72 /* Utilities */,
				E2F8AA6126F947CA00CC7A72 /* ViewModels */,
				E283677126F9531E00EEA049 /* Fonts */,
				E2F8AA5226F9427F00CC7A72 /* ContentView.swift */,
				E226CF76270B3FEA00FC5129 /* Persistence.swift */,
				E2F8AA5026F9427F00CC7A72 /* AmoreApp.swift */,
				E2F8AA5426F9428100CC7A72 /* Assets.xcassets */,
				E2F8AA5926F9428100CC7A72 /* Info.plist */,
				1B374DDA2701D5F300DFE639 /* GoogleService-Info.plist */,
				E2F8AA5626F9428100CC7A72 /* Preview Content */,
				E226CF7C270B596F00FC5129 /* AmoreCoreDataModel.xcdatamodeld */,
				E2347121271BE10E0006F336 /* Credentials.swift */,
			);
			path = Amore;
			sourceTree = "<group>";
		};
		E2F8AA5626F9428100CC7A72 /* Preview Content */ = {
			isa = PBXGroup;
			children = (
				E2F8AA5726F9428100CC7A72 /* Preview Assets.xcassets */,
			);
			path = "Preview Content";
			sourceTree = "<group>";
		};
		E2F8AA5F26F947B400CC7A72 /* Model */ = {
			isa = PBXGroup;
			children = (
				E283677E26FAB79800EEA049 /* Onboarding.swift */,
				1BC8BE0D2705CD7C00F0137E /* Profile.swift */,
			);
			path = Model;
			sourceTree = "<group>";
		};
		E2F8AA6026F947BD00CC7A72 /* Views */ = {
			isa = PBXGroup;
			children = (
				E221EAA72714F3A400769234 /* LikesTopPicksView */,
				E221EAA62714F39600769234 /* UserSettingsView */,
				E221EAA32714F37400769234 /* FilterSettingsView */,
				E221EAA22714F36700769234 /* MessagesView */,
				E24A0F14271256A7001640CA /* SwipeView */,
				E226CF452708C8BB00FC5129 /* NotificationsView */,
				E226CF3C2707B18A00FC5129 /* LocationView */,
				1BBB485227035B14004D42A3 /* HomeView */,
				E291A1F026FF98A1000D8A2C /* OnBoardingViews */,
				E2FE1396271B675E005E2BB9 /* LogInViews */,
			);
			path = Views;
			sourceTree = "<group>";
		};
		E2F8AA6126F947CA00CC7A72 /* ViewModels */ = {
			isa = PBXGroup;
			children = (
				E226CF3D2707B19800FC5129 /* LocationModel.swift */,
				E291A1EB26FF5BF8000D8A2C /* OTPViewModel.swift */,
				E283678026FAB85400EEA049 /* OnboardingModel.swift */,
				1B72A54F2707274A0074F144 /* ProfileViewModel.swift */,
				E234711F271BE0030006F336 /* StreamViewModel.swift */,
				E2347139271DC5640006F336 /* TopPicksProfiles.swift */,
			);
			path = ViewModels;
			sourceTree = "<group>";
		};
		E2F8AA6426F9488300CC7A72 /* Utilities */ = {
			isa = PBXGroup;
			children = (
				E2F8AA6526F948BD00CC7A72 /* Fonts.swift */,
				1B58A44E27144FA800565429 /* UIImageExtension.swift */,
				1B58A4502715E35300565429 /* ImageServices.swift */,
				E234712F271C972F0006F336 /* LoadingScreen.swift */,
			);
			path = Utilities;
			sourceTree = "<group>";
		};
		E2FE1396271B675E005E2BB9 /* LogInViews */ = {
			isa = PBXGroup;
			children = (
				E2FE1397271B67E4005E2BB9 /* LogInButtonSheet.swift */,
				E291A1E426FE3711000D8A2C /* LoginPhoneNumber.swift */,
				E291A1E626FE8FE6000D8A2C /* LoginOTPKeyCodeParent.swift */,
				E291A1ED26FF5C06000D8A2C /* LoginOTPKeyCodeChild.swift */,
			);
			path = LogInViews;
			sourceTree = "<group>";
		};
/* End PBXGroup section */

/* Begin PBXNativeTarget section */
		E2F8AA4C26F9427F00CC7A72 /* Amore */ = {
			isa = PBXNativeTarget;
			buildConfigurationList = E2F8AA5C26F9428100CC7A72 /* Build configuration list for PBXNativeTarget "Amore" */;
			buildPhases = (
				FE00DC5B4C29B71A28A20053 /* [CP] Check Pods Manifest.lock */,
				E2F8AA4926F9427F00CC7A72 /* Sources */,
				E2F8AA4A26F9427F00CC7A72 /* Frameworks */,
				E2F8AA4B26F9427F00CC7A72 /* Resources */,
				E237CEE626FD531F004F20AB /* Embed Frameworks */,
				A9479CF1E6D7593E8F3E0764 /* [CP] Embed Pods Frameworks */,
			);
			buildRules = (
			);
			dependencies = (
			);
			name = Amore;
			packageProductDependencies = (
				E291A1E226FE3664000D8A2C /* iPhoneNumberField */,
				E2FE1390271A3E8A005E2BB9 /* JWTKit */,
				E234711D271BDA020006F336 /* StreamChat */,
			);
			productName = Amore;
			productReference = E2F8AA4D26F9427F00CC7A72 /* Amore.app */;
			productType = "com.apple.product-type.application";
		};
/* End PBXNativeTarget section */

/* Begin PBXProject section */
		E2F8AA4526F9427F00CC7A72 /* Project object */ = {
			isa = PBXProject;
			attributes = {
				LastSwiftUpdateCheck = 1250;
				LastUpgradeCheck = 1250;
				TargetAttributes = {
					E2F8AA4C26F9427F00CC7A72 = {
						CreatedOnToolsVersion = 12.5.1;
					};
				};
			};
			buildConfigurationList = E2F8AA4826F9427F00CC7A72 /* Build configuration list for PBXProject "Amore" */;
			compatibilityVersion = "Xcode 9.3";
			developmentRegion = en;
			hasScannedForEncodings = 0;
			knownRegions = (
				en,
				Base,
			);
			mainGroup = E2F8AA4426F9427F00CC7A72;
			packageReferences = (
				E291A1E126FE3663000D8A2C /* XCRemoteSwiftPackageReference "iPhoneNumberField" */,
				E2FE138F271A3E8A005E2BB9 /* XCRemoteSwiftPackageReference "jwt-kit" */,
				E234711C271BDA020006F336 /* XCRemoteSwiftPackageReference "stream-chat-swift" */,
			);
			productRefGroup = E2F8AA4E26F9427F00CC7A72 /* Products */;
			projectDirPath = "";
			projectRoot = "";
			targets = (
				E2F8AA4C26F9427F00CC7A72 /* Amore */,
			);
		};
/* End PBXProject section */

/* Begin PBXResourcesBuildPhase section */
		E2F8AA4B26F9427F00CC7A72 /* Resources */ = {
			isa = PBXResourcesBuildPhase;
			buildActionMask = 2147483647;
			files = (
				E283677C26FAA7B700EEA049 /* Onboarding.json in Resources */,
				E283677726F9534200EEA049 /* Sk-Modernist-Regular.otf in Resources */,
				E2F8AA5826F9428100CC7A72 /* Preview Assets.xcassets in Resources */,
				E283677526F9534200EEA049 /* Sk-Modernist-Bold.otf in Resources */,
				E283677626F9534200EEA049 /* Sk-Modernist-Mono.otf in Resources */,
				E2F8AA5526F9428100CC7A72 /* Assets.xcassets in Resources */,
				1B374DDB2701D5F300DFE639 /* GoogleService-Info.plist in Resources */,
			);
			runOnlyForDeploymentPostprocessing = 0;
		};
/* End PBXResourcesBuildPhase section */

/* Begin PBXShellScriptBuildPhase section */
		A9479CF1E6D7593E8F3E0764 /* [CP] Embed Pods Frameworks */ = {
			isa = PBXShellScriptBuildPhase;
			buildActionMask = 2147483647;
			files = (
			);
			inputFileListPaths = (
				"${PODS_ROOT}/Target Support Files/Pods-Amore/Pods-Amore-frameworks-${CONFIGURATION}-input-files.xcfilelist",
			);
			name = "[CP] Embed Pods Frameworks";
			outputFileListPaths = (
				"${PODS_ROOT}/Target Support Files/Pods-Amore/Pods-Amore-frameworks-${CONFIGURATION}-output-files.xcfilelist",
			);
			runOnlyForDeploymentPostprocessing = 0;
			shellPath = /bin/sh;
			shellScript = "\"${PODS_ROOT}/Target Support Files/Pods-Amore/Pods-Amore-frameworks.sh\"\n";
			showEnvVarsInLog = 0;
		};
		FE00DC5B4C29B71A28A20053 /* [CP] Check Pods Manifest.lock */ = {
			isa = PBXShellScriptBuildPhase;
			buildActionMask = 2147483647;
			files = (
			);
			inputFileListPaths = (
			);
			inputPaths = (
				"${PODS_PODFILE_DIR_PATH}/Podfile.lock",
				"${PODS_ROOT}/Manifest.lock",
			);
			name = "[CP] Check Pods Manifest.lock";
			outputFileListPaths = (
			);
			outputPaths = (
				"$(DERIVED_FILE_DIR)/Pods-Amore-checkManifestLockResult.txt",
			);
			runOnlyForDeploymentPostprocessing = 0;
			shellPath = /bin/sh;
			shellScript = "diff \"${PODS_PODFILE_DIR_PATH}/Podfile.lock\" \"${PODS_ROOT}/Manifest.lock\" > /dev/null\nif [ $? != 0 ] ; then\n    # print error to STDERR\n    echo \"error: The sandbox is not in sync with the Podfile.lock. Run 'pod install' or update your CocoaPods installation.\" >&2\n    exit 1\nfi\n# This output is used by Xcode 'outputs' to avoid re-running this script phase.\necho \"SUCCESS\" > \"${SCRIPT_OUTPUT_FILE_0}\"\n";
			showEnvVarsInLog = 0;
		};
/* End PBXShellScriptBuildPhase section */

/* Begin PBXSourcesBuildPhase section */
		E2F8AA4926F9427F00CC7A72 /* Sources */ = {
			isa = PBXSourcesBuildPhase;
			buildActionMask = 2147483647;
			files = (
				E283677F26FAB79800EEA049 /* Onboarding.swift in Sources */,
				E234712A271BFEDF0006F336 /* ChannelRowView.swift in Sources */,
				E2FE1395271B661C005E2BB9 /* OnboardingAllCards.swift in Sources */,
				E2347124271BFDDA0006F336 /* ChatView.swift in Sources */,
				E2347142271F4B970006F336 /* GenderSettings.swift in Sources */,
				E283677926FAA08B00EEA049 /* OnboardingCards.swift in Sources */,
				1B58A4512715E35300565429 /* ImageServices.swift in Sources */,
				E2FE1398271B67E4005E2BB9 /* LogInButtonSheet.swift in Sources */,
				E298BA142713A85500C82174 /* ControlCenter.swift in Sources */,
				E226CF422707D78C00FC5129 /* LocationHomeView.swift in Sources */,
				E2347128271BFE6F0006F336 /* ChatBubble.swift in Sources */,
				E2F8AA6626F948BD00CC7A72 /* Fonts.swift in Sources */,
				1BBB485427035B2F004D42A3 /* HomeView.swift in Sources */,
				E283678126FAB85400EEA049 /* OnboardingModel.swift in Sources */,
				E221EAAD2714F84F00769234 /* Helper.swift in Sources */,
				E298BA0E2713350900C82174 /* CardBasicInfo.swift in Sources */,
				E221EAB12714FD0700769234 /* LikesTopPicksHome.swift in Sources */,
				1B9848B7270C96DA00C2F98D /* ProfileCore+CoreDataClass.swift in Sources */,
				E226CF442708ADAE00FC5129 /* LocationDenied.swift in Sources */,
				1B374DE027020BB700DFE639 /* FirebaseServices.swift in Sources */,
				E291A1EC26FF5BF8000D8A2C /* OTPViewModel.swift in Sources */,
				E2347138271DC5320006F336 /* CustomShape.swift in Sources */,
				1BC8BE092705CC5E00F0137E /* ShowMe.swift in Sources */,
				E226CF4A2709F76800FC5129 /* AddPhotosView.swift in Sources */,
				E234712C271BFF360006F336 /* ChatModifiersView.swift in Sources */,
				E2347134271DC4C30006F336 /* Detail.swift in Sources */,
				E221EAAF2714FBDA00769234 /* UserSettings.swift in Sources */,
				E226CF472708C8D500FC5129 /* EnableNotifications.swift in Sources */,
				E298BA102713534200C82174 /* CardGalleryImages.swift in Sources */,
				E226CF4E2709FD9A00FC5129 /* ImagePicker.swift in Sources */,
				1BC8BE0A2705CC5E00F0137E /* IAmA.swift in Sources */,
				E226CF3F2707B19800FC5129 /* LocationModel.swift in Sources */,
				E226CF97270BA7C700FC5129 /* Item+CoreDataProperties.swift in Sources */,
				1BC8BE072705CC5E00F0137E /* AddSchool.swift in Sources */,
				E234713C271E8BDF0006F336 /* PlayGround.swift in Sources */,
				E291A1E526FE3711000D8A2C /* LoginPhoneNumber.swift in Sources */,
				E2F8AA5326F9427F00CC7A72 /* ContentView.swift in Sources */,
				E221EAAB2714F79A00769234 /* ViewRouter.swift in Sources */,
				E291A1EE26FF5C06000D8A2C /* LoginOTPKeyCodeChild.swift in Sources */,
				1B72A5502707274A0074F144 /* ProfileViewModel.swift in Sources */,
				E2347122271BE10E0006F336 /* Credentials.swift in Sources */,
				1BC8BE082705CC5E00F0137E /* SexualOrientation.swift in Sources */,
				E291A1E726FE8FE6000D8A2C /* LoginOTPKeyCodeParent.swift in Sources */,
				E2347120271BE0030006F336 /* StreamViewModel.swift in Sources */,
				E234712E271C967F0006F336 /* CreateNewChannel.swift in Sources */,
				E2347140271F4B5E0006F336 /* CommonContainer.swift in Sources */,
				E24A0F1827125727001640CA /* SingleCardView.swift in Sources */,
				E226CF93270B910900FC5129 /* AmoreCoreDataModel.xcdatamodeld in Sources */,
				E221EAB32715066000769234 /* FilterSettings.swift in Sources */,
				E226CF77270B3FEA00FC5129 /* Persistence.swift in Sources */,
				E2347130271C972F0006F336 /* LoadingScreen.swift in Sources */,
				E2F8AA5126F9427F00CC7A72 /* AmoreApp.swift in Sources */,
				E221EAB52715068800769234 /* ChannelView.swift in Sources */,
				1BC8BE0C2705CC5E00F0137E /* Passions.swift in Sources */,
				E2347144271F4C090006F336 /* AgeSettings.swift in Sources */,
				E237CED926FD391D004F20AB /* SignUp.swift in Sources */,
				1BC8BE0E2705CD7C00F0137E /* Profile.swift in Sources */,
				1B4ED878270F345E00290FFF /* CardPassions.swift in Sources */,
				E291A1F226FF98B3000D8A2C /* BasicUserInfoForm.swift in Sources */,
				E226CF96270BA7C700FC5129 /* Item+CoreDataClass.swift in Sources */,
				E234713A271DC5640006F336 /* TopPicksProfiles.swift in Sources */,
				1B72A54E270724F10074F144 /* FirestoreServices.swift in Sources */,
				1B9848B8270C96DA00C2F98D /* ProfileCore+CoreDataProperties.swift in Sources */,
				E2347126271BFE390006F336 /* MessageRowView.swift in Sources */,
				E226CF50270A178600FC5129 /* UploadPhotoWindow.swift in Sources */,
				1B58A44F27144FA800565429 /* UIImageExtension.swift in Sources */,
				1B4ED87D270F345E00290FFF /* LikeDislikeSuperLike.swift in Sources */,
				E24A0F16271256C4001640CA /* AllCardsView.swift in Sources */,
				1BC8BE0B2705CC5E00F0137E /* AddWork.swift in Sources */,
				E2C59093270CA225001F78E7 /* ImageCropper.swift in Sources */,
				E2347132271DC3A00006F336 /* TabButton.swift in Sources */,
				E226CF402707B19800FC5129 /* LocationView.swift in Sources */,
				E2347136271DC4E50006F336 /* CardView.swift in Sources */,
				E283678426FAB8C800EEA049 /* DataService.swift in Sources */,
			);
			runOnlyForDeploymentPostprocessing = 0;
		};
/* End PBXSourcesBuildPhase section */

/* Begin XCBuildConfiguration section */
		E2F8AA5A26F9428100CC7A72 /* Debug */ = {
			isa = XCBuildConfiguration;
			buildSettings = {
				ALWAYS_SEARCH_USER_PATHS = NO;
				CLANG_ANALYZER_NONNULL = YES;
				CLANG_ANALYZER_NUMBER_OBJECT_CONVERSION = YES_AGGRESSIVE;
				CLANG_CXX_LANGUAGE_STANDARD = "gnu++14";
				CLANG_CXX_LIBRARY = "libc++";
				CLANG_ENABLE_MODULES = YES;
				CLANG_ENABLE_OBJC_ARC = YES;
				CLANG_ENABLE_OBJC_WEAK = YES;
				CLANG_WARN_BLOCK_CAPTURE_AUTORELEASING = YES;
				CLANG_WARN_BOOL_CONVERSION = YES;
				CLANG_WARN_COMMA = YES;
				CLANG_WARN_CONSTANT_CONVERSION = YES;
				CLANG_WARN_DEPRECATED_OBJC_IMPLEMENTATIONS = YES;
				CLANG_WARN_DIRECT_OBJC_ISA_USAGE = YES_ERROR;
				CLANG_WARN_DOCUMENTATION_COMMENTS = YES;
				CLANG_WARN_EMPTY_BODY = YES;
				CLANG_WARN_ENUM_CONVERSION = YES;
				CLANG_WARN_INFINITE_RECURSION = YES;
				CLANG_WARN_INT_CONVERSION = YES;
				CLANG_WARN_NON_LITERAL_NULL_CONVERSION = YES;
				CLANG_WARN_OBJC_IMPLICIT_RETAIN_SELF = YES;
				CLANG_WARN_OBJC_LITERAL_CONVERSION = YES;
				CLANG_WARN_OBJC_ROOT_CLASS = YES_ERROR;
				CLANG_WARN_QUOTED_INCLUDE_IN_FRAMEWORK_HEADER = YES;
				CLANG_WARN_RANGE_LOOP_ANALYSIS = YES;
				CLANG_WARN_STRICT_PROTOTYPES = YES;
				CLANG_WARN_SUSPICIOUS_MOVE = YES;
				CLANG_WARN_UNGUARDED_AVAILABILITY = YES_AGGRESSIVE;
				CLANG_WARN_UNREACHABLE_CODE = YES;
				CLANG_WARN__DUPLICATE_METHOD_MATCH = YES;
				COPY_PHASE_STRIP = NO;
				DEBUG_INFORMATION_FORMAT = dwarf;
				ENABLE_STRICT_OBJC_MSGSEND = YES;
				ENABLE_TESTABILITY = YES;
				GCC_C_LANGUAGE_STANDARD = gnu11;
				GCC_DYNAMIC_NO_PIC = NO;
				GCC_NO_COMMON_BLOCKS = YES;
				GCC_OPTIMIZATION_LEVEL = 0;
				GCC_PREPROCESSOR_DEFINITIONS = (
					"DEBUG=1",
					"$(inherited)",
				);
				GCC_WARN_64_TO_32_BIT_CONVERSION = YES;
				GCC_WARN_ABOUT_RETURN_TYPE = YES_ERROR;
				GCC_WARN_UNDECLARED_SELECTOR = YES;
				GCC_WARN_UNINITIALIZED_AUTOS = YES_AGGRESSIVE;
				GCC_WARN_UNUSED_FUNCTION = YES;
				GCC_WARN_UNUSED_VARIABLE = YES;
				IPHONEOS_DEPLOYMENT_TARGET = 14.5;
				MTL_ENABLE_DEBUG_INFO = INCLUDE_SOURCE;
				MTL_FAST_MATH = YES;
				ONLY_ACTIVE_ARCH = YES;
				SDKROOT = iphoneos;
				SWIFT_ACTIVE_COMPILATION_CONDITIONS = DEBUG;
				SWIFT_OPTIMIZATION_LEVEL = "-Onone";
			};
			name = Debug;
		};
		E2F8AA5B26F9428100CC7A72 /* Release */ = {
			isa = XCBuildConfiguration;
			buildSettings = {
				ALWAYS_SEARCH_USER_PATHS = NO;
				CLANG_ANALYZER_NONNULL = YES;
				CLANG_ANALYZER_NUMBER_OBJECT_CONVERSION = YES_AGGRESSIVE;
				CLANG_CXX_LANGUAGE_STANDARD = "gnu++14";
				CLANG_CXX_LIBRARY = "libc++";
				CLANG_ENABLE_MODULES = YES;
				CLANG_ENABLE_OBJC_ARC = YES;
				CLANG_ENABLE_OBJC_WEAK = YES;
				CLANG_WARN_BLOCK_CAPTURE_AUTORELEASING = YES;
				CLANG_WARN_BOOL_CONVERSION = YES;
				CLANG_WARN_COMMA = YES;
				CLANG_WARN_CONSTANT_CONVERSION = YES;
				CLANG_WARN_DEPRECATED_OBJC_IMPLEMENTATIONS = YES;
				CLANG_WARN_DIRECT_OBJC_ISA_USAGE = YES_ERROR;
				CLANG_WARN_DOCUMENTATION_COMMENTS = YES;
				CLANG_WARN_EMPTY_BODY = YES;
				CLANG_WARN_ENUM_CONVERSION = YES;
				CLANG_WARN_INFINITE_RECURSION = YES;
				CLANG_WARN_INT_CONVERSION = YES;
				CLANG_WARN_NON_LITERAL_NULL_CONVERSION = YES;
				CLANG_WARN_OBJC_IMPLICIT_RETAIN_SELF = YES;
				CLANG_WARN_OBJC_LITERAL_CONVERSION = YES;
				CLANG_WARN_OBJC_ROOT_CLASS = YES_ERROR;
				CLANG_WARN_QUOTED_INCLUDE_IN_FRAMEWORK_HEADER = YES;
				CLANG_WARN_RANGE_LOOP_ANALYSIS = YES;
				CLANG_WARN_STRICT_PROTOTYPES = YES;
				CLANG_WARN_SUSPICIOUS_MOVE = YES;
				CLANG_WARN_UNGUARDED_AVAILABILITY = YES_AGGRESSIVE;
				CLANG_WARN_UNREACHABLE_CODE = YES;
				CLANG_WARN__DUPLICATE_METHOD_MATCH = YES;
				COPY_PHASE_STRIP = NO;
				DEBUG_INFORMATION_FORMAT = "dwarf-with-dsym";
				ENABLE_NS_ASSERTIONS = NO;
				ENABLE_STRICT_OBJC_MSGSEND = YES;
				GCC_C_LANGUAGE_STANDARD = gnu11;
				GCC_NO_COMMON_BLOCKS = YES;
				GCC_WARN_64_TO_32_BIT_CONVERSION = YES;
				GCC_WARN_ABOUT_RETURN_TYPE = YES_ERROR;
				GCC_WARN_UNDECLARED_SELECTOR = YES;
				GCC_WARN_UNINITIALIZED_AUTOS = YES_AGGRESSIVE;
				GCC_WARN_UNUSED_FUNCTION = YES;
				GCC_WARN_UNUSED_VARIABLE = YES;
				IPHONEOS_DEPLOYMENT_TARGET = 14.5;
				MTL_ENABLE_DEBUG_INFO = NO;
				MTL_FAST_MATH = YES;
				SDKROOT = iphoneos;
				SWIFT_COMPILATION_MODE = wholemodule;
				SWIFT_OPTIMIZATION_LEVEL = "-O";
				VALIDATE_PRODUCT = YES;
			};
			name = Release;
		};
		E2F8AA5D26F9428100CC7A72 /* Debug */ = {
			isa = XCBuildConfiguration;
			baseConfigurationReference = D57268028368768172EC4C62 /* Pods-Amore.debug.xcconfig */;
			buildSettings = {
				ASSETCATALOG_COMPILER_APPICON_NAME = AppIcon;
				ASSETCATALOG_COMPILER_GLOBAL_ACCENT_COLOR_NAME = AccentColor;
				CODE_SIGN_ENTITLEMENTS = Amore/AmoreDebug.entitlements;
				CODE_SIGN_STYLE = Automatic;
				DEVELOPMENT_ASSET_PATHS = "\"Amore/Preview Content\"";
				ENABLE_PREVIEWS = YES;
				INFOPLIST_FILE = Amore/Info.plist;
				IPHONEOS_DEPLOYMENT_TARGET = 14.0;
				LD_RUNPATH_SEARCH_PATHS = (
					"$(inherited)",
					"@executable_path/Frameworks",
				);
				PRODUCT_BUNDLE_IDENTIFIER = None.Amore;
				PRODUCT_NAME = "$(TARGET_NAME)";
				SWIFT_VERSION = 5.0;
				TARGETED_DEVICE_FAMILY = "1,2";
			};
			name = Debug;
		};
		E2F8AA5E26F9428100CC7A72 /* Release */ = {
			isa = XCBuildConfiguration;
			baseConfigurationReference = 70E3F776CBF90AA220142739 /* Pods-Amore.release.xcconfig */;
			buildSettings = {
				ASSETCATALOG_COMPILER_APPICON_NAME = AppIcon;
				ASSETCATALOG_COMPILER_GLOBAL_ACCENT_COLOR_NAME = AccentColor;
				CODE_SIGN_ENTITLEMENTS = Amore/Amore.entitlements;
				CODE_SIGN_STYLE = Automatic;
				DEVELOPMENT_ASSET_PATHS = "\"Amore/Preview Content\"";
				ENABLE_PREVIEWS = YES;
				INFOPLIST_FILE = Amore/Info.plist;
				IPHONEOS_DEPLOYMENT_TARGET = 14.0;
				LD_RUNPATH_SEARCH_PATHS = (
					"$(inherited)",
					"@executable_path/Frameworks",
				);
				PRODUCT_BUNDLE_IDENTIFIER = None.Amore;
				PRODUCT_NAME = "$(TARGET_NAME)";
				SWIFT_VERSION = 5.0;
				TARGETED_DEVICE_FAMILY = "1,2";
			};
			name = Release;
		};
/* End XCBuildConfiguration section */

/* Begin XCConfigurationList section */
		E2F8AA4826F9427F00CC7A72 /* Build configuration list for PBXProject "Amore" */ = {
			isa = XCConfigurationList;
			buildConfigurations = (
				E2F8AA5A26F9428100CC7A72 /* Debug */,
				E2F8AA5B26F9428100CC7A72 /* Release */,
			);
			defaultConfigurationIsVisible = 0;
			defaultConfigurationName = Release;
		};
		E2F8AA5C26F9428100CC7A72 /* Build configuration list for PBXNativeTarget "Amore" */ = {
			isa = XCConfigurationList;
			buildConfigurations = (
				E2F8AA5D26F9428100CC7A72 /* Debug */,
				E2F8AA5E26F9428100CC7A72 /* Release */,
			);
			defaultConfigurationIsVisible = 0;
			defaultConfigurationName = Release;
		};
/* End XCConfigurationList section */

/* Begin XCRemoteSwiftPackageReference section */
		E234711C271BDA020006F336 /* XCRemoteSwiftPackageReference "stream-chat-swift" */ = {
			isa = XCRemoteSwiftPackageReference;
			repositoryURL = "https://github.com/GetStream/stream-chat-swift.git";
			requirement = {
				kind = upToNextMajorVersion;
				minimumVersion = 3.0.0;
			};
		};
		E291A1E126FE3663000D8A2C /* XCRemoteSwiftPackageReference "iPhoneNumberField" */ = {
			isa = XCRemoteSwiftPackageReference;
			repositoryURL = "https://github.com/MojtabaHs/iPhoneNumberField";
			requirement = {
				kind = upToNextMajorVersion;
				minimumVersion = 0.6.1;
			};
		};
		E2FE138F271A3E8A005E2BB9 /* XCRemoteSwiftPackageReference "jwt-kit" */ = {
			isa = XCRemoteSwiftPackageReference;
			repositoryURL = "https://github.com/vapor/jwt-kit";
			requirement = {
				kind = upToNextMajorVersion;
				minimumVersion = 4.0.0;
			};
		};
/* End XCRemoteSwiftPackageReference section */

/* Begin XCSwiftPackageProductDependency section */
		E234711D271BDA020006F336 /* StreamChat */ = {
			isa = XCSwiftPackageProductDependency;
			package = E234711C271BDA020006F336 /* XCRemoteSwiftPackageReference "stream-chat-swift" */;
			productName = StreamChat;
		};
		E291A1E226FE3664000D8A2C /* iPhoneNumberField */ = {
			isa = XCSwiftPackageProductDependency;
			package = E291A1E126FE3663000D8A2C /* XCRemoteSwiftPackageReference "iPhoneNumberField" */;
			productName = iPhoneNumberField;
		};
		E2FE1390271A3E8A005E2BB9 /* JWTKit */ = {
			isa = XCSwiftPackageProductDependency;
			package = E2FE138F271A3E8A005E2BB9 /* XCRemoteSwiftPackageReference "jwt-kit" */;
			productName = JWTKit;
		};
/* End XCSwiftPackageProductDependency section */

/* Begin XCVersionGroup section */
		E226CF7C270B596F00FC5129 /* AmoreCoreDataModel.xcdatamodeld */ = {
			isa = XCVersionGroup;
			children = (
				E226CF7D270B596F00FC5129 /* AmoreCoreDataModel.xcdatamodel */,
			);
			currentVersion = E226CF7D270B596F00FC5129 /* AmoreCoreDataModel.xcdatamodel */;
			path = AmoreCoreDataModel.xcdatamodeld;
			sourceTree = "<group>";
			versionGroupType = wrapper.xcdatamodel;
		};
/* End XCVersionGroup section */
	};
	rootObject = E2F8AA4526F9427F00CC7A72 /* Project object */;
}
