// !$*UTF8*$!
{
	archiveVersion = 1;
	classes = {
	};
	objectVersion = 52;
	objects = {

/* Begin PBXBuildFile section */
		1B1D3228274E36E50096B40B /* CardProfileModel.swift in Sources */ = {isa = PBXBuildFile; fileRef = 1B1D3227274E36E50096B40B /* CardProfileModel.swift */; };
		1B374DDB2701D5F300DFE639 /* GoogleService-Info.plist in Resources */ = {isa = PBXBuildFile; fileRef = 1B374DDA2701D5F300DFE639 /* GoogleService-Info.plist */; };
		1B374DE027020BB700DFE639 /* FirebaseServices.swift in Sources */ = {isa = PBXBuildFile; fileRef = 1B374DDF27020BB700DFE639 /* FirebaseServices.swift */; };
		1B38DFC227B8C1A0009B905F /* ChatBubble.swift in Sources */ = {isa = PBXBuildFile; fileRef = 1B38DFC127B8C1A0009B905F /* ChatBubble.swift */; };
		1B39493427D2DAF300793431 /* HideKeyboardExtension.swift in Sources */ = {isa = PBXBuildFile; fileRef = 1B39493327D2DAF300793431 /* HideKeyboardExtension.swift */; };
		1B39493627D3263100793431 /* CustomScrollView.swift in Sources */ = {isa = PBXBuildFile; fileRef = 1B39493527D3263100793431 /* CustomScrollView.swift */; };
		1B4ED878270F345E00290FFF /* CardPassions.swift in Sources */ = {isa = PBXBuildFile; fileRef = 1B4ED871270F345E00290FFF /* CardPassions.swift */; };
		1B4ED87D270F345E00290FFF /* LikeDislikeSuperLike.swift in Sources */ = {isa = PBXBuildFile; fileRef = 1B4ED876270F345E00290FFF /* LikeDislikeSuperLike.swift */; };
		1B58A44F27144FA800565429 /* UIImageExtension.swift in Sources */ = {isa = PBXBuildFile; fileRef = 1B58A44E27144FA800565429 /* UIImageExtension.swift */; };
		1B58A4512715E35300565429 /* ImageServices.swift in Sources */ = {isa = PBXBuildFile; fileRef = 1B58A4502715E35300565429 /* ImageServices.swift */; };
		1B5D5E0427E98D3B007D4767 /* ViewExtensions.swift in Sources */ = {isa = PBXBuildFile; fileRef = 1B5D5E0327E98D3B007D4767 /* ViewExtensions.swift */; };
		1B6273CA274509D400590DD1 /* ProfileImageView.swift in Sources */ = {isa = PBXBuildFile; fileRef = 1B6273C9274509D400590DD1 /* ProfileImageView.swift */; };
		1B6273CC27450D9E00590DD1 /* CustomViewModifiers.swift in Sources */ = {isa = PBXBuildFile; fileRef = 1B6273CB27450D9E00590DD1 /* CustomViewModifiers.swift */; };
		1B6273CE274B7B9A00590DD1 /* Filters.swift in Sources */ = {isa = PBXBuildFile; fileRef = 1B6273CD274B7B9A00590DD1 /* Filters.swift */; };
		1B6273D0274B82FD00590DD1 /* FilterModel.swift in Sources */ = {isa = PBXBuildFile; fileRef = 1B6273CF274B82FD00590DD1 /* FilterModel.swift */; };
		1B64588B285300BD00D5AD6E /* TextEditorWithPlaceholder.swift in Sources */ = {isa = PBXBuildFile; fileRef = 1B64588A285300BD00D5AD6E /* TextEditorWithPlaceholder.swift */; };
		1B6AB336271DBE9600A45A82 /* (null) in Sources */ = {isa = PBXBuildFile; };
		1B72A54E270724F10074F144 /* FirestoreServices.swift in Sources */ = {isa = PBXBuildFile; fileRef = 1B72A54D270724F10074F144 /* FirestoreServices.swift */; };
		1B72A5502707274A0074F144 /* ProfileViewModel.swift in Sources */ = {isa = PBXBuildFile; fileRef = 1B72A54F2707274A0074F144 /* ProfileViewModel.swift */; };
		1B7C1D69284B0F8B0020A874 /* DirectMessageCardView.swift in Sources */ = {isa = PBXBuildFile; fileRef = 1B7C1D68284B0F8B0020A874 /* DirectMessageCardView.swift */; };
		1B96B73D272A850D0009683A /* UserProfileBasicInfo.swift in Sources */ = {isa = PBXBuildFile; fileRef = 1B96B73C272A850D0009683A /* UserProfileBasicInfo.swift */; };
		1B96B73F272A95840009683A /* OptionalExtension.swift in Sources */ = {isa = PBXBuildFile; fileRef = 1B96B73E272A95840009683A /* OptionalExtension.swift */; };
		1B9848B7270C96DA00C2F98D /* ProfileCore+CoreDataClass.swift in Sources */ = {isa = PBXBuildFile; fileRef = 1B9848B5270C96DA00C2F98D /* ProfileCore+CoreDataClass.swift */; };
		1B9848B8270C96DA00C2F98D /* ProfileCore+CoreDataProperties.swift in Sources */ = {isa = PBXBuildFile; fileRef = 1B9848B6270C96DA00C2F98D /* ProfileCore+CoreDataProperties.swift */; };
		1BA0A67428592C510032DE4E /* ReverseScrollView.swift in Sources */ = {isa = PBXBuildFile; fileRef = 1BA0A67328592C510032DE4E /* ReverseScrollView.swift */; };
		1BB36D2E27ACE6EA00F4029C /* MainMessageView.swift in Sources */ = {isa = PBXBuildFile; fileRef = 1BB36D2D27ACE6EA00F4029C /* MainMessageView.swift */; };
		1BB36D3027ACE88200F4029C /* ChatUser.swift in Sources */ = {isa = PBXBuildFile; fileRef = 1BB36D2F27ACE88200F4029C /* ChatUser.swift */; };
		1BB36D3227ACE91A00F4029C /* MainMessagesViewModel.swift in Sources */ = {isa = PBXBuildFile; fileRef = 1BB36D3127ACE91A00F4029C /* MainMessagesViewModel.swift */; };
		1BB36D3427ADB9DC00F4029C /* ConversationView.swift in Sources */ = {isa = PBXBuildFile; fileRef = 1BB36D3327ADB9DB00F4029C /* ConversationView.swift */; };
		1BB36D3827ADBC1C00F4029C /* customNavBar.swift in Sources */ = {isa = PBXBuildFile; fileRef = 1BB36D3727ADBC1C00F4029C /* customNavBar.swift */; };
		1BB36D3A27ADBD3000F4029C /* AllConversationsView.swift in Sources */ = {isa = PBXBuildFile; fileRef = 1BB36D3927ADBD3000F4029C /* AllConversationsView.swift */; };
		1BB36D3C27AE302200F4029C /* ChatModel.swift in Sources */ = {isa = PBXBuildFile; fileRef = 1BB36D3B27AE302200F4029C /* ChatModel.swift */; };
		1BB36D3E27AE744800F4029C /* ChatText.swift in Sources */ = {isa = PBXBuildFile; fileRef = 1BB36D3D27AE744800F4029C /* ChatText.swift */; };
		1BBB485427035B2F004D42A3 /* HomeView.swift in Sources */ = {isa = PBXBuildFile; fileRef = 1BBB485327035B2F004D42A3 /* HomeView.swift */; };
		1BC8BE072705CC5E00F0137E /* AddSchool.swift in Sources */ = {isa = PBXBuildFile; fileRef = 1BC8BE012705CC5D00F0137E /* AddSchool.swift */; };
		1BC8BE082705CC5E00F0137E /* SexualOrientation.swift in Sources */ = {isa = PBXBuildFile; fileRef = 1BC8BE022705CC5E00F0137E /* SexualOrientation.swift */; };
		1BC8BE092705CC5E00F0137E /* ShowMe.swift in Sources */ = {isa = PBXBuildFile; fileRef = 1BC8BE032705CC5E00F0137E /* ShowMe.swift */; };
		1BC8BE0A2705CC5E00F0137E /* IAmA.swift in Sources */ = {isa = PBXBuildFile; fileRef = 1BC8BE042705CC5E00F0137E /* IAmA.swift */; };
		1BC8BE0B2705CC5E00F0137E /* AddWork.swift in Sources */ = {isa = PBXBuildFile; fileRef = 1BC8BE052705CC5E00F0137E /* AddWork.swift */; };
		1BC8BE0C2705CC5E00F0137E /* Passions.swift in Sources */ = {isa = PBXBuildFile; fileRef = 1BC8BE062705CC5E00F0137E /* Passions.swift */; };
		1BC8BE0E2705CD7C00F0137E /* Profile.swift in Sources */ = {isa = PBXBuildFile; fileRef = 1BC8BE0D2705CD7C00F0137E /* Profile.swift */; };
		1BDABE8D27AF7D6000772D6A /* ChatConversation.swift in Sources */ = {isa = PBXBuildFile; fileRef = 1BDABE8C27AF7D6000772D6A /* ChatConversation.swift */; };
		1BF29D2D2732714E00455A2F /* UploadWindowsGroup.swift in Sources */ = {isa = PBXBuildFile; fileRef = 1BF29D2C2732714E00455A2F /* UploadWindowsGroup.swift */; };
		1BF55ECB272025860027F78F /* (null) in Sources */ = {isa = PBXBuildFile; };
		1BF55ECD272025CC0027F78F /* (null) in Sources */ = {isa = PBXBuildFile; };
		1BFCBADC2721AA830002BA67 /* CommunityFilter.swift in Sources */ = {isa = PBXBuildFile; fileRef = 1BFCBADB2721AA820002BA67 /* CommunityFilter.swift */; };
		1BFCBADE2721B9B60002BA67 /* CareerFilter.swift in Sources */ = {isa = PBXBuildFile; fileRef = 1BFCBADD2721B9B60002BA67 /* CareerFilter.swift */; };
		1BFCBAE12721BBCA0002BA67 /* EducationFilter.swift in Sources */ = {isa = PBXBuildFile; fileRef = 1BFCBAE02721BBCA0002BA67 /* EducationFilter.swift */; };
		1BFCBAE32721BD260002BA67 /* RaisedInFilter.swift in Sources */ = {isa = PBXBuildFile; fileRef = 1BFCBAE22721BD260002BA67 /* RaisedInFilter.swift */; };
		684BD1B7C189E0EEDBA471A8 /* Pods_Amore.framework in Frameworks */ = {isa = PBXBuildFile; fileRef = 5C14CAF4D2E16E20C370CD03 /* Pods_Amore.framework */; };
		E205F6792764351700196A06 /* ReceivedGivenEliteModel.swift in Sources */ = {isa = PBXBuildFile; fileRef = E205F6782764351700196A06 /* ReceivedGivenEliteModel.swift */; };
		E205F67D2766A3D600196A06 /* FetchDataModel.swift in Sources */ = {isa = PBXBuildFile; fileRef = E205F67C2766A3D600196A06 /* FetchDataModel.swift */; };
		E20CFEEE2875044D00EF7EB1 /* TabModel.swift in Sources */ = {isa = PBXBuildFile; fileRef = E20CFEED2875044C00EF7EB1 /* TabModel.swift */; };
		E221EAAB2714F79A00769234 /* ViewRouter.swift in Sources */ = {isa = PBXBuildFile; fileRef = E221EAAA2714F79A00769234 /* ViewRouter.swift */; };
		E221EAAD2714F84F00769234 /* Helper.swift in Sources */ = {isa = PBXBuildFile; fileRef = E221EAAC2714F84F00769234 /* Helper.swift */; };
		E221EAAF2714FBDA00769234 /* UserProfile.swift in Sources */ = {isa = PBXBuildFile; fileRef = E221EAAE2714FBDA00769234 /* UserProfile.swift */; };
		E221EAB12714FD0700769234 /* LikesTopPicksHome.swift in Sources */ = {isa = PBXBuildFile; fileRef = E221EAB02714FD0700769234 /* LikesTopPicksHome.swift */; };
		E221EAB32715066000769234 /* FilterSettings.swift in Sources */ = {isa = PBXBuildFile; fileRef = E221EAB22715066000769234 /* FilterSettings.swift */; };
		E22328D32755A726000ABBA6 /* UserOtherInformation.swift in Sources */ = {isa = PBXBuildFile; fileRef = E22328D22755A726000ABBA6 /* UserOtherInformation.swift */; };
		E226CF402707B19800FC5129 /* LocationView.swift in Sources */ = {isa = PBXBuildFile; fileRef = E226CF3E2707B19800FC5129 /* LocationView.swift */; };
		E226CF422707D78C00FC5129 /* LocationHomeView.swift in Sources */ = {isa = PBXBuildFile; fileRef = E226CF412707D78C00FC5129 /* LocationHomeView.swift */; };
		E226CF442708ADAE00FC5129 /* LocationDenied.swift in Sources */ = {isa = PBXBuildFile; fileRef = E226CF432708ADAE00FC5129 /* LocationDenied.swift */; };
		E226CF472708C8D500FC5129 /* EnableNotifications.swift in Sources */ = {isa = PBXBuildFile; fileRef = E226CF462708C8D500FC5129 /* EnableNotifications.swift */; };
		E226CF4A2709F76800FC5129 /* AddPhotosView.swift in Sources */ = {isa = PBXBuildFile; fileRef = E226CF492709F76800FC5129 /* AddPhotosView.swift */; };
		E226CF4E2709FD9A00FC5129 /* ImagePicker.swift in Sources */ = {isa = PBXBuildFile; fileRef = E226CF4D2709FD9A00FC5129 /* ImagePicker.swift */; };
		E226CF50270A178600FC5129 /* UploadPhotoWindow.swift in Sources */ = {isa = PBXBuildFile; fileRef = E226CF4F270A178600FC5129 /* UploadPhotoWindow.swift */; };
		E226CF77270B3FEA00FC5129 /* Persistence.swift in Sources */ = {isa = PBXBuildFile; fileRef = E226CF76270B3FEA00FC5129 /* Persistence.swift */; };
		E226CF93270B910900FC5129 /* AmoreCoreDataModel.xcdatamodeld in Sources */ = {isa = PBXBuildFile; fileRef = E226CF7C270B596F00FC5129 /* AmoreCoreDataModel.xcdatamodeld */; };
		E226CF96270BA7C700FC5129 /* Item+CoreDataClass.swift in Sources */ = {isa = PBXBuildFile; fileRef = E226CF94270BA7C700FC5129 /* Item+CoreDataClass.swift */; };
		E226CF97270BA7C700FC5129 /* Item+CoreDataProperties.swift in Sources */ = {isa = PBXBuildFile; fileRef = E226CF95270BA7C700FC5129 /* Item+CoreDataProperties.swift */; };
		E22D555E27540D5700852D70 /* ServerErrorView.swift in Sources */ = {isa = PBXBuildFile; fileRef = E22D555D27540D5700852D70 /* ServerErrorView.swift */; };
		E22D5562275532B800852D70 /* ColorExtension.swift in Sources */ = {isa = PBXBuildFile; fileRef = E22D5561275532B800852D70 /* ColorExtension.swift */; };
		E22D55642755828400852D70 /* WorkAndSchool.swift in Sources */ = {isa = PBXBuildFile; fileRef = E22D55632755828400852D70 /* WorkAndSchool.swift */; };
		E2347122271BE10E0006F336 /* Credentials.swift in Sources */ = {isa = PBXBuildFile; fileRef = E2347121271BE10E0006F336 /* Credentials.swift */; };
		E2347130271C972F0006F336 /* LoadingScreen.swift in Sources */ = {isa = PBXBuildFile; fileRef = E234712F271C972F0006F336 /* LoadingScreen.swift */; };
		E2347132271DC3A00006F336 /* TabButtonMenu.swift in Sources */ = {isa = PBXBuildFile; fileRef = E2347131271DC3A00006F336 /* TabButtonMenu.swift */; };
		E2347134271DC4C30006F336 /* CardDetail.swift in Sources */ = {isa = PBXBuildFile; fileRef = E2347133271DC4C30006F336 /* CardDetail.swift */; };
		E2347136271DC4E50006F336 /* MiniCardView.swift in Sources */ = {isa = PBXBuildFile; fileRef = E2347135271DC4E50006F336 /* MiniCardView.swift */; };
		E234713A271DC5640006F336 /* TopPicksProfiles.swift in Sources */ = {isa = PBXBuildFile; fileRef = E2347139271DC5640006F336 /* TopPicksProfiles.swift */; };
		E2347140271F4B5E0006F336 /* CommonContainer.swift in Sources */ = {isa = PBXBuildFile; fileRef = E234713F271F4B5D0006F336 /* CommonContainer.swift */; };
		E2347142271F4B970006F336 /* GenderSettings.swift in Sources */ = {isa = PBXBuildFile; fileRef = E2347141271F4B970006F336 /* GenderSettings.swift */; };
		E237CED926FD391D004F20AB /* SignUp.swift in Sources */ = {isa = PBXBuildFile; fileRef = E237CED826FD391D004F20AB /* SignUp.swift */; };
		E23BAA962741BB7B00F619D6 /* NameAgeDistance.swift in Sources */ = {isa = PBXBuildFile; fileRef = E23BAA952741BB7B00F619D6 /* NameAgeDistance.swift */; };
		E23BAA992741D8A700F619D6 /* WrappingStack in Frameworks */ = {isa = PBXBuildFile; productRef = E23BAA982741D8A700F619D6 /* WrappingStack */; };
		E23BAA9B2741DF1300F619D6 /* ChildCardView.swift in Sources */ = {isa = PBXBuildFile; fileRef = E23BAA9A2741DF1300F619D6 /* ChildCardView.swift */; };
		E24A0F16271256C4001640CA /* AllCardsView.swift in Sources */ = {isa = PBXBuildFile; fileRef = E24A0F15271256C4001640CA /* AllCardsView.swift */; };
		E24A0F1827125727001640CA /* SingleCardView.swift in Sources */ = {isa = PBXBuildFile; fileRef = E24A0F1727125727001640CA /* SingleCardView.swift */; };
		E2530F5A277CB0760040CAB2 /* RadiusFilter.swift in Sources */ = {isa = PBXBuildFile; fileRef = E2530F59277CB0760040CAB2 /* RadiusFilter.swift */; };
		E25B0F3C285FB14800411BDA /* BoostUserProfile.swift in Sources */ = {isa = PBXBuildFile; fileRef = E25B0F3B285FB14800411BDA /* BoostUserProfile.swift */; };
		E25B7494280CAAC700C87855 /* PaymentComplete.swift in Sources */ = {isa = PBXBuildFile; fileRef = E25B7493280CAAC700C87855 /* PaymentComplete.swift */; };
		E25D15A128675FE8001330DB /* CustomButton.swift in Sources */ = {isa = PBXBuildFile; fileRef = E25D15A028675FE8001330DB /* CustomButton.swift */; };
		E25D15A32867613F001330DB /* Extensions.swift in Sources */ = {isa = PBXBuildFile; fileRef = E25D15A22867613F001330DB /* Extensions.swift */; };
		E25D15A528676155001330DB /* CustomFont.swift in Sources */ = {isa = PBXBuildFile; fileRef = E25D15A428676155001330DB /* CustomFont.swift */; };
		E268A462274340790045F264 /* MoreInfoForBetterMatch.swift in Sources */ = {isa = PBXBuildFile; fileRef = E268A461274340790045F264 /* MoreInfoForBetterMatch.swift */; };
		E268A4642745D6140045F264 /* IntroductionForMoreInfo.swift in Sources */ = {isa = PBXBuildFile; fileRef = E268A4632745D6140045F264 /* IntroductionForMoreInfo.swift */; };
		E268A4662745E6520045F264 /* QuestionaireTemplate.swift in Sources */ = {isa = PBXBuildFile; fileRef = E268A4652745E6520045F264 /* QuestionaireTemplate.swift */; };
		E268A468274601830045F264 /* UserHeight.swift in Sources */ = {isa = PBXBuildFile; fileRef = E268A467274601830045F264 /* UserHeight.swift */; };
		E268A46A274603CD0045F264 /* Completed.swift in Sources */ = {isa = PBXBuildFile; fileRef = E268A469274603CD0045F264 /* Completed.swift */; };
		E268A46C2747DB9A0045F264 /* CardProfiles.swift in Sources */ = {isa = PBXBuildFile; fileRef = E268A46B2747DB9A0045F264 /* CardProfiles.swift */; };
		E26B4A962868B9FB0020C81D /* radiate.riv in Resources */ = {isa = PBXBuildFile; fileRef = E26B4A952868B9FB0020C81D /* radiate.riv */; };
		E273C318273E9CBE00AA3359 /* AdminAuthenticationViewModel.swift in Sources */ = {isa = PBXBuildFile; fileRef = E273C317273E9CBE00AA3359 /* AdminAuthenticationViewModel.swift */; };
		E273C31A2740740A00AA3359 /* LikeDislikeButtons.swift in Sources */ = {isa = PBXBuildFile; fileRef = E273C3192740740A00AA3359 /* LikeDislikeButtons.swift */; };
		E273C31C27415FEA00AA3359 /* CardImages.swift in Sources */ = {isa = PBXBuildFile; fileRef = E273C31B27415FE900AA3359 /* CardImages.swift */; };
		E273C31E274170D200AA3359 /* ProfileBioHeadline.swift in Sources */ = {isa = PBXBuildFile; fileRef = E273C31D274170D200AA3359 /* ProfileBioHeadline.swift */; };
		E275356328662AD800F04BD3 /* shapes.riv in Resources */ = {isa = PBXBuildFile; fileRef = E275356228662AD800F04BD3 /* shapes.riv */; };
		E27AC5442720C9BA00EB50F7 /* iPhoneNumberField in Frameworks */ = {isa = PBXBuildFile; productRef = E27AC5432720C9BA00EB50F7 /* iPhoneNumberField */; };
		E27AC5472720CA0A00EB50F7 /* JWTKit in Frameworks */ = {isa = PBXBuildFile; productRef = E27AC5462720CA0A00EB50F7 /* JWTKit */; };
		E27AC5492720CB5400EB50F7 /* PhotoModel.swift in Sources */ = {isa = PBXBuildFile; fileRef = E27AC5482720CB5400EB50F7 /* PhotoModel.swift */; };
		E27AC54B2720CB6200EB50F7 /* Photo.swift in Sources */ = {isa = PBXBuildFile; fileRef = E27AC54A2720CB6200EB50F7 /* Photo.swift */; };
		E27AC54D2721237500EB50F7 /* ReligionSettings.swift in Sources */ = {isa = PBXBuildFile; fileRef = E27AC54C2721237500EB50F7 /* ReligionSettings.swift */; };
		E27CCEB627E44130006278EB /* IAPFirebaseModel.swift in Sources */ = {isa = PBXBuildFile; fileRef = E27CCEB527E44130006278EB /* IAPFirebaseModel.swift */; };
		E283677526F9534200EEA049 /* Sk-Modernist-Bold.otf in Resources */ = {isa = PBXBuildFile; fileRef = E283677226F9534200EEA049 /* Sk-Modernist-Bold.otf */; };
		E283677626F9534200EEA049 /* Sk-Modernist-Mono.otf in Resources */ = {isa = PBXBuildFile; fileRef = E283677326F9534200EEA049 /* Sk-Modernist-Mono.otf */; };
		E283677726F9534200EEA049 /* Sk-Modernist-Regular.otf in Resources */ = {isa = PBXBuildFile; fileRef = E283677426F9534200EEA049 /* Sk-Modernist-Regular.otf */; };
		E283677926FAA08B00EEA049 /* OnboardingCards.swift in Sources */ = {isa = PBXBuildFile; fileRef = E283677826FAA08B00EEA049 /* OnboardingCards.swift */; };
		E283677C26FAA7B700EEA049 /* Onboarding.json in Resources */ = {isa = PBXBuildFile; fileRef = E283677B26FAA7B700EEA049 /* Onboarding.json */; };
		E283677F26FAB79800EEA049 /* Onboarding.swift in Sources */ = {isa = PBXBuildFile; fileRef = E283677E26FAB79800EEA049 /* Onboarding.swift */; };
		E283678126FAB85400EEA049 /* OnboardingModel.swift in Sources */ = {isa = PBXBuildFile; fileRef = E283678026FAB85400EEA049 /* OnboardingModel.swift */; };
		E283678426FAB8C800EEA049 /* DataService.swift in Sources */ = {isa = PBXBuildFile; fileRef = E283678326FAB8C800EEA049 /* DataService.swift */; };
		E2851CAE272711C5005B19E1 /* PreviewProfile.swift in Sources */ = {isa = PBXBuildFile; fileRef = E2851CAD272711C5005B19E1 /* PreviewProfile.swift */; };
		E2851CB02727580C005B19E1 /* EditProfileUtil.swift in Sources */ = {isa = PBXBuildFile; fileRef = E2851CAF2727580B005B19E1 /* EditProfileUtil.swift */; };
		E2851CB227277A6B005B19E1 /* DeleteProfileButton.swift in Sources */ = {isa = PBXBuildFile; fileRef = E2851CB127277A6B005B19E1 /* DeleteProfileButton.swift */; };
		E2851CB427277D7A005B19E1 /* ContactSupport.swift in Sources */ = {isa = PBXBuildFile; fileRef = E2851CB327277D7A005B19E1 /* ContactSupport.swift */; };
		E291A1E526FE3711000D8A2C /* LoginPhoneNumber.swift in Sources */ = {isa = PBXBuildFile; fileRef = E291A1E426FE3711000D8A2C /* LoginPhoneNumber.swift */; };
		E291A1E726FE8FE6000D8A2C /* LoginOTPKeyCodeParent.swift in Sources */ = {isa = PBXBuildFile; fileRef = E291A1E626FE8FE6000D8A2C /* LoginOTPKeyCodeParent.swift */; };
		E291A1EC26FF5BF8000D8A2C /* OTPViewModel.swift in Sources */ = {isa = PBXBuildFile; fileRef = E291A1EB26FF5BF8000D8A2C /* OTPViewModel.swift */; };
		E291A1EE26FF5C06000D8A2C /* LoginOTPKeyCodeChild.swift in Sources */ = {isa = PBXBuildFile; fileRef = E291A1ED26FF5C06000D8A2C /* LoginOTPKeyCodeChild.swift */; };
		E291A1F226FF98B3000D8A2C /* BasicUserInfoForm.swift in Sources */ = {isa = PBXBuildFile; fileRef = E291A1F126FF98B3000D8A2C /* BasicUserInfoForm.swift */; };
		E295F37B274877840003A1E1 /* NoPhotoProvided.swift in Sources */ = {isa = PBXBuildFile; fileRef = E295F37A274877840003A1E1 /* NoPhotoProvided.swift */; };
		E298BA0E2713350900C82174 /* CardBasicInfo.swift in Sources */ = {isa = PBXBuildFile; fileRef = E298BA0D2713350900C82174 /* CardBasicInfo.swift */; };
		E298BA142713A85500C82174 /* ControlCenter.swift in Sources */ = {isa = PBXBuildFile; fileRef = E298BA132713A85500C82174 /* ControlCenter.swift */; };
		E29B29392722B09400C38035 /* UserEditProfile.swift in Sources */ = {isa = PBXBuildFile; fileRef = E29B29382722B09400C38035 /* UserEditProfile.swift */; };
		E29B293B27234B6B00C38035 /* UserSettingView.swift in Sources */ = {isa = PBXBuildFile; fileRef = E29B293A27234B6B00C38035 /* UserSettingView.swift */; };
		E29B293D27234B8900C38035 /* UserSafetyView.swift in Sources */ = {isa = PBXBuildFile; fileRef = E29B293C27234B8900C38035 /* UserSafetyView.swift */; };
		E29B293F272461F400C38035 /* SubscriptionDetails.swift in Sources */ = {isa = PBXBuildFile; fileRef = E29B293E272461F400C38035 /* SubscriptionDetails.swift */; };
		E29B2941272637B400C38035 /* EditCardInfo.swift in Sources */ = {isa = PBXBuildFile; fileRef = E29B2940272637B400C38035 /* EditCardInfo.swift */; };
		E2A94C68276B93090069F814 /* ButtonIcon.swift in Sources */ = {isa = PBXBuildFile; fileRef = E2A94C67276B93090069F814 /* ButtonIcon.swift */; };
		E2A94C6A276BA9660069F814 /* ReportingIssuesList.swift in Sources */ = {isa = PBXBuildFile; fileRef = E2A94C69276BA9660069F814 /* ReportingIssuesList.swift */; };
		E2A94C6C276CF7BC0069F814 /* RadioButton.swift in Sources */ = {isa = PBXBuildFile; fileRef = E2A94C6B276CF7BC0069F814 /* RadioButton.swift */; };
		E2A960FB27C1F268009108F0 /* AmorePlatinum.swift in Sources */ = {isa = PBXBuildFile; fileRef = E2A960FA27C1F268009108F0 /* AmorePlatinum.swift */; };
		E2A960FD27C1F280009108F0 /* AmoreGold.swift in Sources */ = {isa = PBXBuildFile; fileRef = E2A960FC27C1F280009108F0 /* AmoreGold.swift */; };
		E2A960FF27C345D6009108F0 /* SubsriptionItemPricing.swift in Sources */ = {isa = PBXBuildFile; fileRef = E2A960FE27C345D6009108F0 /* SubsriptionItemPricing.swift */; };
		E2A9610127CB4661009108F0 /* StoreKit.framework in Frameworks */ = {isa = PBXBuildFile; fileRef = E2A9610027CB4660009108F0 /* StoreKit.framework */; };
		E2A9610327CC89FF009108F0 /* StoreManager.swift in Sources */ = {isa = PBXBuildFile; fileRef = E2A9610227CC89FF009108F0 /* StoreManager.swift */; };
		E2BE415C283AA7AC00AD42CE /* ProfileViewModelFlask.swift in Sources */ = {isa = PBXBuildFile; fileRef = E2BE415B283AA7AB00AD42CE /* ProfileViewModelFlask.swift */; };
		E2C59093270CA225001F78E7 /* ImageCropper.swift in Sources */ = {isa = PBXBuildFile; fileRef = E2C59092270CA225001F78E7 /* ImageCropper.swift */; };
		E2D00E0C286647460037DC07 /* button.riv in Resources */ = {isa = PBXBuildFile; fileRef = E2D00E0B286647460037DC07 /* button.riv */; };
		E2D0F00C276E9BB3003EDA83 /* TextSlider.swift in Sources */ = {isa = PBXBuildFile; fileRef = E2D0F00B276E9BB2003EDA83 /* TextSlider.swift */; };
		E2D0F00E27727FA8003EDA83 /* ReportAcitivityModel.swift in Sources */ = {isa = PBXBuildFile; fileRef = E2D0F00D27727FA7003EDA83 /* ReportAcitivityModel.swift */; };
		E2D0F01027738C51003EDA83 /* AgeSettings.swift in Sources */ = {isa = PBXBuildFile; fileRef = E2D0F00F27738C51003EDA83 /* AgeSettings.swift */; };
		E2DBC025272B3621000630F5 /* ContactCommunityLegal.swift in Sources */ = {isa = PBXBuildFile; fileRef = E2DBC024272B3621000630F5 /* ContactCommunityLegal.swift */; };
		E2DBC027272B3BC0000630F5 /* SFSafariViewWrapper.swift in Sources */ = {isa = PBXBuildFile; fileRef = E2DBC026272B3BC0000630F5 /* SFSafariViewWrapper.swift */; };
		E2DBC02B272CA85D000630F5 /* MyAmore.swift in Sources */ = {isa = PBXBuildFile; fileRef = E2DBC02A272CA85D000630F5 /* MyAmore.swift */; };
		E2DBC02D272D8845000630F5 /* UserSnapDetails.swift in Sources */ = {isa = PBXBuildFile; fileRef = E2DBC02C272D8844000630F5 /* UserSnapDetails.swift */; };
		E2DBC02F272D8E06000630F5 /* SettingEditProfileSafety.swift in Sources */ = {isa = PBXBuildFile; fileRef = E2DBC02E272D8E06000630F5 /* SettingEditProfileSafety.swift */; };
		E2DBC038272DFC9C000630F5 /* MyAmoreCard.swift in Sources */ = {isa = PBXBuildFile; fileRef = E2DBC037272DFC9C000630F5 /* MyAmoreCard.swift */; };
		E2DBFE27275EC05200250686 /* RequestData.swift in Sources */ = {isa = PBXBuildFile; fileRef = E2DBFE26275EC05200250686 /* RequestData.swift */; };
		E2E0176D277A804300527E24 /* TopPicksChild.swift in Sources */ = {isa = PBXBuildFile; fileRef = E2E0176C277A804300527E24 /* TopPicksChild.swift */; };
		E2E0176F277A859C00527E24 /* LikesTopPicksButtons.swift in Sources */ = {isa = PBXBuildFile; fileRef = E2E0176E277A859C00527E24 /* LikesTopPicksButtons.swift */; };
		E2F8AA5126F9427F00CC7A72 /* AmoreApp.swift in Sources */ = {isa = PBXBuildFile; fileRef = E2F8AA5026F9427F00CC7A72 /* AmoreApp.swift */; };
		E2F8AA5326F9427F00CC7A72 /* ContentView.swift in Sources */ = {isa = PBXBuildFile; fileRef = E2F8AA5226F9427F00CC7A72 /* ContentView.swift */; };
		E2F8AA5526F9428100CC7A72 /* Assets.xcassets in Resources */ = {isa = PBXBuildFile; fileRef = E2F8AA5426F9428100CC7A72 /* Assets.xcassets */; };
		E2F8AA5826F9428100CC7A72 /* Preview Assets.xcassets in Resources */ = {isa = PBXBuildFile; fileRef = E2F8AA5726F9428100CC7A72 /* Preview Assets.xcassets */; };
		E2F8AA6626F948BD00CC7A72 /* Fonts.swift in Sources */ = {isa = PBXBuildFile; fileRef = E2F8AA6526F948BD00CC7A72 /* Fonts.swift */; };
		E2FE1395271B661C005E2BB9 /* OnboardingAllCards.swift in Sources */ = {isa = PBXBuildFile; fileRef = E2FE1394271B661C005E2BB9 /* OnboardingAllCards.swift */; };
		E2FE1398271B67E4005E2BB9 /* LogInButtonSheet.swift in Sources */ = {isa = PBXBuildFile; fileRef = E2FE1397271B67E4005E2BB9 /* LogInButtonSheet.swift */; };
		E2FE49BE275177C500744930 /* DeckCards.swift in Sources */ = {isa = PBXBuildFile; fileRef = E2FE49BD275177C500744930 /* DeckCards.swift */; };
/* End PBXBuildFile section */

/* Begin PBXCopyFilesBuildPhase section */
		E237CEE626FD531F004F20AB /* Embed Frameworks */ = {
			isa = PBXCopyFilesBuildPhase;
			buildActionMask = 2147483647;
			dstPath = "";
			dstSubfolderSpec = 10;
			files = (
			);
			name = "Embed Frameworks";
			runOnlyForDeploymentPostprocessing = 0;
		};
/* End PBXCopyFilesBuildPhase section */

/* Begin PBXFileReference section */
		1B1D3227274E36E50096B40B /* CardProfileModel.swift */ = {isa = PBXFileReference; lastKnownFileType = sourcecode.swift; path = CardProfileModel.swift; sourceTree = "<group>"; };
		1B374DDA2701D5F300DFE639 /* GoogleService-Info.plist */ = {isa = PBXFileReference; fileEncoding = 4; lastKnownFileType = text.plist.xml; path = "GoogleService-Info.plist"; sourceTree = "<group>"; };
		1B374DDF27020BB700DFE639 /* FirebaseServices.swift */ = {isa = PBXFileReference; lastKnownFileType = sourcecode.swift; path = FirebaseServices.swift; sourceTree = "<group>"; };
		1B38DFC127B8C1A0009B905F /* ChatBubble.swift */ = {isa = PBXFileReference; lastKnownFileType = sourcecode.swift; path = ChatBubble.swift; sourceTree = "<group>"; };
		1B39493327D2DAF300793431 /* HideKeyboardExtension.swift */ = {isa = PBXFileReference; lastKnownFileType = sourcecode.swift; path = HideKeyboardExtension.swift; sourceTree = "<group>"; };
		1B39493527D3263100793431 /* CustomScrollView.swift */ = {isa = PBXFileReference; lastKnownFileType = sourcecode.swift; path = CustomScrollView.swift; sourceTree = "<group>"; };
		1B4ED871270F345E00290FFF /* CardPassions.swift */ = {isa = PBXFileReference; fileEncoding = 4; lastKnownFileType = sourcecode.swift; path = CardPassions.swift; sourceTree = "<group>"; };
		1B4ED876270F345E00290FFF /* LikeDislikeSuperLike.swift */ = {isa = PBXFileReference; fileEncoding = 4; lastKnownFileType = sourcecode.swift; path = LikeDislikeSuperLike.swift; sourceTree = "<group>"; };
		1B58A44E27144FA800565429 /* UIImageExtension.swift */ = {isa = PBXFileReference; lastKnownFileType = sourcecode.swift; path = UIImageExtension.swift; sourceTree = "<group>"; };
		1B58A4502715E35300565429 /* ImageServices.swift */ = {isa = PBXFileReference; lastKnownFileType = sourcecode.swift; path = ImageServices.swift; sourceTree = "<group>"; };
		1B5D5E0327E98D3B007D4767 /* ViewExtensions.swift */ = {isa = PBXFileReference; lastKnownFileType = sourcecode.swift; path = ViewExtensions.swift; sourceTree = "<group>"; };
		1B6273C9274509D400590DD1 /* ProfileImageView.swift */ = {isa = PBXFileReference; lastKnownFileType = sourcecode.swift; path = ProfileImageView.swift; sourceTree = "<group>"; };
		1B6273CB27450D9E00590DD1 /* CustomViewModifiers.swift */ = {isa = PBXFileReference; lastKnownFileType = sourcecode.swift; path = CustomViewModifiers.swift; sourceTree = "<group>"; };
		1B6273CD274B7B9A00590DD1 /* Filters.swift */ = {isa = PBXFileReference; lastKnownFileType = sourcecode.swift; path = Filters.swift; sourceTree = "<group>"; };
		1B6273CF274B82FD00590DD1 /* FilterModel.swift */ = {isa = PBXFileReference; lastKnownFileType = sourcecode.swift; path = FilterModel.swift; sourceTree = "<group>"; };
		1B64588A285300BD00D5AD6E /* TextEditorWithPlaceholder.swift */ = {isa = PBXFileReference; lastKnownFileType = sourcecode.swift; path = TextEditorWithPlaceholder.swift; sourceTree = "<group>"; };
		1B72A54D270724F10074F144 /* FirestoreServices.swift */ = {isa = PBXFileReference; lastKnownFileType = sourcecode.swift; path = FirestoreServices.swift; sourceTree = "<group>"; };
		1B72A54F2707274A0074F144 /* ProfileViewModel.swift */ = {isa = PBXFileReference; lastKnownFileType = sourcecode.swift; path = ProfileViewModel.swift; sourceTree = "<group>"; };
		1B7C1D68284B0F8B0020A874 /* DirectMessageCardView.swift */ = {isa = PBXFileReference; lastKnownFileType = sourcecode.swift; path = DirectMessageCardView.swift; sourceTree = "<group>"; };
		1B96B73C272A850D0009683A /* UserProfileBasicInfo.swift */ = {isa = PBXFileReference; lastKnownFileType = sourcecode.swift; path = UserProfileBasicInfo.swift; sourceTree = "<group>"; };
		1B96B73E272A95840009683A /* OptionalExtension.swift */ = {isa = PBXFileReference; lastKnownFileType = sourcecode.swift; path = OptionalExtension.swift; sourceTree = "<group>"; };
		1B9848B5270C96DA00C2F98D /* ProfileCore+CoreDataClass.swift */ = {isa = PBXFileReference; lastKnownFileType = sourcecode.swift; path = "ProfileCore+CoreDataClass.swift"; sourceTree = "<group>"; };
		1B9848B6270C96DA00C2F98D /* ProfileCore+CoreDataProperties.swift */ = {isa = PBXFileReference; lastKnownFileType = sourcecode.swift; path = "ProfileCore+CoreDataProperties.swift"; sourceTree = "<group>"; };
		1BA0A67328592C510032DE4E /* ReverseScrollView.swift */ = {isa = PBXFileReference; lastKnownFileType = sourcecode.swift; path = ReverseScrollView.swift; sourceTree = "<group>"; };
		1BB36D2D27ACE6EA00F4029C /* MainMessageView.swift */ = {isa = PBXFileReference; lastKnownFileType = sourcecode.swift; path = MainMessageView.swift; sourceTree = "<group>"; };
		1BB36D2F27ACE88200F4029C /* ChatUser.swift */ = {isa = PBXFileReference; lastKnownFileType = sourcecode.swift; path = ChatUser.swift; sourceTree = "<group>"; };
		1BB36D3127ACE91A00F4029C /* MainMessagesViewModel.swift */ = {isa = PBXFileReference; lastKnownFileType = sourcecode.swift; path = MainMessagesViewModel.swift; sourceTree = "<group>"; };
		1BB36D3327ADB9DB00F4029C /* ConversationView.swift */ = {isa = PBXFileReference; lastKnownFileType = sourcecode.swift; path = ConversationView.swift; sourceTree = "<group>"; };
		1BB36D3727ADBC1C00F4029C /* customNavBar.swift */ = {isa = PBXFileReference; lastKnownFileType = sourcecode.swift; path = customNavBar.swift; sourceTree = "<group>"; };
		1BB36D3927ADBD3000F4029C /* AllConversationsView.swift */ = {isa = PBXFileReference; lastKnownFileType = sourcecode.swift; path = AllConversationsView.swift; sourceTree = "<group>"; };
		1BB36D3B27AE302200F4029C /* ChatModel.swift */ = {isa = PBXFileReference; lastKnownFileType = sourcecode.swift; path = ChatModel.swift; sourceTree = "<group>"; };
		1BB36D3D27AE744800F4029C /* ChatText.swift */ = {isa = PBXFileReference; lastKnownFileType = sourcecode.swift; path = ChatText.swift; sourceTree = "<group>"; };
		1BBB485027022DE2004D42A3 /* AmoreDebug.entitlements */ = {isa = PBXFileReference; lastKnownFileType = text.plist.entitlements; path = AmoreDebug.entitlements; sourceTree = "<group>"; };
		1BBB485127031F65004D42A3 /* Amore.entitlements */ = {isa = PBXFileReference; lastKnownFileType = text.plist.entitlements; path = Amore.entitlements; sourceTree = "<group>"; };
		1BBB485327035B2F004D42A3 /* HomeView.swift */ = {isa = PBXFileReference; lastKnownFileType = sourcecode.swift; path = HomeView.swift; sourceTree = "<group>"; };
		1BC8BE012705CC5D00F0137E /* AddSchool.swift */ = {isa = PBXFileReference; fileEncoding = 4; lastKnownFileType = sourcecode.swift; path = AddSchool.swift; sourceTree = "<group>"; };
		1BC8BE022705CC5E00F0137E /* SexualOrientation.swift */ = {isa = PBXFileReference; fileEncoding = 4; lastKnownFileType = sourcecode.swift; path = SexualOrientation.swift; sourceTree = "<group>"; };
		1BC8BE032705CC5E00F0137E /* ShowMe.swift */ = {isa = PBXFileReference; fileEncoding = 4; lastKnownFileType = sourcecode.swift; path = ShowMe.swift; sourceTree = "<group>"; };
		1BC8BE042705CC5E00F0137E /* IAmA.swift */ = {isa = PBXFileReference; fileEncoding = 4; lastKnownFileType = sourcecode.swift; path = IAmA.swift; sourceTree = "<group>"; };
		1BC8BE052705CC5E00F0137E /* AddWork.swift */ = {isa = PBXFileReference; fileEncoding = 4; lastKnownFileType = sourcecode.swift; path = AddWork.swift; sourceTree = "<group>"; };
		1BC8BE062705CC5E00F0137E /* Passions.swift */ = {isa = PBXFileReference; fileEncoding = 4; lastKnownFileType = sourcecode.swift; path = Passions.swift; sourceTree = "<group>"; };
		1BC8BE0D2705CD7C00F0137E /* Profile.swift */ = {isa = PBXFileReference; lastKnownFileType = sourcecode.swift; path = Profile.swift; sourceTree = "<group>"; };
		1BDABE8C27AF7D6000772D6A /* ChatConversation.swift */ = {isa = PBXFileReference; lastKnownFileType = sourcecode.swift; path = ChatConversation.swift; sourceTree = "<group>"; };
		1BF29D2C2732714E00455A2F /* UploadWindowsGroup.swift */ = {isa = PBXFileReference; lastKnownFileType = sourcecode.swift; path = UploadWindowsGroup.swift; sourceTree = "<group>"; };
		1BFCBADB2721AA820002BA67 /* CommunityFilter.swift */ = {isa = PBXFileReference; lastKnownFileType = sourcecode.swift; path = CommunityFilter.swift; sourceTree = "<group>"; };
		1BFCBADD2721B9B60002BA67 /* CareerFilter.swift */ = {isa = PBXFileReference; lastKnownFileType = sourcecode.swift; path = CareerFilter.swift; sourceTree = "<group>"; };
		1BFCBAE02721BBCA0002BA67 /* EducationFilter.swift */ = {isa = PBXFileReference; lastKnownFileType = sourcecode.swift; path = EducationFilter.swift; sourceTree = "<group>"; };
		1BFCBAE22721BD260002BA67 /* RaisedInFilter.swift */ = {isa = PBXFileReference; lastKnownFileType = sourcecode.swift; path = RaisedInFilter.swift; sourceTree = "<group>"; };
		5C14CAF4D2E16E20C370CD03 /* Pods_Amore.framework */ = {isa = PBXFileReference; explicitFileType = wrapper.framework; includeInIndex = 0; path = Pods_Amore.framework; sourceTree = BUILT_PRODUCTS_DIR; };
		70E3F776CBF90AA220142739 /* Pods-Amore.release.xcconfig */ = {isa = PBXFileReference; includeInIndex = 1; lastKnownFileType = text.xcconfig; name = "Pods-Amore.release.xcconfig"; path = "Target Support Files/Pods-Amore/Pods-Amore.release.xcconfig"; sourceTree = "<group>"; };
		D57268028368768172EC4C62 /* Pods-Amore.debug.xcconfig */ = {isa = PBXFileReference; includeInIndex = 1; lastKnownFileType = text.xcconfig; name = "Pods-Amore.debug.xcconfig"; path = "Target Support Files/Pods-Amore/Pods-Amore.debug.xcconfig"; sourceTree = "<group>"; };
		E205F6782764351700196A06 /* ReceivedGivenEliteModel.swift */ = {isa = PBXFileReference; lastKnownFileType = sourcecode.swift; path = ReceivedGivenEliteModel.swift; sourceTree = "<group>"; };
		E205F67C2766A3D600196A06 /* FetchDataModel.swift */ = {isa = PBXFileReference; lastKnownFileType = sourcecode.swift; path = FetchDataModel.swift; sourceTree = "<group>"; };
		E20CFEED2875044C00EF7EB1 /* TabModel.swift */ = {isa = PBXFileReference; lastKnownFileType = sourcecode.swift; path = TabModel.swift; sourceTree = "<group>"; };
		E221EAAA2714F79A00769234 /* ViewRouter.swift */ = {isa = PBXFileReference; lastKnownFileType = sourcecode.swift; path = ViewRouter.swift; sourceTree = "<group>"; };
		E221EAAC2714F84F00769234 /* Helper.swift */ = {isa = PBXFileReference; lastKnownFileType = sourcecode.swift; path = Helper.swift; sourceTree = "<group>"; };
		E221EAAE2714FBDA00769234 /* UserProfile.swift */ = {isa = PBXFileReference; lastKnownFileType = sourcecode.swift; path = UserProfile.swift; sourceTree = "<group>"; };
		E221EAB02714FD0700769234 /* LikesTopPicksHome.swift */ = {isa = PBXFileReference; lastKnownFileType = sourcecode.swift; path = LikesTopPicksHome.swift; sourceTree = "<group>"; };
		E221EAB22715066000769234 /* FilterSettings.swift */ = {isa = PBXFileReference; lastKnownFileType = sourcecode.swift; path = FilterSettings.swift; sourceTree = "<group>"; };
		E22328D22755A726000ABBA6 /* UserOtherInformation.swift */ = {isa = PBXFileReference; lastKnownFileType = sourcecode.swift; path = UserOtherInformation.swift; sourceTree = "<group>"; };
		E226CF3E2707B19800FC5129 /* LocationView.swift */ = {isa = PBXFileReference; fileEncoding = 4; lastKnownFileType = sourcecode.swift; path = LocationView.swift; sourceTree = "<group>"; };
		E226CF412707D78C00FC5129 /* LocationHomeView.swift */ = {isa = PBXFileReference; lastKnownFileType = sourcecode.swift; path = LocationHomeView.swift; sourceTree = "<group>"; };
		E226CF432708ADAE00FC5129 /* LocationDenied.swift */ = {isa = PBXFileReference; lastKnownFileType = sourcecode.swift; path = LocationDenied.swift; sourceTree = "<group>"; };
		E226CF462708C8D500FC5129 /* EnableNotifications.swift */ = {isa = PBXFileReference; lastKnownFileType = sourcecode.swift; path = EnableNotifications.swift; sourceTree = "<group>"; };
		E226CF492709F76800FC5129 /* AddPhotosView.swift */ = {isa = PBXFileReference; lastKnownFileType = sourcecode.swift; path = AddPhotosView.swift; sourceTree = "<group>"; };
		E226CF4D2709FD9A00FC5129 /* ImagePicker.swift */ = {isa = PBXFileReference; lastKnownFileType = sourcecode.swift; path = ImagePicker.swift; sourceTree = "<group>"; };
		E226CF4F270A178600FC5129 /* UploadPhotoWindow.swift */ = {isa = PBXFileReference; lastKnownFileType = sourcecode.swift; path = UploadPhotoWindow.swift; sourceTree = "<group>"; };
		E226CF76270B3FEA00FC5129 /* Persistence.swift */ = {isa = PBXFileReference; lastKnownFileType = sourcecode.swift; path = Persistence.swift; sourceTree = "<group>"; };
		E226CF7D270B596F00FC5129 /* AmoreCoreDataModel.xcdatamodel */ = {isa = PBXFileReference; lastKnownFileType = wrapper.xcdatamodel; path = AmoreCoreDataModel.xcdatamodel; sourceTree = "<group>"; };
		E226CF94270BA7C700FC5129 /* Item+CoreDataClass.swift */ = {isa = PBXFileReference; lastKnownFileType = sourcecode.swift; path = "Item+CoreDataClass.swift"; sourceTree = "<group>"; };
		E226CF95270BA7C700FC5129 /* Item+CoreDataProperties.swift */ = {isa = PBXFileReference; lastKnownFileType = sourcecode.swift; path = "Item+CoreDataProperties.swift"; sourceTree = "<group>"; };
		E22D555D27540D5700852D70 /* ServerErrorView.swift */ = {isa = PBXFileReference; lastKnownFileType = sourcecode.swift; path = ServerErrorView.swift; sourceTree = "<group>"; };
		E22D5561275532B800852D70 /* ColorExtension.swift */ = {isa = PBXFileReference; lastKnownFileType = sourcecode.swift; path = ColorExtension.swift; sourceTree = "<group>"; };
		E22D55632755828400852D70 /* WorkAndSchool.swift */ = {isa = PBXFileReference; lastKnownFileType = sourcecode.swift; path = WorkAndSchool.swift; sourceTree = "<group>"; };
		E2347121271BE10E0006F336 /* Credentials.swift */ = {isa = PBXFileReference; lastKnownFileType = sourcecode.swift; path = Credentials.swift; sourceTree = "<group>"; };
		E234712F271C972F0006F336 /* LoadingScreen.swift */ = {isa = PBXFileReference; lastKnownFileType = sourcecode.swift; path = LoadingScreen.swift; sourceTree = "<group>"; };
		E2347131271DC3A00006F336 /* TabButtonMenu.swift */ = {isa = PBXFileReference; lastKnownFileType = sourcecode.swift; path = TabButtonMenu.swift; sourceTree = "<group>"; };
		E2347133271DC4C30006F336 /* CardDetail.swift */ = {isa = PBXFileReference; lastKnownFileType = sourcecode.swift; path = CardDetail.swift; sourceTree = "<group>"; };
		E2347135271DC4E50006F336 /* MiniCardView.swift */ = {isa = PBXFileReference; lastKnownFileType = sourcecode.swift; path = MiniCardView.swift; sourceTree = "<group>"; };
		E2347139271DC5640006F336 /* TopPicksProfiles.swift */ = {isa = PBXFileReference; lastKnownFileType = sourcecode.swift; path = TopPicksProfiles.swift; sourceTree = "<group>"; };
		E234713F271F4B5D0006F336 /* CommonContainer.swift */ = {isa = PBXFileReference; lastKnownFileType = sourcecode.swift; path = CommonContainer.swift; sourceTree = "<group>"; };
		E2347141271F4B970006F336 /* GenderSettings.swift */ = {isa = PBXFileReference; lastKnownFileType = sourcecode.swift; path = GenderSettings.swift; sourceTree = "<group>"; };
		E237CED826FD391D004F20AB /* SignUp.swift */ = {isa = PBXFileReference; lastKnownFileType = sourcecode.swift; path = SignUp.swift; sourceTree = "<group>"; };
		E23BAA952741BB7B00F619D6 /* NameAgeDistance.swift */ = {isa = PBXFileReference; lastKnownFileType = sourcecode.swift; path = NameAgeDistance.swift; sourceTree = "<group>"; };
		E23BAA9A2741DF1300F619D6 /* ChildCardView.swift */ = {isa = PBXFileReference; lastKnownFileType = sourcecode.swift; path = ChildCardView.swift; sourceTree = "<group>"; };
		E24A0F15271256C4001640CA /* AllCardsView.swift */ = {isa = PBXFileReference; lastKnownFileType = sourcecode.swift; path = AllCardsView.swift; sourceTree = "<group>"; };
		E24A0F1727125727001640CA /* SingleCardView.swift */ = {isa = PBXFileReference; lastKnownFileType = sourcecode.swift; path = SingleCardView.swift; sourceTree = "<group>"; };
		E2530F59277CB0760040CAB2 /* RadiusFilter.swift */ = {isa = PBXFileReference; lastKnownFileType = sourcecode.swift; path = RadiusFilter.swift; sourceTree = "<group>"; };
		E25B0F3B285FB14800411BDA /* BoostUserProfile.swift */ = {isa = PBXFileReference; lastKnownFileType = sourcecode.swift; path = BoostUserProfile.swift; sourceTree = "<group>"; };
		E25B7493280CAAC700C87855 /* PaymentComplete.swift */ = {isa = PBXFileReference; lastKnownFileType = sourcecode.swift; path = PaymentComplete.swift; sourceTree = "<group>"; };
		E25D15A028675FE8001330DB /* CustomButton.swift */ = {isa = PBXFileReference; lastKnownFileType = sourcecode.swift; path = CustomButton.swift; sourceTree = "<group>"; };
		E25D15A22867613F001330DB /* Extensions.swift */ = {isa = PBXFileReference; lastKnownFileType = sourcecode.swift; path = Extensions.swift; sourceTree = "<group>"; };
		E25D15A428676155001330DB /* CustomFont.swift */ = {isa = PBXFileReference; lastKnownFileType = sourcecode.swift; path = CustomFont.swift; sourceTree = "<group>"; };
		E268A461274340790045F264 /* MoreInfoForBetterMatch.swift */ = {isa = PBXFileReference; lastKnownFileType = sourcecode.swift; path = MoreInfoForBetterMatch.swift; sourceTree = "<group>"; };
		E268A4632745D6140045F264 /* IntroductionForMoreInfo.swift */ = {isa = PBXFileReference; lastKnownFileType = sourcecode.swift; path = IntroductionForMoreInfo.swift; sourceTree = "<group>"; };
		E268A4652745E6520045F264 /* QuestionaireTemplate.swift */ = {isa = PBXFileReference; lastKnownFileType = sourcecode.swift; path = QuestionaireTemplate.swift; sourceTree = "<group>"; };
		E268A467274601830045F264 /* UserHeight.swift */ = {isa = PBXFileReference; fileEncoding = 4; lastKnownFileType = sourcecode.swift; path = UserHeight.swift; sourceTree = "<group>"; };
		E268A469274603CD0045F264 /* Completed.swift */ = {isa = PBXFileReference; lastKnownFileType = sourcecode.swift; path = Completed.swift; sourceTree = "<group>"; };
		E268A46B2747DB9A0045F264 /* CardProfiles.swift */ = {isa = PBXFileReference; lastKnownFileType = sourcecode.swift; path = CardProfiles.swift; sourceTree = "<group>"; };
		E26B4A952868B9FB0020C81D /* radiate.riv */ = {isa = PBXFileReference; lastKnownFileType = file; path = radiate.riv; sourceTree = "<group>"; };
		E273C317273E9CBE00AA3359 /* AdminAuthenticationViewModel.swift */ = {isa = PBXFileReference; lastKnownFileType = sourcecode.swift; path = AdminAuthenticationViewModel.swift; sourceTree = "<group>"; };
		E273C3192740740A00AA3359 /* LikeDislikeButtons.swift */ = {isa = PBXFileReference; lastKnownFileType = sourcecode.swift; path = LikeDislikeButtons.swift; sourceTree = "<group>"; };
		E273C31B27415FE900AA3359 /* CardImages.swift */ = {isa = PBXFileReference; lastKnownFileType = sourcecode.swift; path = CardImages.swift; sourceTree = "<group>"; };
		E273C31D274170D200AA3359 /* ProfileBioHeadline.swift */ = {isa = PBXFileReference; lastKnownFileType = sourcecode.swift; path = ProfileBioHeadline.swift; sourceTree = "<group>"; };
		E275356228662AD800F04BD3 /* shapes.riv */ = {isa = PBXFileReference; lastKnownFileType = file; path = shapes.riv; sourceTree = "<group>"; };
		E27AC5482720CB5400EB50F7 /* PhotoModel.swift */ = {isa = PBXFileReference; fileEncoding = 4; lastKnownFileType = sourcecode.swift; path = PhotoModel.swift; sourceTree = "<group>"; };
		E27AC54A2720CB6200EB50F7 /* Photo.swift */ = {isa = PBXFileReference; fileEncoding = 4; lastKnownFileType = sourcecode.swift; path = Photo.swift; sourceTree = "<group>"; };
		E27AC54C2721237500EB50F7 /* ReligionSettings.swift */ = {isa = PBXFileReference; lastKnownFileType = sourcecode.swift; path = ReligionSettings.swift; sourceTree = "<group>"; };
		E27CCEB527E44130006278EB /* IAPFirebaseModel.swift */ = {isa = PBXFileReference; lastKnownFileType = sourcecode.swift; path = IAPFirebaseModel.swift; sourceTree = "<group>"; };
		E283677226F9534200EEA049 /* Sk-Modernist-Bold.otf */ = {isa = PBXFileReference; lastKnownFileType = file; path = "Sk-Modernist-Bold.otf"; sourceTree = "<group>"; };
		E283677326F9534200EEA049 /* Sk-Modernist-Mono.otf */ = {isa = PBXFileReference; lastKnownFileType = file; path = "Sk-Modernist-Mono.otf"; sourceTree = "<group>"; };
		E283677426F9534200EEA049 /* Sk-Modernist-Regular.otf */ = {isa = PBXFileReference; lastKnownFileType = file; path = "Sk-Modernist-Regular.otf"; sourceTree = "<group>"; };
		E283677826FAA08B00EEA049 /* OnboardingCards.swift */ = {isa = PBXFileReference; lastKnownFileType = sourcecode.swift; path = OnboardingCards.swift; sourceTree = "<group>"; };
		E283677B26FAA7B700EEA049 /* Onboarding.json */ = {isa = PBXFileReference; lastKnownFileType = text.json; path = Onboarding.json; sourceTree = "<group>"; };
		E283677E26FAB79800EEA049 /* Onboarding.swift */ = {isa = PBXFileReference; lastKnownFileType = sourcecode.swift; path = Onboarding.swift; sourceTree = "<group>"; };
		E283678026FAB85400EEA049 /* OnboardingModel.swift */ = {isa = PBXFileReference; lastKnownFileType = sourcecode.swift; path = OnboardingModel.swift; sourceTree = "<group>"; };
		E283678326FAB8C800EEA049 /* DataService.swift */ = {isa = PBXFileReference; lastKnownFileType = sourcecode.swift; path = DataService.swift; sourceTree = "<group>"; };
		E2851CAD272711C5005B19E1 /* PreviewProfile.swift */ = {isa = PBXFileReference; lastKnownFileType = sourcecode.swift; path = PreviewProfile.swift; sourceTree = "<group>"; };
		E2851CAF2727580B005B19E1 /* EditProfileUtil.swift */ = {isa = PBXFileReference; lastKnownFileType = sourcecode.swift; path = EditProfileUtil.swift; sourceTree = "<group>"; };
		E2851CB127277A6B005B19E1 /* DeleteProfileButton.swift */ = {isa = PBXFileReference; lastKnownFileType = sourcecode.swift; path = DeleteProfileButton.swift; sourceTree = "<group>"; };
		E2851CB327277D7A005B19E1 /* ContactSupport.swift */ = {isa = PBXFileReference; lastKnownFileType = sourcecode.swift; path = ContactSupport.swift; sourceTree = "<group>"; };
		E291A1E426FE3711000D8A2C /* LoginPhoneNumber.swift */ = {isa = PBXFileReference; lastKnownFileType = sourcecode.swift; path = LoginPhoneNumber.swift; sourceTree = "<group>"; };
		E291A1E626FE8FE6000D8A2C /* LoginOTPKeyCodeParent.swift */ = {isa = PBXFileReference; lastKnownFileType = sourcecode.swift; path = LoginOTPKeyCodeParent.swift; sourceTree = "<group>"; };
		E291A1EB26FF5BF8000D8A2C /* OTPViewModel.swift */ = {isa = PBXFileReference; lastKnownFileType = sourcecode.swift; path = OTPViewModel.swift; sourceTree = "<group>"; };
		E291A1ED26FF5C06000D8A2C /* LoginOTPKeyCodeChild.swift */ = {isa = PBXFileReference; lastKnownFileType = sourcecode.swift; path = LoginOTPKeyCodeChild.swift; sourceTree = "<group>"; };
		E291A1F126FF98B3000D8A2C /* BasicUserInfoForm.swift */ = {isa = PBXFileReference; lastKnownFileType = sourcecode.swift; path = BasicUserInfoForm.swift; sourceTree = "<group>"; };
		E295F37A274877840003A1E1 /* NoPhotoProvided.swift */ = {isa = PBXFileReference; lastKnownFileType = sourcecode.swift; path = NoPhotoProvided.swift; sourceTree = "<group>"; };
		E298BA0D2713350900C82174 /* CardBasicInfo.swift */ = {isa = PBXFileReference; lastKnownFileType = sourcecode.swift; path = CardBasicInfo.swift; sourceTree = "<group>"; };
		E298BA132713A85500C82174 /* ControlCenter.swift */ = {isa = PBXFileReference; lastKnownFileType = sourcecode.swift; path = ControlCenter.swift; sourceTree = "<group>"; };
		E29B29382722B09400C38035 /* UserEditProfile.swift */ = {isa = PBXFileReference; lastKnownFileType = sourcecode.swift; path = UserEditProfile.swift; sourceTree = "<group>"; };
		E29B293A27234B6B00C38035 /* UserSettingView.swift */ = {isa = PBXFileReference; lastKnownFileType = sourcecode.swift; path = UserSettingView.swift; sourceTree = "<group>"; };
		E29B293C27234B8900C38035 /* UserSafetyView.swift */ = {isa = PBXFileReference; lastKnownFileType = sourcecode.swift; path = UserSafetyView.swift; sourceTree = "<group>"; };
		E29B293E272461F400C38035 /* SubscriptionDetails.swift */ = {isa = PBXFileReference; lastKnownFileType = sourcecode.swift; path = SubscriptionDetails.swift; sourceTree = "<group>"; };
		E29B2940272637B400C38035 /* EditCardInfo.swift */ = {isa = PBXFileReference; lastKnownFileType = sourcecode.swift; path = EditCardInfo.swift; sourceTree = "<group>"; };
		E2A94C67276B93090069F814 /* ButtonIcon.swift */ = {isa = PBXFileReference; lastKnownFileType = sourcecode.swift; path = ButtonIcon.swift; sourceTree = "<group>"; };
		E2A94C69276BA9660069F814 /* ReportingIssuesList.swift */ = {isa = PBXFileReference; lastKnownFileType = sourcecode.swift; path = ReportingIssuesList.swift; sourceTree = "<group>"; };
		E2A94C6B276CF7BC0069F814 /* RadioButton.swift */ = {isa = PBXFileReference; lastKnownFileType = sourcecode.swift; path = RadioButton.swift; sourceTree = "<group>"; };
		E2A960FA27C1F268009108F0 /* AmorePlatinum.swift */ = {isa = PBXFileReference; fileEncoding = 4; lastKnownFileType = sourcecode.swift; path = AmorePlatinum.swift; sourceTree = "<group>"; };
		E2A960FC27C1F280009108F0 /* AmoreGold.swift */ = {isa = PBXFileReference; fileEncoding = 4; lastKnownFileType = sourcecode.swift; path = AmoreGold.swift; sourceTree = "<group>"; };
		E2A960FE27C345D6009108F0 /* SubsriptionItemPricing.swift */ = {isa = PBXFileReference; lastKnownFileType = sourcecode.swift; path = SubsriptionItemPricing.swift; sourceTree = "<group>"; };
		E2A9610027CB4660009108F0 /* StoreKit.framework */ = {isa = PBXFileReference; lastKnownFileType = wrapper.framework; name = StoreKit.framework; path = System/Library/Frameworks/StoreKit.framework; sourceTree = SDKROOT; };
		E2A9610227CC89FF009108F0 /* StoreManager.swift */ = {isa = PBXFileReference; lastKnownFileType = sourcecode.swift; path = StoreManager.swift; sourceTree = "<group>"; };
		E2BE415B283AA7AB00AD42CE /* ProfileViewModelFlask.swift */ = {isa = PBXFileReference; lastKnownFileType = sourcecode.swift; path = ProfileViewModelFlask.swift; sourceTree = "<group>"; };
		E2C59092270CA225001F78E7 /* ImageCropper.swift */ = {isa = PBXFileReference; lastKnownFileType = sourcecode.swift; path = ImageCropper.swift; sourceTree = "<group>"; };
		E2D00E0B286647460037DC07 /* button.riv */ = {isa = PBXFileReference; lastKnownFileType = file; path = button.riv; sourceTree = "<group>"; };
		E2D0F00B276E9BB2003EDA83 /* TextSlider.swift */ = {isa = PBXFileReference; lastKnownFileType = sourcecode.swift; path = TextSlider.swift; sourceTree = "<group>"; };
		E2D0F00D27727FA7003EDA83 /* ReportAcitivityModel.swift */ = {isa = PBXFileReference; lastKnownFileType = sourcecode.swift; path = ReportAcitivityModel.swift; sourceTree = "<group>"; };
		E2D0F00F27738C51003EDA83 /* AgeSettings.swift */ = {isa = PBXFileReference; lastKnownFileType = sourcecode.swift; path = AgeSettings.swift; sourceTree = "<group>"; };
		E2DBC024272B3621000630F5 /* ContactCommunityLegal.swift */ = {isa = PBXFileReference; lastKnownFileType = sourcecode.swift; path = ContactCommunityLegal.swift; sourceTree = "<group>"; };
		E2DBC026272B3BC0000630F5 /* SFSafariViewWrapper.swift */ = {isa = PBXFileReference; lastKnownFileType = sourcecode.swift; path = SFSafariViewWrapper.swift; sourceTree = "<group>"; };
		E2DBC02A272CA85D000630F5 /* MyAmore.swift */ = {isa = PBXFileReference; lastKnownFileType = sourcecode.swift; path = MyAmore.swift; sourceTree = "<group>"; };
		E2DBC02C272D8844000630F5 /* UserSnapDetails.swift */ = {isa = PBXFileReference; lastKnownFileType = sourcecode.swift; path = UserSnapDetails.swift; sourceTree = "<group>"; };
		E2DBC02E272D8E06000630F5 /* SettingEditProfileSafety.swift */ = {isa = PBXFileReference; lastKnownFileType = sourcecode.swift; path = SettingEditProfileSafety.swift; sourceTree = "<group>"; };
		E2DBC037272DFC9C000630F5 /* MyAmoreCard.swift */ = {isa = PBXFileReference; lastKnownFileType = sourcecode.swift; path = MyAmoreCard.swift; sourceTree = "<group>"; };
		E2DBFE26275EC05200250686 /* RequestData.swift */ = {isa = PBXFileReference; lastKnownFileType = sourcecode.swift; path = RequestData.swift; sourceTree = "<group>"; };
		E2E0176C277A804300527E24 /* TopPicksChild.swift */ = {isa = PBXFileReference; lastKnownFileType = sourcecode.swift; path = TopPicksChild.swift; sourceTree = "<group>"; };
		E2E0176E277A859C00527E24 /* LikesTopPicksButtons.swift */ = {isa = PBXFileReference; lastKnownFileType = sourcecode.swift; path = LikesTopPicksButtons.swift; sourceTree = "<group>"; };
		E2F8AA4D26F9427F00CC7A72 /* Amore.app */ = {isa = PBXFileReference; explicitFileType = wrapper.application; includeInIndex = 0; path = Amore.app; sourceTree = BUILT_PRODUCTS_DIR; };
		E2F8AA5026F9427F00CC7A72 /* AmoreApp.swift */ = {isa = PBXFileReference; lastKnownFileType = sourcecode.swift; path = AmoreApp.swift; sourceTree = "<group>"; };
		E2F8AA5226F9427F00CC7A72 /* ContentView.swift */ = {isa = PBXFileReference; lastKnownFileType = sourcecode.swift; path = ContentView.swift; sourceTree = "<group>"; };
		E2F8AA5426F9428100CC7A72 /* Assets.xcassets */ = {isa = PBXFileReference; lastKnownFileType = folder.assetcatalog; path = Assets.xcassets; sourceTree = "<group>"; };
		E2F8AA5726F9428100CC7A72 /* Preview Assets.xcassets */ = {isa = PBXFileReference; lastKnownFileType = folder.assetcatalog; path = "Preview Assets.xcassets"; sourceTree = "<group>"; };
		E2F8AA5926F9428100CC7A72 /* Info.plist */ = {isa = PBXFileReference; lastKnownFileType = text.plist.xml; path = Info.plist; sourceTree = "<group>"; };
		E2F8AA6526F948BD00CC7A72 /* Fonts.swift */ = {isa = PBXFileReference; lastKnownFileType = sourcecode.swift; path = Fonts.swift; sourceTree = "<group>"; };
		E2FE1394271B661C005E2BB9 /* OnboardingAllCards.swift */ = {isa = PBXFileReference; lastKnownFileType = sourcecode.swift; path = OnboardingAllCards.swift; sourceTree = "<group>"; };
		E2FE1397271B67E4005E2BB9 /* LogInButtonSheet.swift */ = {isa = PBXFileReference; lastKnownFileType = sourcecode.swift; path = LogInButtonSheet.swift; sourceTree = "<group>"; };
		E2FE49BD275177C500744930 /* DeckCards.swift */ = {isa = PBXFileReference; lastKnownFileType = sourcecode.swift; path = DeckCards.swift; sourceTree = "<group>"; };
/* End PBXFileReference section */

/* Begin PBXFrameworksBuildPhase section */
		E2F8AA4A26F9427F00CC7A72 /* Frameworks */ = {
			isa = PBXFrameworksBuildPhase;
			buildActionMask = 2147483647;
			files = (
				E27AC5472720CA0A00EB50F7 /* JWTKit in Frameworks */,
				684BD1B7C189E0EEDBA471A8 /* Pods_Amore.framework in Frameworks */,
				E2A9610127CB4661009108F0 /* StoreKit.framework in Frameworks */,
				E27AC5442720C9BA00EB50F7 /* iPhoneNumberField in Frameworks */,
				E23BAA992741D8A700F619D6 /* WrappingStack in Frameworks */,
			);
			runOnlyForDeploymentPostprocessing = 0;
		};
/* End PBXFrameworksBuildPhase section */

/* Begin PBXGroup section */
		1BB36D2C27ACE6C600F4029C /* ChatPageView */ = {
			isa = PBXGroup;
			children = (
				1BB36D2D27ACE6EA00F4029C /* MainMessageView.swift */,
				1BB36D3327ADB9DB00F4029C /* ConversationView.swift */,
				1BB36D3727ADBC1C00F4029C /* customNavBar.swift */,
				1BB36D3927ADBD3000F4029C /* AllConversationsView.swift */,
				1B38DFC127B8C1A0009B905F /* ChatBubble.swift */,
			);
			path = ChatPageView;
			sourceTree = "<group>";
		};
		1BBB485227035B14004D42A3 /* HomeView */ = {
			isa = PBXGroup;
			children = (
				1BBB485327035B2F004D42A3 /* HomeView.swift */,
				1B4ED876270F345E00290FFF /* LikeDislikeSuperLike.swift */,
				E298BA132713A85500C82174 /* ControlCenter.swift */,
				E221EAAA2714F79A00769234 /* ViewRouter.swift */,
				E221EAAC2714F84F00769234 /* Helper.swift */,
			);
			path = HomeView;
			sourceTree = "<group>";
		};
		8146232F1123BB8CE8350BEF /* Frameworks */ = {
			isa = PBXGroup;
			children = (
				E2A9610027CB4660009108F0 /* StoreKit.framework */,
				5C14CAF4D2E16E20C370CD03 /* Pods_Amore.framework */,
			);
			name = Frameworks;
			sourceTree = "<group>";
		};
		D987353B195ECCF6216A7BEF /* Pods */ = {
			isa = PBXGroup;
			children = (
				D57268028368768172EC4C62 /* Pods-Amore.debug.xcconfig */,
				70E3F776CBF90AA220142739 /* Pods-Amore.release.xcconfig */,
			);
			path = Pods;
			sourceTree = "<group>";
		};
		E221EAA32714F37400769234 /* FilterSettingsView */ = {
			isa = PBXGroup;
			children = (
				E221EAB22715066000769234 /* FilterSettings.swift */,
				E234713F271F4B5D0006F336 /* CommonContainer.swift */,
				E2347141271F4B970006F336 /* GenderSettings.swift */,
				E2D0F00F27738C51003EDA83 /* AgeSettings.swift */,
				E27AC54C2721237500EB50F7 /* ReligionSettings.swift */,
				1BFCBADB2721AA820002BA67 /* CommunityFilter.swift */,
				1BFCBADD2721B9B60002BA67 /* CareerFilter.swift */,
				1BFCBAE02721BBCA0002BA67 /* EducationFilter.swift */,
				1BFCBAE22721BD260002BA67 /* RaisedInFilter.swift */,
				E2530F59277CB0760040CAB2 /* RadiusFilter.swift */,
			);
			path = FilterSettingsView;
			sourceTree = "<group>";
		};
		E221EAA62714F39600769234 /* UserSettingsView */ = {
			isa = PBXGroup;
			children = (
				E2DBC034272DF555000630F5 /* Cards */,
				E2DBC029272B3E99000630F5 /* ProfileUpdate */,
				E2DBC028272B3E8E000630F5 /* Safety */,
				E2DBC01B272B2F95000630F5 /* Settings */,
				E221EAAE2714FBDA00769234 /* UserProfile.swift */,
				E2DBC02C272D8844000630F5 /* UserSnapDetails.swift */,
				E29B293E272461F400C38035 /* SubscriptionDetails.swift */,
				E2851CB327277D7A005B19E1 /* ContactSupport.swift */,
				E2DBC02E272D8E06000630F5 /* SettingEditProfileSafety.swift */,
				1B6273C9274509D400590DD1 /* ProfileImageView.swift */,
				E25B7493280CAAC700C87855 /* PaymentComplete.swift */,
			);
			path = UserSettingsView;
			sourceTree = "<group>";
		};
		E221EAA72714F3A400769234 /* LikesTopPicksView */ = {
			isa = PBXGroup;
			children = (
				E221EAB02714FD0700769234 /* LikesTopPicksHome.swift */,
				E2347131271DC3A00006F336 /* TabButtonMenu.swift */,
				E2347133271DC4C30006F336 /* CardDetail.swift */,
				E2347135271DC4E50006F336 /* MiniCardView.swift */,
				E2E0176C277A804300527E24 /* TopPicksChild.swift */,
				E2E0176E277A859C00527E24 /* LikesTopPicksButtons.swift */,
			);
			path = LikesTopPicksView;
			sourceTree = "<group>";
		};
		E226CF3C2707B18A00FC5129 /* LocationView */ = {
			isa = PBXGroup;
			children = (
				E226CF412707D78C00FC5129 /* LocationHomeView.swift */,
				E226CF3E2707B19800FC5129 /* LocationView.swift */,
				E226CF432708ADAE00FC5129 /* LocationDenied.swift */,
			);
			path = LocationView;
			sourceTree = "<group>";
		};
		E226CF452708C8BB00FC5129 /* NotificationsView */ = {
			isa = PBXGroup;
			children = (
				E226CF462708C8D500FC5129 /* EnableNotifications.swift */,
			);
			path = NotificationsView;
			sourceTree = "<group>";
		};
		E226CF482709F75900FC5129 /* AddPhotosView */ = {
			isa = PBXGroup;
			children = (
				E226CF492709F76800FC5129 /* AddPhotosView.swift */,
				E226CF4F270A178600FC5129 /* UploadPhotoWindow.swift */,
				E226CF4D2709FD9A00FC5129 /* ImagePicker.swift */,
				E2C59092270CA225001F78E7 /* ImageCropper.swift */,
				1BF29D2C2732714E00455A2F /* UploadWindowsGroup.swift */,
			);
			path = AddPhotosView;
			sourceTree = "<group>";
		};
		E22D555C27540D4200852D70 /* ServerErrorView */ = {
			isa = PBXGroup;
			children = (
				E22D555D27540D5700852D70 /* ServerErrorView.swift */,
			);
			path = ServerErrorView;
			sourceTree = "<group>";
		};
		E23E416E270CFEB00065E6E4 /* ExtraViews */ = {
			isa = PBXGroup;
			children = (
				E237CED826FD391D004F20AB /* SignUp.swift */,
			);
			path = ExtraViews;
			sourceTree = "<group>";
		};
		E24A0F14271256A7001640CA /* SwipeView */ = {
			isa = PBXGroup;
			children = (
				E24A0F15271256C4001640CA /* AllCardsView.swift */,
				E24A0F1727125727001640CA /* SingleCardView.swift */,
				E23BAA9A2741DF1300F619D6 /* ChildCardView.swift */,
				E298BA0D2713350900C82174 /* CardBasicInfo.swift */,
				1B4ED871270F345E00290FFF /* CardPassions.swift */,
				E273C3192740740A00AA3359 /* LikeDislikeButtons.swift */,
				E273C31B27415FE900AA3359 /* CardImages.swift */,
				E273C31D274170D200AA3359 /* ProfileBioHeadline.swift */,
				E23BAA952741BB7B00F619D6 /* NameAgeDistance.swift */,
				E295F37A274877840003A1E1 /* NoPhotoProvided.swift */,
				E2FE49BD275177C500744930 /* DeckCards.swift */,
				E22D55632755828400852D70 /* WorkAndSchool.swift */,
				E22328D22755A726000ABBA6 /* UserOtherInformation.swift */,
				E2DBFE26275EC05200250686 /* RequestData.swift */,
				1B7C1D68284B0F8B0020A874 /* DirectMessageCardView.swift */,
				E25B0F3B285FB14800411BDA /* BoostUserProfile.swift */,
			);
			path = SwipeView;
			sourceTree = "<group>";
		};
		E25D159F28675DE1001330DB /* Styles */ = {
			isa = PBXGroup;
			children = (
				E25D15A028675FE8001330DB /* CustomButton.swift */,
				E25D15A22867613F001330DB /* Extensions.swift */,
				E25D15A428676155001330DB /* CustomFont.swift */,
			);
			path = Styles;
			sourceTree = "<group>";
		};
		E268A452274335B00045F264 /* UserInformation */ = {
			isa = PBXGroup;
			children = (
				E268A461274340790045F264 /* MoreInfoForBetterMatch.swift */,
				E268A467274601830045F264 /* UserHeight.swift */,
				E268A4632745D6140045F264 /* IntroductionForMoreInfo.swift */,
				E268A4652745E6520045F264 /* QuestionaireTemplate.swift */,
				E268A469274603CD0045F264 /* Completed.swift */,
			);
			path = UserInformation;
			sourceTree = "<group>";
		};
		E275356128662AB400F04BD3 /* RiveAssets */ = {
			isa = PBXGroup;
			children = (
				E2D00E0B286647460037DC07 /* button.riv */,
				E26B4A952868B9FB0020C81D /* radiate.riv */,
				E275356228662AD800F04BD3 /* shapes.riv */,
			);
			path = RiveAssets;
			sourceTree = "<group>";
		};
		E283677126F9531E00EEA049 /* Fonts */ = {
			isa = PBXGroup;
			children = (
				E283677226F9534200EEA049 /* Sk-Modernist-Bold.otf */,
				E283677326F9534200EEA049 /* Sk-Modernist-Mono.otf */,
				E283677426F9534200EEA049 /* Sk-Modernist-Regular.otf */,
			);
			path = Fonts;
			sourceTree = "<group>";
		};
		E283677A26FAA6E200EEA049 /* Data */ = {
			isa = PBXGroup;
			children = (
				1B9848B5270C96DA00C2F98D /* ProfileCore+CoreDataClass.swift */,
				1B9848B6270C96DA00C2F98D /* ProfileCore+CoreDataProperties.swift */,
				E226CF94270BA7C700FC5129 /* Item+CoreDataClass.swift */,
				E226CF95270BA7C700FC5129 /* Item+CoreDataProperties.swift */,
				E283677B26FAA7B700EEA049 /* Onboarding.json */,
			);
			path = Data;
			sourceTree = "<group>";
		};
		E283678226FAB8B800EEA049 /* Services */ = {
			isa = PBXGroup;
			children = (
				E283678326FAB8C800EEA049 /* DataService.swift */,
				1B374DDF27020BB700DFE639 /* FirebaseServices.swift */,
				1B72A54D270724F10074F144 /* FirestoreServices.swift */,
			);
			path = Services;
			sourceTree = "<group>";
		};
		E291A1F026FF98A1000D8A2C /* OnBoardingViews */ = {
			isa = PBXGroup;
			children = (
				1BC8BE012705CC5D00F0137E /* AddSchool.swift */,
				1BC8BE052705CC5E00F0137E /* AddWork.swift */,
				1BC8BE042705CC5E00F0137E /* IAmA.swift */,
				1BC8BE062705CC5E00F0137E /* Passions.swift */,
				1BC8BE022705CC5E00F0137E /* SexualOrientation.swift */,
				1BC8BE032705CC5E00F0137E /* ShowMe.swift */,
				E291A1F126FF98B3000D8A2C /* BasicUserInfoForm.swift */,
				E283677826FAA08B00EEA049 /* OnboardingCards.swift */,
				E2FE1394271B661C005E2BB9 /* OnboardingAllCards.swift */,
				E226CF482709F75900FC5129 /* AddPhotosView */,
			);
			path = OnBoardingViews;
			sourceTree = "<group>";
		};
		E2A94C66276B92BF0069F814 /* ReportUser */ = {
			isa = PBXGroup;
			children = (
				E2A94C67276B93090069F814 /* ButtonIcon.swift */,
				E2A94C69276BA9660069F814 /* ReportingIssuesList.swift */,
				E2A94C6B276CF7BC0069F814 /* RadioButton.swift */,
				E2D0F00B276E9BB2003EDA83 /* TextSlider.swift */,
			);
			path = ReportUser;
			sourceTree = "<group>";
		};
		E2DBC01B272B2F95000630F5 /* Settings */ = {
			isa = PBXGroup;
			children = (
				E29B293A27234B6B00C38035 /* UserSettingView.swift */,
				E2DBC024272B3621000630F5 /* ContactCommunityLegal.swift */,
				E2DBC02A272CA85D000630F5 /* MyAmore.swift */,
			);
			path = Settings;
			sourceTree = "<group>";
		};
		E2DBC028272B3E8E000630F5 /* Safety */ = {
			isa = PBXGroup;
			children = (
				E29B293C27234B8900C38035 /* UserSafetyView.swift */,
			);
			path = Safety;
			sourceTree = "<group>";
		};
		E2DBC029272B3E99000630F5 /* ProfileUpdate */ = {
			isa = PBXGroup;
			children = (
				E29B29382722B09400C38035 /* UserEditProfile.swift */,
				E29B2940272637B400C38035 /* EditCardInfo.swift */,
				E2851CAD272711C5005B19E1 /* PreviewProfile.swift */,
				E2851CB127277A6B005B19E1 /* DeleteProfileButton.swift */,
				1B96B73C272A850D0009683A /* UserProfileBasicInfo.swift */,
			);
			path = ProfileUpdate;
			sourceTree = "<group>";
		};
		E2DBC034272DF555000630F5 /* Cards */ = {
			isa = PBXGroup;
			children = (
				E2DBC037272DFC9C000630F5 /* MyAmoreCard.swift */,
				E2A960FA27C1F268009108F0 /* AmorePlatinum.swift */,
				E2A960FC27C1F280009108F0 /* AmoreGold.swift */,
			);
			path = Cards;
			sourceTree = "<group>";
		};
		E2F8AA4426F9427F00CC7A72 = {
			isa = PBXGroup;
			children = (
				E2F8AA4F26F9427F00CC7A72 /* Amore */,
				E2F8AA4E26F9427F00CC7A72 /* Products */,
				D987353B195ECCF6216A7BEF /* Pods */,
				8146232F1123BB8CE8350BEF /* Frameworks */,
			);
			sourceTree = "<group>";
		};
		E2F8AA4E26F9427F00CC7A72 /* Products */ = {
			isa = PBXGroup;
			children = (
				E2F8AA4D26F9427F00CC7A72 /* Amore.app */,
			);
			name = Products;
			sourceTree = "<group>";
		};
		E2F8AA4F26F9427F00CC7A72 /* Amore */ = {
			isa = PBXGroup;
			children = (
				1BBB485127031F65004D42A3 /* Amore.entitlements */,
				1BBB485027022DE2004D42A3 /* AmoreDebug.entitlements */,
				E283678226FAB8B800EEA049 /* Services */,
				E283677A26FAA6E200EEA049 /* Data */,
				E2F8AA6026F947BD00CC7A72 /* Views */,
				E23E416E270CFEB00065E6E4 /* ExtraViews */,
				E2F8AA5F26F947B400CC7A72 /* Model */,
				E2F8AA6426F9488300CC7A72 /* Utilities */,
				E2F8AA6126F947CA00CC7A72 /* ViewModels */,
				E283677126F9531E00EEA049 /* Fonts */,
				E2F8AA5226F9427F00CC7A72 /* ContentView.swift */,
				E226CF76270B3FEA00FC5129 /* Persistence.swift */,
				E2F8AA5026F9427F00CC7A72 /* AmoreApp.swift */,
				E2F8AA5426F9428100CC7A72 /* Assets.xcassets */,
				E25D159F28675DE1001330DB /* Styles */,
				E2F8AA5926F9428100CC7A72 /* Info.plist */,
				E275356128662AB400F04BD3 /* RiveAssets */,
				1B374DDA2701D5F300DFE639 /* GoogleService-Info.plist */,
				E2F8AA5626F9428100CC7A72 /* Preview Content */,
				E226CF7C270B596F00FC5129 /* AmoreCoreDataModel.xcdatamodeld */,
				E2347121271BE10E0006F336 /* Credentials.swift */,
			);
			path = Amore;
			sourceTree = "<group>";
		};
		E2F8AA5626F9428100CC7A72 /* Preview Content */ = {
			isa = PBXGroup;
			children = (
				E2F8AA5726F9428100CC7A72 /* Preview Assets.xcassets */,
			);
			path = "Preview Content";
			sourceTree = "<group>";
		};
		E2F8AA5F26F947B400CC7A72 /* Model */ = {
			isa = PBXGroup;
			children = (
				E27AC54A2720CB6200EB50F7 /* Photo.swift */,
				E283677E26FAB79800EEA049 /* Onboarding.swift */,
				1BC8BE0D2705CD7C00F0137E /* Profile.swift */,
				1B6273CD274B7B9A00590DD1 /* Filters.swift */,
				E268A46B2747DB9A0045F264 /* CardProfiles.swift */,
				1BB36D2F27ACE88200F4029C /* ChatUser.swift */,
				1BB36D3D27AE744800F4029C /* ChatText.swift */,
				1BDABE8C27AF7D6000772D6A /* ChatConversation.swift */,
				E2A960FE27C345D6009108F0 /* SubsriptionItemPricing.swift */,
				E27CCEB527E44130006278EB /* IAPFirebaseModel.swift */,
				E20CFEED2875044C00EF7EB1 /* TabModel.swift */,
			);
			path = Model;
			sourceTree = "<group>";
		};
		E2F8AA6026F947BD00CC7A72 /* Views */ = {
			isa = PBXGroup;
			children = (
				1BB36D2C27ACE6C600F4029C /* ChatPageView */,
				E2A94C66276B92BF0069F814 /* ReportUser */,
				E22D555C27540D4200852D70 /* ServerErrorView */,
				E268A452274335B00045F264 /* UserInformation */,
				E221EAA72714F3A400769234 /* LikesTopPicksView */,
				E221EAA62714F39600769234 /* UserSettingsView */,
				E221EAA32714F37400769234 /* FilterSettingsView */,
				E24A0F14271256A7001640CA /* SwipeView */,
				E226CF452708C8BB00FC5129 /* NotificationsView */,
				E226CF3C2707B18A00FC5129 /* LocationView */,
				1BBB485227035B14004D42A3 /* HomeView */,
				E291A1F026FF98A1000D8A2C /* OnBoardingViews */,
				E2FE1396271B675E005E2BB9 /* LogInViews */,
			);
			path = Views;
			sourceTree = "<group>";
		};
		E2F8AA6126F947CA00CC7A72 /* ViewModels */ = {
			isa = PBXGroup;
			children = (
				E27AC5482720CB5400EB50F7 /* PhotoModel.swift */,
				E291A1EB26FF5BF8000D8A2C /* OTPViewModel.swift */,
				E283678026FAB85400EEA049 /* OnboardingModel.swift */,
				1B72A54F2707274A0074F144 /* ProfileViewModel.swift */,
				E2BE415B283AA7AB00AD42CE /* ProfileViewModelFlask.swift */,
				E2347139271DC5640006F336 /* TopPicksProfiles.swift */,
				E273C317273E9CBE00AA3359 /* AdminAuthenticationViewModel.swift */,
				1B6273CF274B82FD00590DD1 /* FilterModel.swift */,
				1B1D3227274E36E50096B40B /* CardProfileModel.swift */,
				E205F6782764351700196A06 /* ReceivedGivenEliteModel.swift */,
				E205F67C2766A3D600196A06 /* FetchDataModel.swift */,
				E2D0F00D27727FA7003EDA83 /* ReportAcitivityModel.swift */,
				1BB36D3127ACE91A00F4029C /* MainMessagesViewModel.swift */,
				1BB36D3B27AE302200F4029C /* ChatModel.swift */,
				E2A9610227CC89FF009108F0 /* StoreManager.swift */,
			);
			path = ViewModels;
			sourceTree = "<group>";
		};
		E2F8AA6426F9488300CC7A72 /* Utilities */ = {
			isa = PBXGroup;
			children = (
				E2F8AA6526F948BD00CC7A72 /* Fonts.swift */,
				1B58A44E27144FA800565429 /* UIImageExtension.swift */,
				1B58A4502715E35300565429 /* ImageServices.swift */,
				E234712F271C972F0006F336 /* LoadingScreen.swift */,
				E2851CAF2727580B005B19E1 /* EditProfileUtil.swift */,
				1B96B73E272A95840009683A /* OptionalExtension.swift */,
				E2DBC026272B3BC0000630F5 /* SFSafariViewWrapper.swift */,
				1B6273CB27450D9E00590DD1 /* CustomViewModifiers.swift */,
				E22D5561275532B800852D70 /* ColorExtension.swift */,
				1B39493327D2DAF300793431 /* HideKeyboardExtension.swift */,
				1B39493527D3263100793431 /* CustomScrollView.swift */,
				1B5D5E0327E98D3B007D4767 /* ViewExtensions.swift */,
				1B64588A285300BD00D5AD6E /* TextEditorWithPlaceholder.swift */,
				1BA0A67328592C510032DE4E /* ReverseScrollView.swift */,
			);
			path = Utilities;
			sourceTree = "<group>";
		};
		E2FE1396271B675E005E2BB9 /* LogInViews */ = {
			isa = PBXGroup;
			children = (
				E2FE1397271B67E4005E2BB9 /* LogInButtonSheet.swift */,
				E291A1E426FE3711000D8A2C /* LoginPhoneNumber.swift */,
				E291A1E626FE8FE6000D8A2C /* LoginOTPKeyCodeParent.swift */,
				E291A1ED26FF5C06000D8A2C /* LoginOTPKeyCodeChild.swift */,
			);
			path = LogInViews;
			sourceTree = "<group>";
		};
/* End PBXGroup section */

/* Begin PBXNativeTarget section */
		E2F8AA4C26F9427F00CC7A72 /* Amore */ = {
			isa = PBXNativeTarget;
			buildConfigurationList = E2F8AA5C26F9428100CC7A72 /* Build configuration list for PBXNativeTarget "Amore" */;
			buildPhases = (
				FE00DC5B4C29B71A28A20053 /* [CP] Check Pods Manifest.lock */,
				E2F8AA4926F9427F00CC7A72 /* Sources */,
				E2F8AA4A26F9427F00CC7A72 /* Frameworks */,
				E2F8AA4B26F9427F00CC7A72 /* Resources */,
				E237CEE626FD531F004F20AB /* Embed Frameworks */,
				A9479CF1E6D7593E8F3E0764 /* [CP] Embed Pods Frameworks */,
			);
			buildRules = (
			);
			dependencies = (
			);
			name = Amore;
			packageProductDependencies = (
				E27AC5432720C9BA00EB50F7 /* iPhoneNumberField */,
				E27AC5462720CA0A00EB50F7 /* JWTKit */,
				E23BAA982741D8A700F619D6 /* WrappingStack */,
			);
			productName = Amore;
			productReference = E2F8AA4D26F9427F00CC7A72 /* Amore.app */;
			productType = "com.apple.product-type.application";
		};
/* End PBXNativeTarget section */

/* Begin PBXProject section */
		E2F8AA4526F9427F00CC7A72 /* Project object */ = {
			isa = PBXProject;
			attributes = {
				LastSwiftUpdateCheck = 1250;
				LastUpgradeCheck = 1250;
				TargetAttributes = {
					E2F8AA4C26F9427F00CC7A72 = {
						CreatedOnToolsVersion = 12.5.1;
					};
				};
			};
			buildConfigurationList = E2F8AA4826F9427F00CC7A72 /* Build configuration list for PBXProject "Amore" */;
			compatibilityVersion = "Xcode 9.3";
			developmentRegion = en;
			hasScannedForEncodings = 0;
			knownRegions = (
				en,
				Base,
			);
			mainGroup = E2F8AA4426F9427F00CC7A72;
			packageReferences = (
				E27AC5422720C9BA00EB50F7 /* XCRemoteSwiftPackageReference "iPhoneNumberField" */,
				E27AC5452720CA0A00EB50F7 /* XCRemoteSwiftPackageReference "jwt-kit" */,
				E23BAA972741D8A700F619D6 /* XCRemoteSwiftPackageReference "swiftui-wrapping-stack" */,
			);
			productRefGroup = E2F8AA4E26F9427F00CC7A72 /* Products */;
			projectDirPath = "";
			projectRoot = "";
			targets = (
				E2F8AA4C26F9427F00CC7A72 /* Amore */,
			);
		};
/* End PBXProject section */

/* Begin PBXResourcesBuildPhase section */
		E2F8AA4B26F9427F00CC7A72 /* Resources */ = {
			isa = PBXResourcesBuildPhase;
			buildActionMask = 2147483647;
			files = (
				E26B4A962868B9FB0020C81D /* radiate.riv in Resources */,
				E283677C26FAA7B700EEA049 /* Onboarding.json in Resources */,
				E283677726F9534200EEA049 /* Sk-Modernist-Regular.otf in Resources */,
				E2F8AA5826F9428100CC7A72 /* Preview Assets.xcassets in Resources */,
				E2D00E0C286647460037DC07 /* button.riv in Resources */,
				E283677526F9534200EEA049 /* Sk-Modernist-Bold.otf in Resources */,
				E283677626F9534200EEA049 /* Sk-Modernist-Mono.otf in Resources */,
				E275356328662AD800F04BD3 /* shapes.riv in Resources */,
				E2F8AA5526F9428100CC7A72 /* Assets.xcassets in Resources */,
				1B374DDB2701D5F300DFE639 /* GoogleService-Info.plist in Resources */,
			);
			runOnlyForDeploymentPostprocessing = 0;
		};
/* End PBXResourcesBuildPhase section */

/* Begin PBXShellScriptBuildPhase section */
		A9479CF1E6D7593E8F3E0764 /* [CP] Embed Pods Frameworks */ = {
			isa = PBXShellScriptBuildPhase;
			buildActionMask = 2147483647;
			files = (
			);
			inputFileListPaths = (
				"${PODS_ROOT}/Target Support Files/Pods-Amore/Pods-Amore-frameworks-${CONFIGURATION}-input-files.xcfilelist",
			);
			name = "[CP] Embed Pods Frameworks";
			outputFileListPaths = (
				"${PODS_ROOT}/Target Support Files/Pods-Amore/Pods-Amore-frameworks-${CONFIGURATION}-output-files.xcfilelist",
			);
			runOnlyForDeploymentPostprocessing = 0;
			shellPath = /bin/sh;
			shellScript = "\"${PODS_ROOT}/Target Support Files/Pods-Amore/Pods-Amore-frameworks.sh\"\n";
			showEnvVarsInLog = 0;
		};
		FE00DC5B4C29B71A28A20053 /* [CP] Check Pods Manifest.lock */ = {
			isa = PBXShellScriptBuildPhase;
			buildActionMask = 2147483647;
			files = (
			);
			inputFileListPaths = (
			);
			inputPaths = (
				"${PODS_PODFILE_DIR_PATH}/Podfile.lock",
				"${PODS_ROOT}/Manifest.lock",
			);
			name = "[CP] Check Pods Manifest.lock";
			outputFileListPaths = (
			);
			outputPaths = (
				"$(DERIVED_FILE_DIR)/Pods-Amore-checkManifestLockResult.txt",
			);
			runOnlyForDeploymentPostprocessing = 0;
			shellPath = /bin/sh;
			shellScript = "diff \"${PODS_PODFILE_DIR_PATH}/Podfile.lock\" \"${PODS_ROOT}/Manifest.lock\" > /dev/null\nif [ $? != 0 ] ; then\n    # print error to STDERR\n    echo \"error: The sandbox is not in sync with the Podfile.lock. Run 'pod install' or update your CocoaPods installation.\" >&2\n    exit 1\nfi\n# This output is used by Xcode 'outputs' to avoid re-running this script phase.\necho \"SUCCESS\" > \"${SCRIPT_OUTPUT_FILE_0}\"\n";
			showEnvVarsInLog = 0;
		};
/* End PBXShellScriptBuildPhase section */

/* Begin PBXSourcesBuildPhase section */
		E2F8AA4926F9427F00CC7A72 /* Sources */ = {
			isa = PBXSourcesBuildPhase;
			buildActionMask = 2147483647;
			files = (
				E29B293D27234B8900C38035 /* UserSafetyView.swift in Sources */,
				E283677F26FAB79800EEA049 /* Onboarding.swift in Sources */,
				E268A468274601830045F264 /* UserHeight.swift in Sources */,
				E2FE1395271B661C005E2BB9 /* OnboardingAllCards.swift in Sources */,
				E2DBC02D272D8845000630F5 /* UserSnapDetails.swift in Sources */,
				E29B29392722B09400C38035 /* UserEditProfile.swift in Sources */,
				1B38DFC227B8C1A0009B905F /* ChatBubble.swift in Sources */,
				E22D5562275532B800852D70 /* ColorExtension.swift in Sources */,
				E25D15A128675FE8001330DB /* CustomButton.swift in Sources */,
				1BF29D2D2732714E00455A2F /* UploadWindowsGroup.swift in Sources */,
				1BB36D3C27AE302200F4029C /* ChatModel.swift in Sources */,
				E273C31E274170D200AA3359 /* ProfileBioHeadline.swift in Sources */,
				E25B7494280CAAC700C87855 /* PaymentComplete.swift in Sources */,
				E2347142271F4B970006F336 /* GenderSettings.swift in Sources */,
				E22D555E27540D5700852D70 /* ServerErrorView.swift in Sources */,
				E283677926FAA08B00EEA049 /* OnboardingCards.swift in Sources */,
				E2A960FD27C1F280009108F0 /* AmoreGold.swift in Sources */,
				E27AC54B2720CB6200EB50F7 /* Photo.swift in Sources */,
				1B58A4512715E35300565429 /* ImageServices.swift in Sources */,
				E2FE1398271B67E4005E2BB9 /* LogInButtonSheet.swift in Sources */,
				E298BA142713A85500C82174 /* ControlCenter.swift in Sources */,
				E226CF422707D78C00FC5129 /* LocationHomeView.swift in Sources */,
				E2F8AA6626F948BD00CC7A72 /* Fonts.swift in Sources */,
				1BBB485427035B2F004D42A3 /* HomeView.swift in Sources */,
				E283678126FAB85400EEA049 /* OnboardingModel.swift in Sources */,
				E2A94C6A276BA9660069F814 /* ReportingIssuesList.swift in Sources */,
				E2E0176F277A859C00527E24 /* LikesTopPicksButtons.swift in Sources */,
				E221EAAD2714F84F00769234 /* Helper.swift in Sources */,
				E273C31C27415FEA00AA3359 /* CardImages.swift in Sources */,
				E268A46A274603CD0045F264 /* Completed.swift in Sources */,
				E2DBC027272B3BC0000630F5 /* SFSafariViewWrapper.swift in Sources */,
				1B6AB336271DBE9600A45A82 /* (null) in Sources */,
				E298BA0E2713350900C82174 /* CardBasicInfo.swift in Sources */,
				E221EAB12714FD0700769234 /* LikesTopPicksHome.swift in Sources */,
				1B9848B7270C96DA00C2F98D /* ProfileCore+CoreDataClass.swift in Sources */,
				E29B293F272461F400C38035 /* SubscriptionDetails.swift in Sources */,
				E226CF442708ADAE00FC5129 /* LocationDenied.swift in Sources */,
				1B374DE027020BB700DFE639 /* FirebaseServices.swift in Sources */,
				1B6273CA274509D400590DD1 /* ProfileImageView.swift in Sources */,
				1B6273CE274B7B9A00590DD1 /* Filters.swift in Sources */,
				E2DBC02B272CA85D000630F5 /* MyAmore.swift in Sources */,
				E291A1EC26FF5BF8000D8A2C /* OTPViewModel.swift in Sources */,
				1BFCBAE32721BD260002BA67 /* RaisedInFilter.swift in Sources */,
				E295F37B274877840003A1E1 /* NoPhotoProvided.swift in Sources */,
				1B39493627D3263100793431 /* CustomScrollView.swift in Sources */,
				1BC8BE092705CC5E00F0137E /* ShowMe.swift in Sources */,
				1BF55ECD272025CC0027F78F /* (null) in Sources */,
				E226CF4A2709F76800FC5129 /* AddPhotosView.swift in Sources */,
				E2D0F00E27727FA8003EDA83 /* ReportAcitivityModel.swift in Sources */,
				E20CFEEE2875044D00EF7EB1 /* TabModel.swift in Sources */,
				E22D55642755828400852D70 /* WorkAndSchool.swift in Sources */,
				E29B293B27234B6B00C38035 /* UserSettingView.swift in Sources */,
				E27CCEB627E44130006278EB /* IAPFirebaseModel.swift in Sources */,
				E273C318273E9CBE00AA3359 /* AdminAuthenticationViewModel.swift in Sources */,
				E2347134271DC4C30006F336 /* CardDetail.swift in Sources */,
				E2DBC02F272D8E06000630F5 /* SettingEditProfileSafety.swift in Sources */,
				E22328D32755A726000ABBA6 /* UserOtherInformation.swift in Sources */,
				E221EAAF2714FBDA00769234 /* UserProfile.swift in Sources */,
				E226CF472708C8D500FC5129 /* EnableNotifications.swift in Sources */,
				E226CF4E2709FD9A00FC5129 /* ImagePicker.swift in Sources */,
				E205F67D2766A3D600196A06 /* FetchDataModel.swift in Sources */,
				1B6273D0274B82FD00590DD1 /* FilterModel.swift in Sources */,
				1BC8BE0A2705CC5E00F0137E /* IAmA.swift in Sources */,
				E226CF97270BA7C700FC5129 /* Item+CoreDataProperties.swift in Sources */,
				E2851CAE272711C5005B19E1 /* PreviewProfile.swift in Sources */,
				1BC8BE072705CC5E00F0137E /* AddSchool.swift in Sources */,
				E291A1E526FE3711000D8A2C /* LoginPhoneNumber.swift in Sources */,
				E2F8AA5326F9427F00CC7A72 /* ContentView.swift in Sources */,
				E2D0F00C276E9BB3003EDA83 /* TextSlider.swift in Sources */,
				E221EAAB2714F79A00769234 /* ViewRouter.swift in Sources */,
				E291A1EE26FF5C06000D8A2C /* LoginOTPKeyCodeChild.swift in Sources */,
				1B39493427D2DAF300793431 /* HideKeyboardExtension.swift in Sources */,
				1B72A5502707274A0074F144 /* ProfileViewModel.swift in Sources */,
				E273C31A2740740A00AA3359 /* LikeDislikeButtons.swift in Sources */,
				E2347122271BE10E0006F336 /* Credentials.swift in Sources */,
				1BC8BE082705CC5E00F0137E /* SexualOrientation.swift in Sources */,
				E23BAA9B2741DF1300F619D6 /* ChildCardView.swift in Sources */,
				1B96B73D272A850D0009683A /* UserProfileBasicInfo.swift in Sources */,
				E291A1E726FE8FE6000D8A2C /* LoginOTPKeyCodeParent.swift in Sources */,
				1B5D5E0427E98D3B007D4767 /* ViewExtensions.swift in Sources */,
				E268A46C2747DB9A0045F264 /* CardProfiles.swift in Sources */,
				E25B0F3C285FB14800411BDA /* BoostUserProfile.swift in Sources */,
				E2347140271F4B5E0006F336 /* CommonContainer.swift in Sources */,
				1BFCBADE2721B9B60002BA67 /* CareerFilter.swift in Sources */,
				E2851CB227277A6B005B19E1 /* DeleteProfileButton.swift in Sources */,
				E24A0F1827125727001640CA /* SingleCardView.swift in Sources */,
				E2BE415C283AA7AC00AD42CE /* ProfileViewModelFlask.swift in Sources */,
				E226CF93270B910900FC5129 /* AmoreCoreDataModel.xcdatamodeld in Sources */,
				E221EAB32715066000769234 /* FilterSettings.swift in Sources */,
				E226CF77270B3FEA00FC5129 /* Persistence.swift in Sources */,
				E2530F5A277CB0760040CAB2 /* RadiusFilter.swift in Sources */,
				E268A462274340790045F264 /* MoreInfoForBetterMatch.swift in Sources */,
				1B1D3228274E36E50096B40B /* CardProfileModel.swift in Sources */,
				E29B2941272637B400C38035 /* EditCardInfo.swift in Sources */,
				1BB36D3A27ADBD3000F4029C /* AllConversationsView.swift in Sources */,
				1BB36D3227ACE91A00F4029C /* MainMessagesViewModel.swift in Sources */,
				1BB36D3827ADBC1C00F4029C /* customNavBar.swift in Sources */,
				E2A960FB27C1F268009108F0 /* AmorePlatinum.swift in Sources */,
				1BF55ECB272025860027F78F /* (null) in Sources */,
				E2D0F01027738C51003EDA83 /* AgeSettings.swift in Sources */,
				E2347130271C972F0006F336 /* LoadingScreen.swift in Sources */,
				1B96B73F272A95840009683A /* OptionalExtension.swift in Sources */,
				1BB36D3027ACE88200F4029C /* ChatUser.swift in Sources */,
				E205F6792764351700196A06 /* ReceivedGivenEliteModel.swift in Sources */,
				E2F8AA5126F9427F00CC7A72 /* AmoreApp.swift in Sources */,
				E2A94C68276B93090069F814 /* ButtonIcon.swift in Sources */,
				E25D15A528676155001330DB /* CustomFont.swift in Sources */,
				E2851CB427277D7A005B19E1 /* ContactSupport.swift in Sources */,
				1BC8BE0C2705CC5E00F0137E /* Passions.swift in Sources */,
				E2A9610327CC89FF009108F0 /* StoreManager.swift in Sources */,
				E268A4662745E6520045F264 /* QuestionaireTemplate.swift in Sources */,
				E237CED926FD391D004F20AB /* SignUp.swift in Sources */,
				E2E0176D277A804300527E24 /* TopPicksChild.swift in Sources */,
				1BB36D3427ADB9DC00F4029C /* ConversationView.swift in Sources */,
				1BC8BE0E2705CD7C00F0137E /* Profile.swift in Sources */,
				1BDABE8D27AF7D6000772D6A /* ChatConversation.swift in Sources */,
				E2DBC038272DFC9C000630F5 /* MyAmoreCard.swift in Sources */,
				1B4ED878270F345E00290FFF /* CardPassions.swift in Sources */,
				E291A1F226FF98B3000D8A2C /* BasicUserInfoForm.swift in Sources */,
				E226CF96270BA7C700FC5129 /* Item+CoreDataClass.swift in Sources */,
				1B7C1D69284B0F8B0020A874 /* DirectMessageCardView.swift in Sources */,
				E234713A271DC5640006F336 /* TopPicksProfiles.swift in Sources */,
				1B72A54E270724F10074F144 /* FirestoreServices.swift in Sources */,
				1B6273CC27450D9E00590DD1 /* CustomViewModifiers.swift in Sources */,
				1BFCBADC2721AA830002BA67 /* CommunityFilter.swift in Sources */,
				1B9848B8270C96DA00C2F98D /* ProfileCore+CoreDataProperties.swift in Sources */,
				E2DBFE27275EC05200250686 /* RequestData.swift in Sources */,
				E2A94C6C276CF7BC0069F814 /* RadioButton.swift in Sources */,
				E23BAA962741BB7B00F619D6 /* NameAgeDistance.swift in Sources */,
				1B64588B285300BD00D5AD6E /* TextEditorWithPlaceholder.swift in Sources */,
				E268A4642745D6140045F264 /* IntroductionForMoreInfo.swift in Sources */,
				E2A960FF27C345D6009108F0 /* SubsriptionItemPricing.swift in Sources */,
				E2851CB02727580C005B19E1 /* EditProfileUtil.swift in Sources */,
				E226CF50270A178600FC5129 /* UploadPhotoWindow.swift in Sources */,
				E25D15A32867613F001330DB /* Extensions.swift in Sources */,
				1B58A44F27144FA800565429 /* UIImageExtension.swift in Sources */,
				1BFCBAE12721BBCA0002BA67 /* EducationFilter.swift in Sources */,
				1B4ED87D270F345E00290FFF /* LikeDislikeSuperLike.swift in Sources */,
				E24A0F16271256C4001640CA /* AllCardsView.swift in Sources */,
				1BC8BE0B2705CC5E00F0137E /* AddWork.swift in Sources */,
				E2FE49BE275177C500744930 /* DeckCards.swift in Sources */,
				E2C59093270CA225001F78E7 /* ImageCropper.swift in Sources */,
				E2347132271DC3A00006F336 /* TabButtonMenu.swift in Sources */,
				E226CF402707B19800FC5129 /* LocationView.swift in Sources */,
				1BA0A67428592C510032DE4E /* ReverseScrollView.swift in Sources */,
				E27AC5492720CB5400EB50F7 /* PhotoModel.swift in Sources */,
				E2DBC025272B3621000630F5 /* ContactCommunityLegal.swift in Sources */,
				E2347136271DC4E50006F336 /* MiniCardView.swift in Sources */,
				1BB36D2E27ACE6EA00F4029C /* MainMessageView.swift in Sources */,
				E283678426FAB8C800EEA049 /* DataService.swift in Sources */,
				1BB36D3E27AE744800F4029C /* ChatText.swift in Sources */,
				E27AC54D2721237500EB50F7 /* ReligionSettings.swift in Sources */,
			);
			runOnlyForDeploymentPostprocessing = 0;
		};
/* End PBXSourcesBuildPhase section */

/* Begin XCBuildConfiguration section */
		E2F8AA5A26F9428100CC7A72 /* Debug */ = {
			isa = XCBuildConfiguration;
			buildSettings = {
				ALWAYS_SEARCH_USER_PATHS = NO;
				CLANG_ANALYZER_NONNULL = YES;
				CLANG_ANALYZER_NUMBER_OBJECT_CONVERSION = YES_AGGRESSIVE;
				CLANG_CXX_LANGUAGE_STANDARD = "gnu++14";
				CLANG_CXX_LIBRARY = "libc++";
				CLANG_ENABLE_MODULES = YES;
				CLANG_ENABLE_OBJC_ARC = YES;
				CLANG_ENABLE_OBJC_WEAK = YES;
				CLANG_WARN_BLOCK_CAPTURE_AUTORELEASING = YES;
				CLANG_WARN_BOOL_CONVERSION = YES;
				CLANG_WARN_COMMA = YES;
				CLANG_WARN_CONSTANT_CONVERSION = YES;
				CLANG_WARN_DEPRECATED_OBJC_IMPLEMENTATIONS = YES;
				CLANG_WARN_DIRECT_OBJC_ISA_USAGE = YES_ERROR;
				CLANG_WARN_DOCUMENTATION_COMMENTS = YES;
				CLANG_WARN_EMPTY_BODY = YES;
				CLANG_WARN_ENUM_CONVERSION = YES;
				CLANG_WARN_INFINITE_RECURSION = YES;
				CLANG_WARN_INT_CONVERSION = YES;
				CLANG_WARN_NON_LITERAL_NULL_CONVERSION = YES;
				CLANG_WARN_OBJC_IMPLICIT_RETAIN_SELF = YES;
				CLANG_WARN_OBJC_LITERAL_CONVERSION = YES;
				CLANG_WARN_OBJC_ROOT_CLASS = YES_ERROR;
				CLANG_WARN_QUOTED_INCLUDE_IN_FRAMEWORK_HEADER = YES;
				CLANG_WARN_RANGE_LOOP_ANALYSIS = YES;
				CLANG_WARN_STRICT_PROTOTYPES = YES;
				CLANG_WARN_SUSPICIOUS_MOVE = YES;
				CLANG_WARN_UNGUARDED_AVAILABILITY = YES_AGGRESSIVE;
				CLANG_WARN_UNREACHABLE_CODE = YES;
				CLANG_WARN__DUPLICATE_METHOD_MATCH = YES;
				COPY_PHASE_STRIP = NO;
				DEBUG_INFORMATION_FORMAT = dwarf;
				ENABLE_STRICT_OBJC_MSGSEND = YES;
				ENABLE_TESTABILITY = YES;
				GCC_C_LANGUAGE_STANDARD = gnu11;
				GCC_DYNAMIC_NO_PIC = NO;
				GCC_NO_COMMON_BLOCKS = YES;
				GCC_OPTIMIZATION_LEVEL = 0;
				GCC_PREPROCESSOR_DEFINITIONS = (
					"DEBUG=1",
					"$(inherited)",
				);
				GCC_WARN_64_TO_32_BIT_CONVERSION = YES;
				GCC_WARN_ABOUT_RETURN_TYPE = YES_ERROR;
				GCC_WARN_UNDECLARED_SELECTOR = YES;
				GCC_WARN_UNINITIALIZED_AUTOS = YES_AGGRESSIVE;
				GCC_WARN_UNUSED_FUNCTION = YES;
				GCC_WARN_UNUSED_VARIABLE = YES;
				IPHONEOS_DEPLOYMENT_TARGET = 14.5;
				MTL_ENABLE_DEBUG_INFO = INCLUDE_SOURCE;
				MTL_FAST_MATH = YES;
				ONLY_ACTIVE_ARCH = YES;
				SDKROOT = iphoneos;
				SWIFT_ACTIVE_COMPILATION_CONDITIONS = DEBUG;
				SWIFT_OPTIMIZATION_LEVEL = "-Onone";
			};
			name = Debug;
		};
		E2F8AA5B26F9428100CC7A72 /* Release */ = {
			isa = XCBuildConfiguration;
			buildSettings = {
				ALWAYS_SEARCH_USER_PATHS = NO;
				CLANG_ANALYZER_NONNULL = YES;
				CLANG_ANALYZER_NUMBER_OBJECT_CONVERSION = YES_AGGRESSIVE;
				CLANG_CXX_LANGUAGE_STANDARD = "gnu++14";
				CLANG_CXX_LIBRARY = "libc++";
				CLANG_ENABLE_MODULES = YES;
				CLANG_ENABLE_OBJC_ARC = YES;
				CLANG_ENABLE_OBJC_WEAK = YES;
				CLANG_WARN_BLOCK_CAPTURE_AUTORELEASING = YES;
				CLANG_WARN_BOOL_CONVERSION = YES;
				CLANG_WARN_COMMA = YES;
				CLANG_WARN_CONSTANT_CONVERSION = YES;
				CLANG_WARN_DEPRECATED_OBJC_IMPLEMENTATIONS = YES;
				CLANG_WARN_DIRECT_OBJC_ISA_USAGE = YES_ERROR;
				CLANG_WARN_DOCUMENTATION_COMMENTS = YES;
				CLANG_WARN_EMPTY_BODY = YES;
				CLANG_WARN_ENUM_CONVERSION = YES;
				CLANG_WARN_INFINITE_RECURSION = YES;
				CLANG_WARN_INT_CONVERSION = YES;
				CLANG_WARN_NON_LITERAL_NULL_CONVERSION = YES;
				CLANG_WARN_OBJC_IMPLICIT_RETAIN_SELF = YES;
				CLANG_WARN_OBJC_LITERAL_CONVERSION = YES;
				CLANG_WARN_OBJC_ROOT_CLASS = YES_ERROR;
				CLANG_WARN_QUOTED_INCLUDE_IN_FRAMEWORK_HEADER = YES;
				CLANG_WARN_RANGE_LOOP_ANALYSIS = YES;
				CLANG_WARN_STRICT_PROTOTYPES = YES;
				CLANG_WARN_SUSPICIOUS_MOVE = YES;
				CLANG_WARN_UNGUARDED_AVAILABILITY = YES_AGGRESSIVE;
				CLANG_WARN_UNREACHABLE_CODE = YES;
				CLANG_WARN__DUPLICATE_METHOD_MATCH = YES;
				COPY_PHASE_STRIP = NO;
				DEBUG_INFORMATION_FORMAT = "dwarf-with-dsym";
				ENABLE_NS_ASSERTIONS = NO;
				ENABLE_STRICT_OBJC_MSGSEND = YES;
				GCC_C_LANGUAGE_STANDARD = gnu11;
				GCC_NO_COMMON_BLOCKS = YES;
				GCC_WARN_64_TO_32_BIT_CONVERSION = YES;
				GCC_WARN_ABOUT_RETURN_TYPE = YES_ERROR;
				GCC_WARN_UNDECLARED_SELECTOR = YES;
				GCC_WARN_UNINITIALIZED_AUTOS = YES_AGGRESSIVE;
				GCC_WARN_UNUSED_FUNCTION = YES;
				GCC_WARN_UNUSED_VARIABLE = YES;
				IPHONEOS_DEPLOYMENT_TARGET = 14.5;
				MTL_ENABLE_DEBUG_INFO = NO;
				MTL_FAST_MATH = YES;
				SDKROOT = iphoneos;
				SWIFT_COMPILATION_MODE = wholemodule;
				SWIFT_OPTIMIZATION_LEVEL = "-O";
				VALIDATE_PRODUCT = YES;
			};
			name = Release;
		};
		E2F8AA5D26F9428100CC7A72 /* Debug */ = {
			isa = XCBuildConfiguration;
			baseConfigurationReference = D57268028368768172EC4C62 /* Pods-Amore.debug.xcconfig */;
			buildSettings = {
				ASSETCATALOG_COMPILER_APPICON_NAME = AppIcon;
				ASSETCATALOG_COMPILER_GLOBAL_ACCENT_COLOR_NAME = AccentColor;
				CODE_SIGN_ENTITLEMENTS = Amore/AmoreDebug.entitlements;
				CODE_SIGN_STYLE = Automatic;
				DEVELOPMENT_ASSET_PATHS = "\"Amore/Preview Content\"";
				DEVELOPMENT_TEAM = 292QG86ZUY;
				ENABLE_PREVIEWS = YES;
				INFOPLIST_FILE = Amore/Info.plist;
				IPHONEOS_DEPLOYMENT_TARGET = 14.0;
				LD_RUNPATH_SEARCH_PATHS = (
					"$(inherited)",
					"@executable_path/Frameworks",
				);
				PRODUCT_BUNDLE_IDENTIFIER = None.Amore;
				PRODUCT_NAME = "$(TARGET_NAME)";
				SWIFT_VERSION = 5.0;
				TARGETED_DEVICE_FAMILY = "1,2";
			};
			name = Debug;
		};
		E2F8AA5E26F9428100CC7A72 /* Release */ = {
			isa = XCBuildConfiguration;
			baseConfigurationReference = 70E3F776CBF90AA220142739 /* Pods-Amore.release.xcconfig */;
			buildSettings = {
				ASSETCATALOG_COMPILER_APPICON_NAME = AppIcon;
				ASSETCATALOG_COMPILER_GLOBAL_ACCENT_COLOR_NAME = AccentColor;
				CODE_SIGN_ENTITLEMENTS = Amore/Amore.entitlements;
				CODE_SIGN_STYLE = Automatic;
				DEVELOPMENT_ASSET_PATHS = "\"Amore/Preview Content\"";
				DEVELOPMENT_TEAM = 292QG86ZUY;
				ENABLE_PREVIEWS = YES;
				INFOPLIST_FILE = Amore/Info.plist;
				IPHONEOS_DEPLOYMENT_TARGET = 14.0;
				LD_RUNPATH_SEARCH_PATHS = (
					"$(inherited)",
					"@executable_path/Frameworks",
				);
				PRODUCT_BUNDLE_IDENTIFIER = None.Amore;
				PRODUCT_NAME = "$(TARGET_NAME)";
				SWIFT_VERSION = 5.0;
				TARGETED_DEVICE_FAMILY = "1,2";
			};
			name = Release;
		};
/* End XCBuildConfiguration section */

/* Begin XCConfigurationList section */
		E2F8AA4826F9427F00CC7A72 /* Build configuration list for PBXProject "Amore" */ = {
			isa = XCConfigurationList;
			buildConfigurations = (
				E2F8AA5A26F9428100CC7A72 /* Debug */,
				E2F8AA5B26F9428100CC7A72 /* Release */,
			);
			defaultConfigurationIsVisible = 0;
			defaultConfigurationName = Release;
		};
		E2F8AA5C26F9428100CC7A72 /* Build configuration list for PBXNativeTarget "Amore" */ = {
			isa = XCConfigurationList;
			buildConfigurations = (
				E2F8AA5D26F9428100CC7A72 /* Debug */,
				E2F8AA5E26F9428100CC7A72 /* Release */,
			);
			defaultConfigurationIsVisible = 0;
			defaultConfigurationName = Release;
		};
/* End XCConfigurationList section */

/* Begin XCRemoteSwiftPackageReference section */
		E23BAA972741D8A700F619D6 /* XCRemoteSwiftPackageReference "swiftui-wrapping-stack" */ = {
			isa = XCRemoteSwiftPackageReference;
			repositoryURL = "https://github.com/diniska/swiftui-wrapping-stack";
			requirement = {
				kind = upToNextMajorVersion;
				minimumVersion = 1.0.0;
			};
		};
		E27AC5422720C9BA00EB50F7 /* XCRemoteSwiftPackageReference "iPhoneNumberField" */ = {
			isa = XCRemoteSwiftPackageReference;
			repositoryURL = "https://github.com/MojtabaHs/iPhoneNumberField.git";
			requirement = {
				branch = master;
				kind = branch;
			};
		};
		E27AC5452720CA0A00EB50F7 /* XCRemoteSwiftPackageReference "jwt-kit" */ = {
			isa = XCRemoteSwiftPackageReference;
			repositoryURL = "https://github.com/vapor/jwt-kit";
			requirement = {
				branch = main;
				kind = branch;
			};
		};
/* End XCRemoteSwiftPackageReference section */

/* Begin XCSwiftPackageProductDependency section */
		E23BAA982741D8A700F619D6 /* WrappingStack */ = {
			isa = XCSwiftPackageProductDependency;
			package = E23BAA972741D8A700F619D6 /* XCRemoteSwiftPackageReference "swiftui-wrapping-stack" */;
			productName = WrappingStack;
		};
		E27AC5432720C9BA00EB50F7 /* iPhoneNumberField */ = {
			isa = XCSwiftPackageProductDependency;
			package = E27AC5422720C9BA00EB50F7 /* XCRemoteSwiftPackageReference "iPhoneNumberField" */;
			productName = iPhoneNumberField;
		};
		E27AC5462720CA0A00EB50F7 /* JWTKit */ = {
			isa = XCSwiftPackageProductDependency;
			package = E27AC5452720CA0A00EB50F7 /* XCRemoteSwiftPackageReference "jwt-kit" */;
			productName = JWTKit;
		};
/* End XCSwiftPackageProductDependency section */

/* Begin XCVersionGroup section */
		E226CF7C270B596F00FC5129 /* AmoreCoreDataModel.xcdatamodeld */ = {
			isa = XCVersionGroup;
			children = (
				E226CF7D270B596F00FC5129 /* AmoreCoreDataModel.xcdatamodel */,
			);
			currentVersion = E226CF7D270B596F00FC5129 /* AmoreCoreDataModel.xcdatamodel */;
			path = AmoreCoreDataModel.xcdatamodeld;
			sourceTree = "<group>";
			versionGroupType = wrapper.xcdatamodel;
		};
/* End XCVersionGroup section */
	};
	rootObject = E2F8AA4526F9427F00CC7A72 /* Project object */;
}
