{
  "object": {
    "pins": [
      {
        "package": "iPhoneNumberField",
        "repositoryURL": "https://github.com/MojtabaHs/iPhoneNumberField.git",
        "state": {
          "branch": "master",
          "revision": "86d9267ee7e443d32d5309d47263b691fe1450d0",
          "version": null
        }
      },
      {
        "package": "jwt-kit",
        "repositoryURL": "https://github.com/vapor/jwt-kit",
        "state": {
          "branch": "main",
          "revision": "ca2edf69a613f3d89354114f56cfd9921d2727d5",
          "version": null
        }
      },
      {
        "package": "PhoneNumberKit",
        "repositoryURL": "https://github.com/marmelroy/PhoneNumberKit",
        "state": {
          "branch": null,
          "revision": "1ef0431b971f69c48ca5eb4cdba07f2c5da54c35",
          "version": "3.3.3"
        }
      },
      {
        "package": "swift-crypto",
        "repositoryURL": "https://github.com/apple/swift-crypto.git",
        "state": {
          "branch": null,
          "revision": "127d3745c37b5705e4bc8d16c7951c48dcc3332c",
          "version": "2.0.0"
        }
      }
    ]
  },
  "version": 1
}
